// !$*UTF8*$!
{
	archiveVersion = 1;
	classes = {
	};
	objectVersion = 60;
	objects = {

/* Begin PBXBuildFile section */
		07183EAC2AB857C6006C92AD /* AllKontestsViewModelTests.swift in Sources */ = {isa = PBXBuildFile; fileRef = 07183EAB2AB857C6006C92AD /* AllKontestsViewModelTests.swift */; };
		07183EB22AB8587A006C92AD /* MockNotificationsViewModel.swift in Sources */ = {isa = PBXBuildFile; fileRef = 07183EB12AB8587A006C92AD /* MockNotificationsViewModel.swift */; };
		07183EB42AB858AE006C92AD /* MockFilterWebsitesViewModel.swift in Sources */ = {isa = PBXBuildFile; fileRef = 07183EB32AB858AE006C92AD /* MockFilterWebsitesViewModel.swift */; };
		07183EB72AB8752D006C92AD /* CalendarUtilityTests.swift in Sources */ = {isa = PBXBuildFile; fileRef = 07183EB62AB8752D006C92AD /* CalendarUtilityTests.swift */; };
		071915642AB1695E00E1CB56 /* NetworkMonitor.swift in Sources */ = {isa = PBXBuildFile; fileRef = 071915632AB1695E00E1CB56 /* NetworkMonitor.swift */; };
		071915672AB169D300E1CB56 /* NoInternetScreen.swift in Sources */ = {isa = PBXBuildFile; fileRef = 071915662AB169D300E1CB56 /* NoInternetScreen.swift */; };
		073269E82AAC42350028476D /* FilterWebsitesView.swift in Sources */ = {isa = PBXBuildFile; fileRef = 073269E72AAC42350028476D /* FilterWebsitesView.swift */; };
		073269EC2AAC451B0028476D /* FilterWebsitesScreen.swift in Sources */ = {isa = PBXBuildFile; fileRef = 073269EB2AAC451B0028476D /* FilterWebsitesScreen.swift */; };
		073269EF2AAC4B0C0028476D /* ChangeUsernameScreen.swift in Sources */ = {isa = PBXBuildFile; fileRef = 073269EE2AAC4B0C0028476D /* ChangeUsernameScreen.swift */; };
		074DD4522AA61570005C16A5 /* AppError.swift in Sources */ = {isa = PBXBuildFile; fileRef = 074DD4512AA61570005C16A5 /* AppError.swift */; };
		07567EA52AB645E9007EFEE1 /* AddToCalendarIntent.swift in Sources */ = {isa = PBXBuildFile; fileRef = 0784292D2AB5EF660078D836 /* AddToCalendarIntent.swift */; };
		076134CF2AA86AC300946B02 /* KontestDetailViewModel.swift in Sources */ = {isa = PBXBuildFile; fileRef = 076134CE2AA86AC300946B02 /* KontestDetailViewModel.swift */; };
		0764FF7D2ABC717E0060AC1F /* WidgetKit.framework in Frameworks */ = {isa = PBXBuildFile; fileRef = 07CFEBA32AB02DCB00291484 /* WidgetKit.framework */; };
		0764FF7E2ABC717E0060AC1F /* SwiftUI.framework in Frameworks */ = {isa = PBXBuildFile; fileRef = 07CFEBA52AB02DCB00291484 /* SwiftUI.framework */; };
		0764FF812ABC717E0060AC1F /* Upcoming_Kontest_iOS_WidgetBundle.swift in Sources */ = {isa = PBXBuildFile; fileRef = 0764FF802ABC717E0060AC1F /* Upcoming_Kontest_iOS_WidgetBundle.swift */; };
		0764FF832ABC717E0060AC1F /* Upcoming_Kontest_iOS_Widget.swift in Sources */ = {isa = PBXBuildFile; fileRef = 0764FF822ABC717E0060AC1F /* Upcoming_Kontest_iOS_Widget.swift */; };
		0764FF852ABC717F0060AC1F /* Assets.xcassets in Resources */ = {isa = PBXBuildFile; fileRef = 0764FF842ABC717F0060AC1F /* Assets.xcassets */; };
		0764FF892ABC717F0060AC1F /* Upcoming Kontest iOS WidgetExtension.appex in Embed Foundation Extensions */ = {isa = PBXBuildFile; fileRef = 0764FF7C2ABC717E0060AC1F /* Upcoming Kontest iOS WidgetExtension.appex */; platformFilter = ios; settings = {ATTRIBUTES = (RemoveHeadersOnCopy, ); }; };
		0764FF8E2ABC71FE0060AC1F /* KontestModel.swift in Sources */ = {isa = PBXBuildFile; fileRef = 07ECFB522AA58259008513C6 /* KontestModel.swift */; };
		0764FF8F2ABC72070060AC1F /* KontestDTO.swift in Sources */ = {isa = PBXBuildFile; fileRef = 07ECFB742AA58259008513C6 /* KontestDTO.swift */; };
		0764FF902ABC720E0060AC1F /* Constants.swift in Sources */ = {isa = PBXBuildFile; fileRef = 07ECFB652AA58259008513C6 /* Constants.swift */; };
		0764FF912ABC72180060AC1F /* CalendarUtility.swift in Sources */ = {isa = PBXBuildFile; fileRef = 07ECFB662AA58259008513C6 /* CalendarUtility.swift */; };
		0764FF922ABC721E0060AC1F /* KontestStatus.swift in Sources */ = {isa = PBXBuildFile; fileRef = 07ECFB4D2AA58259008513C6 /* KontestStatus.swift */; };
		0764FF932ABC72230060AC1F /* AppError.swift in Sources */ = {isa = PBXBuildFile; fileRef = 074DD4512AA61570005C16A5 /* AppError.swift */; };
		0764FF952ABC72360060AC1F /* NetworkMonitor.swift in Sources */ = {isa = PBXBuildFile; fileRef = 071915632AB1695E00E1CB56 /* NetworkMonitor.swift */; };
		0764FF962ABC72400060AC1F /* GetKontests.swift in Sources */ = {isa = PBXBuildFile; fileRef = 07CFEC0C2AB0435200291484 /* GetKontests.swift */; };
		0764FF972ABC72460060AC1F /* FilterWebsitesViewModel.swift in Sources */ = {isa = PBXBuildFile; fileRef = 07A31F012AAC831300EBC296 /* FilterWebsitesViewModel.swift */; };
		0764FF982ABC724A0060AC1F /* FilterWebsitesViewModelProtocol.swift in Sources */ = {isa = PBXBuildFile; fileRef = 07FD85AC2AB809BC00D26C4C /* FilterWebsitesViewModelProtocol.swift */; };
		0764FF992ABC724E0060AC1F /* FilterWebsiteKey.swift in Sources */ = {isa = PBXBuildFile; fileRef = 07A31EFF2AAC818D00EBC296 /* FilterWebsiteKey.swift */; };
		0764FF9A2ABC72540060AC1F /* KontestRepository.swift in Sources */ = {isa = PBXBuildFile; fileRef = 07ECFB462AA58259008513C6 /* KontestRepository.swift */; };
		0764FF9B2ABC72590060AC1F /* DownloadData.swift in Sources */ = {isa = PBXBuildFile; fileRef = 07ECFB6B2AA58259008513C6 /* DownloadData.swift */; };
		0764FF9C2ABC725B0060AC1F /* KontestFetcher.swift in Sources */ = {isa = PBXBuildFile; fileRef = 07ECFB792AA58259008513C6 /* KontestFetcher.swift */; };
		0764FF9D2ABC72650060AC1F /* UpcomingWidgetView.swift in Sources */ = {isa = PBXBuildFile; fileRef = 07CFEC042AB042F500291484 /* UpcomingWidgetView.swift */; };
		0764FF9E2ABC726F0060AC1F /* AddToCalendarIntent.swift in Sources */ = {isa = PBXBuildFile; fileRef = 0784292D2AB5EF660078D836 /* AddToCalendarIntent.swift */; };
		0764FFA02ABC72870060AC1F /* Apollo in Frameworks */ = {isa = PBXBuildFile; productRef = 0764FF9F2ABC72870060AC1F /* Apollo */; };
		0764FFA22ABC72BF0060AC1F /* Assets.xcassets in Resources */ = {isa = PBXBuildFile; fileRef = 07ECFB402AA58259008513C6 /* Assets.xcassets */; };
		077E6EAD2AB4B1D10003E897 /* ErrorWrapper.swift in Sources */ = {isa = PBXBuildFile; fileRef = 077E6EAC2AB4B1D10003E897 /* ErrorWrapper.swift */; };
		077E6EAF2AB4B2120003E897 /* ErrorView.swift in Sources */ = {isa = PBXBuildFile; fileRef = 077E6EAE2AB4B2120003E897 /* ErrorView.swift */; };
		077E6EB12AB4B3220003E897 /* ErrorState.swift in Sources */ = {isa = PBXBuildFile; fileRef = 077E6EB02AB4B3220003E897 /* ErrorState.swift */; };
		079F68072ABC80C2001B0EFE /* WidgetKit.framework in Frameworks */ = {isa = PBXBuildFile; fileRef = 07CFEBA32AB02DCB00291484 /* WidgetKit.framework */; };
		079F68082ABC80C2001B0EFE /* SwiftUI.framework in Frameworks */ = {isa = PBXBuildFile; fileRef = 07CFEBA52AB02DCB00291484 /* SwiftUI.framework */; };
		079F680B2ABC80C2001B0EFE /* Upcoming_Kontest_macOS_WidgetBundle.swift in Sources */ = {isa = PBXBuildFile; fileRef = 079F680A2ABC80C2001B0EFE /* Upcoming_Kontest_macOS_WidgetBundle.swift */; };
		079F680D2ABC80C2001B0EFE /* Upcoming_Kontest_macOS_Widget.swift in Sources */ = {isa = PBXBuildFile; fileRef = 079F680C2ABC80C2001B0EFE /* Upcoming_Kontest_macOS_Widget.swift */; };
		079F680F2ABC80C2001B0EFE /* Assets.xcassets in Resources */ = {isa = PBXBuildFile; fileRef = 079F680E2ABC80C2001B0EFE /* Assets.xcassets */; };
		079F68142ABC80C2001B0EFE /* Upcoming Kontest macOS WidgetExtension.appex in Embed Foundation Extensions */ = {isa = PBXBuildFile; fileRef = 079F68062ABC80C2001B0EFE /* Upcoming Kontest macOS WidgetExtension.appex */; platformFilters = (macos, ); settings = {ATTRIBUTES = (RemoveHeadersOnCopy, ); }; };
		079F68182ABC812B001B0EFE /* Assets.xcassets in Resources */ = {isa = PBXBuildFile; fileRef = 07ECFB402AA58259008513C6 /* Assets.xcassets */; };
		079F68192ABC8135001B0EFE /* CalendarUtility.swift in Sources */ = {isa = PBXBuildFile; fileRef = 07ECFB662AA58259008513C6 /* CalendarUtility.swift */; };
		079F681A2ABC813B001B0EFE /* UpcomingWidgetView.swift in Sources */ = {isa = PBXBuildFile; fileRef = 07CFEC042AB042F500291484 /* UpcomingWidgetView.swift */; };
		079F681C2ABC8140001B0EFE /* KontestModel.swift in Sources */ = {isa = PBXBuildFile; fileRef = 07ECFB522AA58259008513C6 /* KontestModel.swift */; };
		079F681D2ABC814C001B0EFE /* KontestStatus.swift in Sources */ = {isa = PBXBuildFile; fileRef = 07ECFB4D2AA58259008513C6 /* KontestStatus.swift */; };
		079F681E2ABC8150001B0EFE /* AppError.swift in Sources */ = {isa = PBXBuildFile; fileRef = 074DD4512AA61570005C16A5 /* AppError.swift */; };
		079F681F2ABC8158001B0EFE /* NetworkMonitor.swift in Sources */ = {isa = PBXBuildFile; fileRef = 071915632AB1695E00E1CB56 /* NetworkMonitor.swift */; };
		079F68202ABC815D001B0EFE /* GetKontests.swift in Sources */ = {isa = PBXBuildFile; fileRef = 07CFEC0C2AB0435200291484 /* GetKontests.swift */; };
		079F68212ABC8161001B0EFE /* FilterWebsiteKey.swift in Sources */ = {isa = PBXBuildFile; fileRef = 07A31EFF2AAC818D00EBC296 /* FilterWebsiteKey.swift */; };
		079F68222ABC8168001B0EFE /* FilterWebsitesViewModel.swift in Sources */ = {isa = PBXBuildFile; fileRef = 07A31F012AAC831300EBC296 /* FilterWebsitesViewModel.swift */; };
		079F68232ABC816B001B0EFE /* FilterWebsitesViewModelProtocol.swift in Sources */ = {isa = PBXBuildFile; fileRef = 07FD85AC2AB809BC00D26C4C /* FilterWebsitesViewModelProtocol.swift */; };
		079F68242ABC8172001B0EFE /* Constants.swift in Sources */ = {isa = PBXBuildFile; fileRef = 07ECFB652AA58259008513C6 /* Constants.swift */; };
		079F68252ABC817A001B0EFE /* KontestDTO.swift in Sources */ = {isa = PBXBuildFile; fileRef = 07ECFB742AA58259008513C6 /* KontestDTO.swift */; };
		079F68262ABC818A001B0EFE /* KontestRepository.swift in Sources */ = {isa = PBXBuildFile; fileRef = 07ECFB462AA58259008513C6 /* KontestRepository.swift */; };
		079F68272ABC818E001B0EFE /* AddToCalendarIntent.swift in Sources */ = {isa = PBXBuildFile; fileRef = 0784292D2AB5EF660078D836 /* AddToCalendarIntent.swift */; };
		079F68292ABC819A001B0EFE /* Apollo in Frameworks */ = {isa = PBXBuildFile; productRef = 079F68282ABC819A001B0EFE /* Apollo */; };
		079F682A2ABC81A5001B0EFE /* KontestFetcher.swift in Sources */ = {isa = PBXBuildFile; fileRef = 07ECFB792AA58259008513C6 /* KontestFetcher.swift */; };
		079F682B2ABC81AD001B0EFE /* DownloadData.swift in Sources */ = {isa = PBXBuildFile; fileRef = 07ECFB6B2AA58259008513C6 /* DownloadData.swift */; };
		07A31F002AAC818D00EBC296 /* FilterWebsiteKey.swift in Sources */ = {isa = PBXBuildFile; fileRef = 07A31EFF2AAC818D00EBC296 /* FilterWebsiteKey.swift */; };
		07A31F022AAC831300EBC296 /* FilterWebsitesViewModel.swift in Sources */ = {isa = PBXBuildFile; fileRef = 07A31F012AAC831300EBC296 /* FilterWebsitesViewModel.swift */; };
		07A750202AB23CA000FC72A5 /* NoKontestsDueToFiltersScreen.swift in Sources */ = {isa = PBXBuildFile; fileRef = 07A7501F2AB23CA000FC72A5 /* NoKontestsDueToFiltersScreen.swift */; };
		07ECFB802AA58259008513C6 /* README.md in Resources */ = {isa = PBXBuildFile; fileRef = 07ECFB352AA58259008513C6 /* README.md */; };
		07ECFB812AA58259008513C6 /* ChangeUsernameViewModel.swift in Sources */ = {isa = PBXBuildFile; fileRef = 07ECFB382AA58259008513C6 /* ChangeUsernameViewModel.swift */; };
		07ECFB822AA58259008513C6 /* LeetCodeGraphQLViewModel.swift in Sources */ = {isa = PBXBuildFile; fileRef = 07ECFB392AA58259008513C6 /* LeetCodeGraphQLViewModel.swift */; };
		07ECFB832AA58259008513C6 /* AllKontestsViewModel.swift in Sources */ = {isa = PBXBuildFile; fileRef = 07ECFB3A2AA58259008513C6 /* AllKontestsViewModel.swift */; };
		07ECFB842AA58259008513C6 /* CodeChefViewModel.swift in Sources */ = {isa = PBXBuildFile; fileRef = 07ECFB3B2AA58259008513C6 /* CodeChefViewModel.swift */; };
		07ECFB852AA58259008513C6 /* CodeForcesViewModel.swift in Sources */ = {isa = PBXBuildFile; fileRef = 07ECFB3C2AA58259008513C6 /* CodeForcesViewModel.swift */; };
		07ECFB862AA58259008513C6 /* NotificationsViewModel.swift in Sources */ = {isa = PBXBuildFile; fileRef = 07ECFB3D2AA58259008513C6 /* NotificationsViewModel.swift */; };
		07ECFB882AA58259008513C6 /* KontestApp.swift in Sources */ = {isa = PBXBuildFile; fileRef = 07ECFB3F2AA58259008513C6 /* KontestApp.swift */; };
		07ECFB892AA58259008513C6 /* Assets.xcassets in Resources */ = {isa = PBXBuildFile; fileRef = 07ECFB402AA58259008513C6 /* Assets.xcassets */; };
		07ECFB8A2AA58259008513C6 /* CodeChefAPIRepository.swift in Sources */ = {isa = PBXBuildFile; fileRef = 07ECFB432AA58259008513C6 /* CodeChefAPIRepository.swift */; };
		07ECFB8B2AA58259008513C6 /* AllKontestsFakeRepository.swift in Sources */ = {isa = PBXBuildFile; fileRef = 07ECFB452AA58259008513C6 /* AllKontestsFakeRepository.swift */; };
		07ECFB8C2AA58259008513C6 /* KontestRepository.swift in Sources */ = {isa = PBXBuildFile; fileRef = 07ECFB462AA58259008513C6 /* KontestRepository.swift */; };
		07ECFB8D2AA58259008513C6 /* LeetCodeAPIGraphQLRepository.swift in Sources */ = {isa = PBXBuildFile; fileRef = 07ECFB482AA58259008513C6 /* LeetCodeAPIGraphQLRepository.swift */; };
		07ECFB8F2AA58259008513C6 /* CodeForcesAPIRepository.swift in Sources */ = {isa = PBXBuildFile; fileRef = 07ECFB4B2AA58259008513C6 /* CodeForcesAPIRepository.swift */; };
		07ECFB902AA58259008513C6 /* KontestStatus.swift in Sources */ = {isa = PBXBuildFile; fileRef = 07ECFB4D2AA58259008513C6 /* KontestStatus.swift */; };
		07ECFB912AA58259008513C6 /* CodeForcesUserRatingAPIModel.swift in Sources */ = {isa = PBXBuildFile; fileRef = 07ECFB4E2AA58259008513C6 /* CodeForcesUserRatingAPIModel.swift */; };
		07ECFB922AA58259008513C6 /* CodeForcesUserInfoAPIModel.swift in Sources */ = {isa = PBXBuildFile; fileRef = 07ECFB4F2AA58259008513C6 /* CodeForcesUserInfoAPIModel.swift */; };
		07ECFB942AA58259008513C6 /* CodeChefAPIModel.swift in Sources */ = {isa = PBXBuildFile; fileRef = 07ECFB512AA58259008513C6 /* CodeChefAPIModel.swift */; };
		07ECFB952AA58259008513C6 /* KontestModel.swift in Sources */ = {isa = PBXBuildFile; fileRef = 07ECFB522AA58259008513C6 /* KontestModel.swift */; };
		07ECFB962AA58259008513C6 /* Preview Assets.xcassets in Resources */ = {isa = PBXBuildFile; fileRef = 07ECFB542AA58259008513C6 /* Preview Assets.xcassets */; };
		07ECFB972AA58259008513C6 /* CodeChefView.swift in Sources */ = {isa = PBXBuildFile; fileRef = 07ECFB562AA58259008513C6 /* CodeChefView.swift */; };
		07ECFB982AA58259008513C6 /* SettingsScreen.swift in Sources */ = {isa = PBXBuildFile; fileRef = 07ECFB572AA58259008513C6 /* SettingsScreen.swift */; };
		07ECFB992AA58259008513C6 /* LeetCodeGraphQLView.swift in Sources */ = {isa = PBXBuildFile; fileRef = 07ECFB582AA58259008513C6 /* LeetCodeGraphQLView.swift */; };
		07ECFB9A2AA58259008513C6 /* RatingsView.swift in Sources */ = {isa = PBXBuildFile; fileRef = 07ECFB592AA58259008513C6 /* RatingsView.swift */; };
		07ECFB9B2AA58259008513C6 /* NoKontestsDownloadedScreen.swift in Sources */ = {isa = PBXBuildFile; fileRef = 07ECFB5A2AA58259008513C6 /* NoKontestsDownloadedScreen.swift */; };
		07ECFB9C2AA58259008513C6 /* AllKontestsScreen.swift in Sources */ = {isa = PBXBuildFile; fileRef = 07ECFB5B2AA58259008513C6 /* AllKontestsScreen.swift */; };
		07ECFB9E2AA58259008513C6 /* BlinkingDotView.swift in Sources */ = {isa = PBXBuildFile; fileRef = 07ECFB5D2AA58259008513C6 /* BlinkingDotView.swift */; };
		07ECFB9F2AA58259008513C6 /* CodeForcesView.swift in Sources */ = {isa = PBXBuildFile; fileRef = 07ECFB5E2AA58259008513C6 /* CodeForcesView.swift */; };
		07ECFBA02AA58259008513C6 /* KontestDetailsScreen.swift in Sources */ = {isa = PBXBuildFile; fileRef = 07ECFB5F2AA58259008513C6 /* KontestDetailsScreen.swift */; };
		07ECFBA12AA58259008513C6 /* SingleNotificationMenu.swift in Sources */ = {isa = PBXBuildFile; fileRef = 07ECFB602AA58259008513C6 /* SingleNotificationMenu.swift */; };
		07ECFBA22AA58259008513C6 /* SingleKontestView.swift in Sources */ = {isa = PBXBuildFile; fileRef = 07ECFB612AA58259008513C6 /* SingleKontestView.swift */; };
		07ECFBA32AA58259008513C6 /* PendingNotificationsScreen.swift in Sources */ = {isa = PBXBuildFile; fileRef = 07ECFB622AA58259008513C6 /* PendingNotificationsScreen.swift */; };
		07ECFBA42AA58259008513C6 /* AllNotificationMenu.swift in Sources */ = {isa = PBXBuildFile; fileRef = 07ECFB632AA58259008513C6 /* AllNotificationMenu.swift */; };
		07ECFBA52AA58259008513C6 /* Constants.swift in Sources */ = {isa = PBXBuildFile; fileRef = 07ECFB652AA58259008513C6 /* Constants.swift */; };
		07ECFBA62AA58259008513C6 /* CalendarUtility.swift in Sources */ = {isa = PBXBuildFile; fileRef = 07ECFB662AA58259008513C6 /* CalendarUtility.swift */; };
		07ECFBA72AA58259008513C6 /* ClipboardUtility.swift in Sources */ = {isa = PBXBuildFile; fileRef = 07ECFB672AA58259008513C6 /* ClipboardUtility.swift */; };
		07ECFBA82AA58259008513C6 /* LocalNotificationManager.swift in Sources */ = {isa = PBXBuildFile; fileRef = 07ECFB682AA58259008513C6 /* LocalNotificationManager.swift */; };
		07ECFBA92AA58259008513C6 /* Screen.swift in Sources */ = {isa = PBXBuildFile; fileRef = 07ECFB692AA58259008513C6 /* Screen.swift */; };
		07ECFBAA2AA58259008513C6 /* Router.swift in Sources */ = {isa = PBXBuildFile; fileRef = 07ECFB6A2AA58259008513C6 /* Router.swift */; };
		07ECFBAB2AA58259008513C6 /* DownloadData.swift in Sources */ = {isa = PBXBuildFile; fileRef = 07ECFB6B2AA58259008513C6 /* DownloadData.swift */; };
		07ECFBAC2AA58259008513C6 /* FontUtility.swift in Sources */ = {isa = PBXBuildFile; fileRef = 07ECFB6C2AA58259008513C6 /* FontUtility.swift */; };
		07ECFBAD2AA58259008513C6 /* MyMenu.swift in Sources */ = {isa = PBXBuildFile; fileRef = 07ECFB6D2AA58259008513C6 /* MyMenu.swift */; };
		07ECFBAE2AA58259008513C6 /* CodeForcesUserInfoAPIDTO.swift in Sources */ = {isa = PBXBuildFile; fileRef = 07ECFB6F2AA58259008513C6 /* CodeForcesUserInfoAPIDTO.swift */; };
		07ECFBAF2AA58259008513C6 /* CodeChefAPIDTO.swift in Sources */ = {isa = PBXBuildFile; fileRef = 07ECFB702AA58259008513C6 /* CodeChefAPIDTO.swift */; };
		07ECFBB02AA58259008513C6 /* CodeForcesUserRatingAPIDTO.swift in Sources */ = {isa = PBXBuildFile; fileRef = 07ECFB712AA58259008513C6 /* CodeForcesUserRatingAPIDTO.swift */; };
		07ECFBB22AA58259008513C6 /* LeetCodeUserProfileGraphQLAPIDTO.swift in Sources */ = {isa = PBXBuildFile; fileRef = 07ECFB732AA58259008513C6 /* LeetCodeUserProfileGraphQLAPIDTO.swift */; };
		07ECFBB32AA58259008513C6 /* KontestDTO.swift in Sources */ = {isa = PBXBuildFile; fileRef = 07ECFB742AA58259008513C6 /* KontestDTO.swift */; };
		07ECFBB42AA58259008513C6 /* schema.graphqls in Resources */ = {isa = PBXBuildFile; fileRef = 07ECFB762AA58259008513C6 /* schema.graphqls */; };
		07ECFBB52AA58259008513C6 /* queries.graphql in Resources */ = {isa = PBXBuildFile; fileRef = 07ECFB772AA58259008513C6 /* queries.graphql */; };
		07ECFBB62AA58259008513C6 /* KontestFetcher.swift in Sources */ = {isa = PBXBuildFile; fileRef = 07ECFB792AA58259008513C6 /* KontestFetcher.swift */; };
		07ECFBB72AA58259008513C6 /* CodeChefFetcher.swift in Sources */ = {isa = PBXBuildFile; fileRef = 07ECFB7A2AA58259008513C6 /* CodeChefFetcher.swift */; };
		07ECFBB82AA58259008513C6 /* CodeForcesFetcher.swift in Sources */ = {isa = PBXBuildFile; fileRef = 07ECFB7B2AA58259008513C6 /* CodeForcesFetcher.swift */; };
		07ECFBBA2AA58259008513C6 /* LeetCodeGraphQLAPIFetcher.swift in Sources */ = {isa = PBXBuildFile; fileRef = 07ECFB7D2AA58259008513C6 /* LeetCodeGraphQLAPIFetcher.swift */; };
		07ECFBBC2AA58259008513C6 /* apollo-codegen-config.json in Resources */ = {isa = PBXBuildFile; fileRef = 07ECFB7F2AA58259008513C6 /* apollo-codegen-config.json */; };
		07ECFBBF2AA582D2008513C6 /* Apollo in Frameworks */ = {isa = PBXBuildFile; productRef = 07ECFBBE2AA582D2008513C6 /* Apollo */; };
		07ECFBC22AA582E3008513C6 /* LeetCodeSchema in Frameworks */ = {isa = PBXBuildFile; productRef = 07ECFBC12AA582E3008513C6 /* LeetCodeSchema */; };
		07ECFBC42AA583A8008513C6 /* LeetCodeUserProfileGraphQLAPIModel.swift in Sources */ = {isa = PBXBuildFile; fileRef = 07ECFBC32AA583A8008513C6 /* LeetCodeUserProfileGraphQLAPIModel.swift */; };
		07ECFBC62AA59349008513C6 /* LeetCodeUserRankingsGraphQLAPIModel.swift in Sources */ = {isa = PBXBuildFile; fileRef = 07ECFBC52AA59349008513C6 /* LeetCodeUserRankingsGraphQLAPIModel.swift */; };
		07ECFBC82AA5D93B008513C6 /* LeetCodeUserRankingsGraphQLAPIDTO.swift in Sources */ = {isa = PBXBuildFile; fileRef = 07ECFBC72AA5D93B008513C6 /* LeetCodeUserRankingsGraphQLAPIDTO.swift */; };
		07FD85A92AB78D5600D26C4C /* Dependencies.swift in Sources */ = {isa = PBXBuildFile; fileRef = 07FD85A82AB78D5600D26C4C /* Dependencies.swift */; };
		07FD85AB2AB804FA00D26C4C /* NotificationsViewModelProtocol.swift in Sources */ = {isa = PBXBuildFile; fileRef = 07FD85AA2AB804FA00D26C4C /* NotificationsViewModelProtocol.swift */; };
		07FD85AD2AB809BC00D26C4C /* FilterWebsitesViewModelProtocol.swift in Sources */ = {isa = PBXBuildFile; fileRef = 07FD85AC2AB809BC00D26C4C /* FilterWebsitesViewModelProtocol.swift */; };
/* End PBXBuildFile section */

/* Begin PBXContainerItemProxy section */
		07183EA62AB85633006C92AD /* PBXContainerItemProxy */ = {
			isa = PBXContainerItemProxy;
			containerPortal = 0760164D2A87CD52007CE9F5 /* Project object */;
			proxyType = 1;
			remoteGlobalIDString = 076016542A87CD52007CE9F5;
			remoteInfo = Kontest;
		};
		0764FF872ABC717F0060AC1F /* PBXContainerItemProxy */ = {
			isa = PBXContainerItemProxy;
			containerPortal = 0760164D2A87CD52007CE9F5 /* Project object */;
			proxyType = 1;
			remoteGlobalIDString = 0764FF7B2ABC717E0060AC1F;
			remoteInfo = "Upcoming Kontest iOS WidgetExtension";
		};
		079F68122ABC80C2001B0EFE /* PBXContainerItemProxy */ = {
			isa = PBXContainerItemProxy;
			containerPortal = 0760164D2A87CD52007CE9F5 /* Project object */;
			proxyType = 1;
			remoteGlobalIDString = 079F68052ABC80C2001B0EFE;
			remoteInfo = "Upcoming Kontest macOS WidgetExtension";
		};
/* End PBXContainerItemProxy section */

/* Begin PBXCopyFilesBuildPhase section */
		07CFEBB22AB02DCC00291484 /* Embed Foundation Extensions */ = {
			isa = PBXCopyFilesBuildPhase;
			buildActionMask = 2147483647;
			dstPath = "";
			dstSubfolderSpec = 13;
			files = (
				0764FF892ABC717F0060AC1F /* Upcoming Kontest iOS WidgetExtension.appex in Embed Foundation Extensions */,
				079F68142ABC80C2001B0EFE /* Upcoming Kontest macOS WidgetExtension.appex in Embed Foundation Extensions */,
			);
			name = "Embed Foundation Extensions";
			runOnlyForDeploymentPostprocessing = 0;
		};
/* End PBXCopyFilesBuildPhase section */

/* Begin PBXFileReference section */
		07183EA22AB85633006C92AD /* KontestTests.xctest */ = {isa = PBXFileReference; explicitFileType = wrapper.cfbundle; includeInIndex = 0; path = KontestTests.xctest; sourceTree = BUILT_PRODUCTS_DIR; };
		07183EAB2AB857C6006C92AD /* AllKontestsViewModelTests.swift */ = {isa = PBXFileReference; lastKnownFileType = sourcecode.swift; path = AllKontestsViewModelTests.swift; sourceTree = "<group>"; };
		07183EB12AB8587A006C92AD /* MockNotificationsViewModel.swift */ = {isa = PBXFileReference; lastKnownFileType = sourcecode.swift; path = MockNotificationsViewModel.swift; sourceTree = "<group>"; };
		07183EB32AB858AE006C92AD /* MockFilterWebsitesViewModel.swift */ = {isa = PBXFileReference; lastKnownFileType = sourcecode.swift; path = MockFilterWebsitesViewModel.swift; sourceTree = "<group>"; };
		07183EB52AB86A53006C92AD /* KontestTestPlan.xctestplan */ = {isa = PBXFileReference; lastKnownFileType = text; path = KontestTestPlan.xctestplan; sourceTree = "<group>"; };
		07183EB62AB8752D006C92AD /* CalendarUtilityTests.swift */ = {isa = PBXFileReference; lastKnownFileType = sourcecode.swift; path = CalendarUtilityTests.swift; sourceTree = "<group>"; };
		071915632AB1695E00E1CB56 /* NetworkMonitor.swift */ = {isa = PBXFileReference; lastKnownFileType = sourcecode.swift; path = NetworkMonitor.swift; sourceTree = "<group>"; };
		071915662AB169D300E1CB56 /* NoInternetScreen.swift */ = {isa = PBXFileReference; lastKnownFileType = sourcecode.swift; path = NoInternetScreen.swift; sourceTree = "<group>"; };
		073269E72AAC42350028476D /* FilterWebsitesView.swift */ = {isa = PBXFileReference; lastKnownFileType = sourcecode.swift; path = FilterWebsitesView.swift; sourceTree = "<group>"; };
		073269EB2AAC451B0028476D /* FilterWebsitesScreen.swift */ = {isa = PBXFileReference; lastKnownFileType = sourcecode.swift; path = FilterWebsitesScreen.swift; sourceTree = "<group>"; };
		073269EE2AAC4B0C0028476D /* ChangeUsernameScreen.swift */ = {isa = PBXFileReference; lastKnownFileType = sourcecode.swift; path = ChangeUsernameScreen.swift; sourceTree = "<group>"; };
		074DD4512AA61570005C16A5 /* AppError.swift */ = {isa = PBXFileReference; lastKnownFileType = sourcecode.swift; path = AppError.swift; sourceTree = "<group>"; };
		076016552A87CD52007CE9F5 /* Kontest.app */ = {isa = PBXFileReference; explicitFileType = wrapper.application; includeInIndex = 0; path = Kontest.app; sourceTree = BUILT_PRODUCTS_DIR; };
		076134CE2AA86AC300946B02 /* KontestDetailViewModel.swift */ = {isa = PBXFileReference; lastKnownFileType = sourcecode.swift; path = KontestDetailViewModel.swift; sourceTree = "<group>"; };
		0764FF7C2ABC717E0060AC1F /* Upcoming Kontest iOS WidgetExtension.appex */ = {isa = PBXFileReference; explicitFileType = "wrapper.app-extension"; includeInIndex = 0; path = "Upcoming Kontest iOS WidgetExtension.appex"; sourceTree = BUILT_PRODUCTS_DIR; };
		0764FF802ABC717E0060AC1F /* Upcoming_Kontest_iOS_WidgetBundle.swift */ = {isa = PBXFileReference; lastKnownFileType = sourcecode.swift; path = Upcoming_Kontest_iOS_WidgetBundle.swift; sourceTree = "<group>"; };
		0764FF822ABC717E0060AC1F /* Upcoming_Kontest_iOS_Widget.swift */ = {isa = PBXFileReference; lastKnownFileType = sourcecode.swift; path = Upcoming_Kontest_iOS_Widget.swift; sourceTree = "<group>"; };
		0764FF842ABC717F0060AC1F /* Assets.xcassets */ = {isa = PBXFileReference; lastKnownFileType = folder.assetcatalog; path = Assets.xcassets; sourceTree = "<group>"; };
		0764FF862ABC717F0060AC1F /* Info.plist */ = {isa = PBXFileReference; lastKnownFileType = text.plist.xml; path = Info.plist; sourceTree = "<group>"; };
		0764FF8D2ABC71D40060AC1F /* Upcoming Kontest iOS WidgetExtension.entitlements */ = {isa = PBXFileReference; lastKnownFileType = text.plist.entitlements; path = "Upcoming Kontest iOS WidgetExtension.entitlements"; sourceTree = "<group>"; };
		07710E842AB46220008DE1D6 /* Info.plist */ = {isa = PBXFileReference; lastKnownFileType = text.plist; path = Info.plist; sourceTree = "<group>"; };
		077E6EAC2AB4B1D10003E897 /* ErrorWrapper.swift */ = {isa = PBXFileReference; lastKnownFileType = sourcecode.swift; path = ErrorWrapper.swift; sourceTree = "<group>"; };
		077E6EAE2AB4B2120003E897 /* ErrorView.swift */ = {isa = PBXFileReference; lastKnownFileType = sourcecode.swift; path = ErrorView.swift; sourceTree = "<group>"; };
		077E6EB02AB4B3220003E897 /* ErrorState.swift */ = {isa = PBXFileReference; lastKnownFileType = sourcecode.swift; path = ErrorState.swift; sourceTree = "<group>"; };
		0784292D2AB5EF660078D836 /* AddToCalendarIntent.swift */ = {isa = PBXFileReference; lastKnownFileType = sourcecode.swift; path = AddToCalendarIntent.swift; sourceTree = "<group>"; };
		078429312AB603FB0078D836 /* KontestWidgetModel.swift */ = {isa = PBXFileReference; lastKnownFileType = sourcecode.swift; path = KontestWidgetModel.swift; sourceTree = "<group>"; };
		079F68062ABC80C2001B0EFE /* Upcoming Kontest macOS WidgetExtension.appex */ = {isa = PBXFileReference; explicitFileType = "wrapper.app-extension"; includeInIndex = 0; path = "Upcoming Kontest macOS WidgetExtension.appex"; sourceTree = BUILT_PRODUCTS_DIR; };
		079F680A2ABC80C2001B0EFE /* Upcoming_Kontest_macOS_WidgetBundle.swift */ = {isa = PBXFileReference; lastKnownFileType = sourcecode.swift; path = Upcoming_Kontest_macOS_WidgetBundle.swift; sourceTree = "<group>"; };
		079F680C2ABC80C2001B0EFE /* Upcoming_Kontest_macOS_Widget.swift */ = {isa = PBXFileReference; lastKnownFileType = sourcecode.swift; path = Upcoming_Kontest_macOS_Widget.swift; sourceTree = "<group>"; };
		079F680E2ABC80C2001B0EFE /* Assets.xcassets */ = {isa = PBXFileReference; lastKnownFileType = folder.assetcatalog; path = Assets.xcassets; sourceTree = "<group>"; };
		079F68102ABC80C2001B0EFE /* Info.plist */ = {isa = PBXFileReference; lastKnownFileType = text.plist.xml; path = Info.plist; sourceTree = "<group>"; };
		079F68112ABC80C2001B0EFE /* Upcoming_Kontest_macOS_Widget.entitlements */ = {isa = PBXFileReference; lastKnownFileType = text.plist.entitlements; path = Upcoming_Kontest_macOS_Widget.entitlements; sourceTree = "<group>"; };
		07A31EFF2AAC818D00EBC296 /* FilterWebsiteKey.swift */ = {isa = PBXFileReference; lastKnownFileType = sourcecode.swift; path = FilterWebsiteKey.swift; sourceTree = "<group>"; };
		07A31F012AAC831300EBC296 /* FilterWebsitesViewModel.swift */ = {isa = PBXFileReference; lastKnownFileType = sourcecode.swift; path = FilterWebsitesViewModel.swift; sourceTree = "<group>"; };
		07A7501F2AB23CA000FC72A5 /* NoKontestsDueToFiltersScreen.swift */ = {isa = PBXFileReference; lastKnownFileType = sourcecode.swift; path = NoKontestsDueToFiltersScreen.swift; sourceTree = "<group>"; };
		07C6EE8F2ABAE38900FEA3D7 /* WidgetCache.swift */ = {isa = PBXFileReference; lastKnownFileType = sourcecode.swift; path = WidgetCache.swift; sourceTree = "<group>"; };
		07C6EE932ABAE4EF00FEA3D7 /* UpcomingKontestsWidgetCache.swift */ = {isa = PBXFileReference; lastKnownFileType = sourcecode.swift; path = UpcomingKontestsWidgetCache.swift; sourceTree = "<group>"; };
		07CFEBA32AB02DCB00291484 /* WidgetKit.framework */ = {isa = PBXFileReference; lastKnownFileType = wrapper.framework; name = WidgetKit.framework; path = System/Library/Frameworks/WidgetKit.framework; sourceTree = SDKROOT; };
		07CFEBA52AB02DCB00291484 /* SwiftUI.framework */ = {isa = PBXFileReference; lastKnownFileType = wrapper.framework; name = SwiftUI.framework; path = System/Library/Frameworks/SwiftUI.framework; sourceTree = SDKROOT; };
		07CFEC042AB042F500291484 /* UpcomingWidgetView.swift */ = {isa = PBXFileReference; lastKnownFileType = sourcecode.swift; path = UpcomingWidgetView.swift; sourceTree = "<group>"; };
		07CFEC0C2AB0435200291484 /* GetKontests.swift */ = {isa = PBXFileReference; lastKnownFileType = sourcecode.swift; path = GetKontests.swift; sourceTree = "<group>"; };
		07EA6F482AB6405A00CD932E /* Kontest.entitlements */ = {isa = PBXFileReference; lastKnownFileType = text.plist.entitlements; path = Kontest.entitlements; sourceTree = "<group>"; };
		07EA6F492AB6405F00CD932E /* Upcoming Kontests iOS WidgetExtension.entitlements */ = {isa = PBXFileReference; lastKnownFileType = text.plist.entitlements; path = "Upcoming Kontests iOS WidgetExtension.entitlements"; sourceTree = "<group>"; };
		07ECFB352AA58259008513C6 /* README.md */ = {isa = PBXFileReference; fileEncoding = 4; lastKnownFileType = net.daringfireball.markdown; path = README.md; sourceTree = "<group>"; };
		07ECFB382AA58259008513C6 /* ChangeUsernameViewModel.swift */ = {isa = PBXFileReference; fileEncoding = 4; lastKnownFileType = sourcecode.swift; path = ChangeUsernameViewModel.swift; sourceTree = "<group>"; };
		07ECFB392AA58259008513C6 /* LeetCodeGraphQLViewModel.swift */ = {isa = PBXFileReference; fileEncoding = 4; lastKnownFileType = sourcecode.swift; path = LeetCodeGraphQLViewModel.swift; sourceTree = "<group>"; };
		07ECFB3A2AA58259008513C6 /* AllKontestsViewModel.swift */ = {isa = PBXFileReference; fileEncoding = 4; lastKnownFileType = sourcecode.swift; path = AllKontestsViewModel.swift; sourceTree = "<group>"; };
		07ECFB3B2AA58259008513C6 /* CodeChefViewModel.swift */ = {isa = PBXFileReference; fileEncoding = 4; lastKnownFileType = sourcecode.swift; path = CodeChefViewModel.swift; sourceTree = "<group>"; };
		07ECFB3C2AA58259008513C6 /* CodeForcesViewModel.swift */ = {isa = PBXFileReference; fileEncoding = 4; lastKnownFileType = sourcecode.swift; path = CodeForcesViewModel.swift; sourceTree = "<group>"; };
		07ECFB3D2AA58259008513C6 /* NotificationsViewModel.swift */ = {isa = PBXFileReference; fileEncoding = 4; lastKnownFileType = sourcecode.swift; path = NotificationsViewModel.swift; sourceTree = "<group>"; };
		07ECFB3F2AA58259008513C6 /* KontestApp.swift */ = {isa = PBXFileReference; fileEncoding = 4; lastKnownFileType = sourcecode.swift; path = KontestApp.swift; sourceTree = "<group>"; };
		07ECFB402AA58259008513C6 /* Assets.xcassets */ = {isa = PBXFileReference; lastKnownFileType = folder.assetcatalog; path = Assets.xcassets; sourceTree = "<group>"; };
		07ECFB432AA58259008513C6 /* CodeChefAPIRepository.swift */ = {isa = PBXFileReference; fileEncoding = 4; lastKnownFileType = sourcecode.swift; path = CodeChefAPIRepository.swift; sourceTree = "<group>"; };
		07ECFB452AA58259008513C6 /* AllKontestsFakeRepository.swift */ = {isa = PBXFileReference; fileEncoding = 4; lastKnownFileType = sourcecode.swift; path = AllKontestsFakeRepository.swift; sourceTree = "<group>"; };
		07ECFB462AA58259008513C6 /* KontestRepository.swift */ = {isa = PBXFileReference; fileEncoding = 4; lastKnownFileType = sourcecode.swift; path = KontestRepository.swift; sourceTree = "<group>"; };
		07ECFB482AA58259008513C6 /* LeetCodeAPIGraphQLRepository.swift */ = {isa = PBXFileReference; fileEncoding = 4; lastKnownFileType = sourcecode.swift; path = LeetCodeAPIGraphQLRepository.swift; sourceTree = "<group>"; };
		07ECFB4B2AA58259008513C6 /* CodeForcesAPIRepository.swift */ = {isa = PBXFileReference; fileEncoding = 4; lastKnownFileType = sourcecode.swift; path = CodeForcesAPIRepository.swift; sourceTree = "<group>"; };
		07ECFB4D2AA58259008513C6 /* KontestStatus.swift */ = {isa = PBXFileReference; fileEncoding = 4; lastKnownFileType = sourcecode.swift; path = KontestStatus.swift; sourceTree = "<group>"; };
		07ECFB4E2AA58259008513C6 /* CodeForcesUserRatingAPIModel.swift */ = {isa = PBXFileReference; fileEncoding = 4; lastKnownFileType = sourcecode.swift; path = CodeForcesUserRatingAPIModel.swift; sourceTree = "<group>"; };
		07ECFB4F2AA58259008513C6 /* CodeForcesUserInfoAPIModel.swift */ = {isa = PBXFileReference; fileEncoding = 4; lastKnownFileType = sourcecode.swift; path = CodeForcesUserInfoAPIModel.swift; sourceTree = "<group>"; };
		07ECFB512AA58259008513C6 /* CodeChefAPIModel.swift */ = {isa = PBXFileReference; fileEncoding = 4; lastKnownFileType = sourcecode.swift; path = CodeChefAPIModel.swift; sourceTree = "<group>"; };
		07ECFB522AA58259008513C6 /* KontestModel.swift */ = {isa = PBXFileReference; fileEncoding = 4; lastKnownFileType = sourcecode.swift; path = KontestModel.swift; sourceTree = "<group>"; };
		07ECFB542AA58259008513C6 /* Preview Assets.xcassets */ = {isa = PBXFileReference; lastKnownFileType = folder.assetcatalog; path = "Preview Assets.xcassets"; sourceTree = "<group>"; };
		07ECFB562AA58259008513C6 /* CodeChefView.swift */ = {isa = PBXFileReference; fileEncoding = 4; lastKnownFileType = sourcecode.swift; path = CodeChefView.swift; sourceTree = "<group>"; };
		07ECFB572AA58259008513C6 /* SettingsScreen.swift */ = {isa = PBXFileReference; fileEncoding = 4; lastKnownFileType = sourcecode.swift; path = SettingsScreen.swift; sourceTree = "<group>"; };
		07ECFB582AA58259008513C6 /* LeetCodeGraphQLView.swift */ = {isa = PBXFileReference; fileEncoding = 4; lastKnownFileType = sourcecode.swift; path = LeetCodeGraphQLView.swift; sourceTree = "<group>"; };
		07ECFB592AA58259008513C6 /* RatingsView.swift */ = {isa = PBXFileReference; fileEncoding = 4; lastKnownFileType = sourcecode.swift; path = RatingsView.swift; sourceTree = "<group>"; };
		07ECFB5A2AA58259008513C6 /* NoKontestsDownloadedScreen.swift */ = {isa = PBXFileReference; fileEncoding = 4; lastKnownFileType = sourcecode.swift; path = NoKontestsDownloadedScreen.swift; sourceTree = "<group>"; };
		07ECFB5B2AA58259008513C6 /* AllKontestsScreen.swift */ = {isa = PBXFileReference; fileEncoding = 4; lastKnownFileType = sourcecode.swift; path = AllKontestsScreen.swift; sourceTree = "<group>"; };
		07ECFB5D2AA58259008513C6 /* BlinkingDotView.swift */ = {isa = PBXFileReference; fileEncoding = 4; lastKnownFileType = sourcecode.swift; path = BlinkingDotView.swift; sourceTree = "<group>"; };
		07ECFB5E2AA58259008513C6 /* CodeForcesView.swift */ = {isa = PBXFileReference; fileEncoding = 4; lastKnownFileType = sourcecode.swift; path = CodeForcesView.swift; sourceTree = "<group>"; };
		07ECFB5F2AA58259008513C6 /* KontestDetailsScreen.swift */ = {isa = PBXFileReference; fileEncoding = 4; lastKnownFileType = sourcecode.swift; path = KontestDetailsScreen.swift; sourceTree = "<group>"; };
		07ECFB602AA58259008513C6 /* SingleNotificationMenu.swift */ = {isa = PBXFileReference; fileEncoding = 4; lastKnownFileType = sourcecode.swift; path = SingleNotificationMenu.swift; sourceTree = "<group>"; };
		07ECFB612AA58259008513C6 /* SingleKontestView.swift */ = {isa = PBXFileReference; fileEncoding = 4; lastKnownFileType = sourcecode.swift; path = SingleKontestView.swift; sourceTree = "<group>"; };
		07ECFB622AA58259008513C6 /* PendingNotificationsScreen.swift */ = {isa = PBXFileReference; fileEncoding = 4; lastKnownFileType = sourcecode.swift; path = PendingNotificationsScreen.swift; sourceTree = "<group>"; };
		07ECFB632AA58259008513C6 /* AllNotificationMenu.swift */ = {isa = PBXFileReference; fileEncoding = 4; lastKnownFileType = sourcecode.swift; path = AllNotificationMenu.swift; sourceTree = "<group>"; };
		07ECFB652AA58259008513C6 /* Constants.swift */ = {isa = PBXFileReference; fileEncoding = 4; lastKnownFileType = sourcecode.swift; path = Constants.swift; sourceTree = "<group>"; };
		07ECFB662AA58259008513C6 /* CalendarUtility.swift */ = {isa = PBXFileReference; fileEncoding = 4; lastKnownFileType = sourcecode.swift; path = CalendarUtility.swift; sourceTree = "<group>"; };
		07ECFB672AA58259008513C6 /* ClipboardUtility.swift */ = {isa = PBXFileReference; fileEncoding = 4; lastKnownFileType = sourcecode.swift; path = ClipboardUtility.swift; sourceTree = "<group>"; };
		07ECFB682AA58259008513C6 /* LocalNotificationManager.swift */ = {isa = PBXFileReference; fileEncoding = 4; lastKnownFileType = sourcecode.swift; path = LocalNotificationManager.swift; sourceTree = "<group>"; };
		07ECFB692AA58259008513C6 /* Screen.swift */ = {isa = PBXFileReference; fileEncoding = 4; lastKnownFileType = sourcecode.swift; path = Screen.swift; sourceTree = "<group>"; };
		07ECFB6A2AA58259008513C6 /* Router.swift */ = {isa = PBXFileReference; fileEncoding = 4; lastKnownFileType = sourcecode.swift; path = Router.swift; sourceTree = "<group>"; };
		07ECFB6B2AA58259008513C6 /* DownloadData.swift */ = {isa = PBXFileReference; fileEncoding = 4; lastKnownFileType = sourcecode.swift; path = DownloadData.swift; sourceTree = "<group>"; };
		07ECFB6C2AA58259008513C6 /* FontUtility.swift */ = {isa = PBXFileReference; fileEncoding = 4; lastKnownFileType = sourcecode.swift; path = FontUtility.swift; sourceTree = "<group>"; };
		07ECFB6D2AA58259008513C6 /* MyMenu.swift */ = {isa = PBXFileReference; fileEncoding = 4; lastKnownFileType = sourcecode.swift; path = MyMenu.swift; sourceTree = "<group>"; };
		07ECFB6F2AA58259008513C6 /* CodeForcesUserInfoAPIDTO.swift */ = {isa = PBXFileReference; fileEncoding = 4; lastKnownFileType = sourcecode.swift; path = CodeForcesUserInfoAPIDTO.swift; sourceTree = "<group>"; };
		07ECFB702AA58259008513C6 /* CodeChefAPIDTO.swift */ = {isa = PBXFileReference; fileEncoding = 4; lastKnownFileType = sourcecode.swift; path = CodeChefAPIDTO.swift; sourceTree = "<group>"; };
		07ECFB712AA58259008513C6 /* CodeForcesUserRatingAPIDTO.swift */ = {isa = PBXFileReference; fileEncoding = 4; lastKnownFileType = sourcecode.swift; path = CodeForcesUserRatingAPIDTO.swift; sourceTree = "<group>"; };
		07ECFB732AA58259008513C6 /* LeetCodeUserProfileGraphQLAPIDTO.swift */ = {isa = PBXFileReference; fileEncoding = 4; lastKnownFileType = sourcecode.swift; path = LeetCodeUserProfileGraphQLAPIDTO.swift; sourceTree = "<group>"; };
		07ECFB742AA58259008513C6 /* KontestDTO.swift */ = {isa = PBXFileReference; fileEncoding = 4; lastKnownFileType = sourcecode.swift; path = KontestDTO.swift; sourceTree = "<group>"; };
		07ECFB762AA58259008513C6 /* schema.graphqls */ = {isa = PBXFileReference; fileEncoding = 4; lastKnownFileType = text; path = schema.graphqls; sourceTree = "<group>"; };
		07ECFB772AA58259008513C6 /* queries.graphql */ = {isa = PBXFileReference; fileEncoding = 4; lastKnownFileType = text; path = queries.graphql; sourceTree = "<group>"; };
		07ECFB792AA58259008513C6 /* KontestFetcher.swift */ = {isa = PBXFileReference; fileEncoding = 4; lastKnownFileType = sourcecode.swift; path = KontestFetcher.swift; sourceTree = "<group>"; };
		07ECFB7A2AA58259008513C6 /* CodeChefFetcher.swift */ = {isa = PBXFileReference; fileEncoding = 4; lastKnownFileType = sourcecode.swift; path = CodeChefFetcher.swift; sourceTree = "<group>"; };
		07ECFB7B2AA58259008513C6 /* CodeForcesFetcher.swift */ = {isa = PBXFileReference; fileEncoding = 4; lastKnownFileType = sourcecode.swift; path = CodeForcesFetcher.swift; sourceTree = "<group>"; };
		07ECFB7D2AA58259008513C6 /* LeetCodeGraphQLAPIFetcher.swift */ = {isa = PBXFileReference; fileEncoding = 4; lastKnownFileType = sourcecode.swift; path = LeetCodeGraphQLAPIFetcher.swift; sourceTree = "<group>"; };
		07ECFB7F2AA58259008513C6 /* apollo-codegen-config.json */ = {isa = PBXFileReference; fileEncoding = 4; lastKnownFileType = text.json; path = "apollo-codegen-config.json"; sourceTree = "<group>"; };
		07ECFBC32AA583A8008513C6 /* LeetCodeUserProfileGraphQLAPIModel.swift */ = {isa = PBXFileReference; lastKnownFileType = sourcecode.swift; path = LeetCodeUserProfileGraphQLAPIModel.swift; sourceTree = "<group>"; };
		07ECFBC52AA59349008513C6 /* LeetCodeUserRankingsGraphQLAPIModel.swift */ = {isa = PBXFileReference; lastKnownFileType = sourcecode.swift; path = LeetCodeUserRankingsGraphQLAPIModel.swift; sourceTree = "<group>"; };
		07ECFBC72AA5D93B008513C6 /* LeetCodeUserRankingsGraphQLAPIDTO.swift */ = {isa = PBXFileReference; lastKnownFileType = sourcecode.swift; path = LeetCodeUserRankingsGraphQLAPIDTO.swift; sourceTree = "<group>"; };
		07FD85A82AB78D5600D26C4C /* Dependencies.swift */ = {isa = PBXFileReference; fileEncoding = 4; lastKnownFileType = sourcecode.swift; path = Dependencies.swift; sourceTree = "<group>"; };
		07FD85AA2AB804FA00D26C4C /* NotificationsViewModelProtocol.swift */ = {isa = PBXFileReference; lastKnownFileType = sourcecode.swift; path = NotificationsViewModelProtocol.swift; sourceTree = "<group>"; };
		07FD85AC2AB809BC00D26C4C /* FilterWebsitesViewModelProtocol.swift */ = {isa = PBXFileReference; lastKnownFileType = sourcecode.swift; path = FilterWebsitesViewModelProtocol.swift; sourceTree = "<group>"; };
/* End PBXFileReference section */

/* Begin PBXFrameworksBuildPhase section */
		07183E9F2AB85633006C92AD /* Frameworks */ = {
			isa = PBXFrameworksBuildPhase;
			buildActionMask = 2147483647;
			files = (
			);
			runOnlyForDeploymentPostprocessing = 0;
		};
		076016522A87CD52007CE9F5 /* Frameworks */ = {
			isa = PBXFrameworksBuildPhase;
			buildActionMask = 2147483647;
			files = (
				07ECFBC22AA582E3008513C6 /* LeetCodeSchema in Frameworks */,
				07ECFBBF2AA582D2008513C6 /* Apollo in Frameworks */,
			);
			runOnlyForDeploymentPostprocessing = 0;
		};
		0764FF792ABC717E0060AC1F /* Frameworks */ = {
			isa = PBXFrameworksBuildPhase;
			buildActionMask = 2147483647;
			files = (
				0764FF7E2ABC717E0060AC1F /* SwiftUI.framework in Frameworks */,
				0764FFA02ABC72870060AC1F /* Apollo in Frameworks */,
				0764FF7D2ABC717E0060AC1F /* WidgetKit.framework in Frameworks */,
			);
			runOnlyForDeploymentPostprocessing = 0;
		};
		079F68032ABC80C2001B0EFE /* Frameworks */ = {
			isa = PBXFrameworksBuildPhase;
			buildActionMask = 2147483647;
			files = (
				079F68082ABC80C2001B0EFE /* SwiftUI.framework in Frameworks */,
				079F68292ABC819A001B0EFE /* Apollo in Frameworks */,
				079F68072ABC80C2001B0EFE /* WidgetKit.framework in Frameworks */,
			);
			runOnlyForDeploymentPostprocessing = 0;
		};
/* End PBXFrameworksBuildPhase section */

/* Begin PBXGroup section */
		07183EA32AB85633006C92AD /* KontestTests */ = {
			isa = PBXGroup;
			children = (
				07183EAB2AB857C6006C92AD /* AllKontestsViewModelTests.swift */,
				07183EB62AB8752D006C92AD /* CalendarUtilityTests.swift */,
			);
			path = KontestTests;
			sourceTree = "<group>";
		};
		07183EB02AB8586F006C92AD /* MockViewModels */ = {
			isa = PBXGroup;
			children = (
				07183EB12AB8587A006C92AD /* MockNotificationsViewModel.swift */,
				07183EB32AB858AE006C92AD /* MockFilterWebsitesViewModel.swift */,
			);
			path = MockViewModels;
			sourceTree = "<group>";
		};
		073B78AB2ABC686800BA1CF2 /* SettingsScreens */ = {
			isa = PBXGroup;
			children = (
				07ECFB572AA58259008513C6 /* SettingsScreen.swift */,
				073269E72AAC42350028476D /* FilterWebsitesView.swift */,
				073269EB2AAC451B0028476D /* FilterWebsitesScreen.swift */,
				073269EE2AAC4B0C0028476D /* ChangeUsernameScreen.swift */,
			);
			path = SettingsScreens;
			sourceTree = "<group>";
		};
		073B78AC2ABC69FF00BA1CF2 /* RatingsScreens */ = {
			isa = PBXGroup;
			children = (
				07ECFB592AA58259008513C6 /* RatingsView.swift */,
				07ECFB5E2AA58259008513C6 /* CodeForcesView.swift */,
				07ECFB562AA58259008513C6 /* CodeChefView.swift */,
				07ECFB582AA58259008513C6 /* LeetCodeGraphQLView.swift */,
			);
			path = RatingsScreens;
			sourceTree = "<group>";
		};
		073B78AD2ABC6A2400BA1CF2 /* NotificationsScreens */ = {
			isa = PBXGroup;
			children = (
				07ECFB602AA58259008513C6 /* SingleNotificationMenu.swift */,
				07ECFB622AA58259008513C6 /* PendingNotificationsScreen.swift */,
				07ECFB632AA58259008513C6 /* AllNotificationMenu.swift */,
			);
			path = NotificationsScreens;
			sourceTree = "<group>";
		};
		0760164C2A87CD52007CE9F5 = {
			isa = PBXGroup;
			children = (
				0764FF8D2ABC71D40060AC1F /* Upcoming Kontest iOS WidgetExtension.entitlements */,
				07183EB52AB86A53006C92AD /* KontestTestPlan.xctestplan */,
				07EA6F492AB6405F00CD932E /* Upcoming Kontests iOS WidgetExtension.entitlements */,
				07ECFB7F2AA58259008513C6 /* apollo-codegen-config.json */,
				07ECFB362AA58259008513C6 /* Kontest */,
				07ECFB352AA58259008513C6 /* README.md */,
				07183EA32AB85633006C92AD /* KontestTests */,
				0764FF7F2ABC717E0060AC1F /* Upcoming Kontest iOS Widget */,
				079F68092ABC80C2001B0EFE /* Upcoming Kontest macOS Widget */,
				07CFEBA22AB02DCB00291484 /* Frameworks */,
				076016562A87CD52007CE9F5 /* Products */,
			);
			sourceTree = "<group>";
		};
		076016562A87CD52007CE9F5 /* Products */ = {
			isa = PBXGroup;
			children = (
				076016552A87CD52007CE9F5 /* Kontest.app */,
				07183EA22AB85633006C92AD /* KontestTests.xctest */,
				0764FF7C2ABC717E0060AC1F /* Upcoming Kontest iOS WidgetExtension.appex */,
				079F68062ABC80C2001B0EFE /* Upcoming Kontest macOS WidgetExtension.appex */,
			);
			name = Products;
			sourceTree = "<group>";
		};
		0764FF7F2ABC717E0060AC1F /* Upcoming Kontest iOS Widget */ = {
			isa = PBXGroup;
			children = (
				0764FF802ABC717E0060AC1F /* Upcoming_Kontest_iOS_WidgetBundle.swift */,
				0764FF822ABC717E0060AC1F /* Upcoming_Kontest_iOS_Widget.swift */,
				0764FF842ABC717F0060AC1F /* Assets.xcassets */,
				0764FF862ABC717F0060AC1F /* Info.plist */,
			);
			path = "Upcoming Kontest iOS Widget";
			sourceTree = "<group>";
		};
		0784292C2AB5EF520078D836 /* Intents */ = {
			isa = PBXGroup;
			children = (
				0784292D2AB5EF660078D836 /* AddToCalendarIntent.swift */,
			);
			path = Intents;
			sourceTree = "<group>";
		};
		079F68092ABC80C2001B0EFE /* Upcoming Kontest macOS Widget */ = {
			isa = PBXGroup;
			children = (
				079F680A2ABC80C2001B0EFE /* Upcoming_Kontest_macOS_WidgetBundle.swift */,
				079F680C2ABC80C2001B0EFE /* Upcoming_Kontest_macOS_Widget.swift */,
				079F680E2ABC80C2001B0EFE /* Assets.xcassets */,
				079F68102ABC80C2001B0EFE /* Info.plist */,
				079F68112ABC80C2001B0EFE /* Upcoming_Kontest_macOS_Widget.entitlements */,
			);
			path = "Upcoming Kontest macOS Widget";
			sourceTree = "<group>";
		};
		07C6EE922ABAE4D700FEA3D7 /* WidgetCache */ = {
			isa = PBXGroup;
			children = (
				07C6EE8F2ABAE38900FEA3D7 /* WidgetCache.swift */,
				07C6EE932ABAE4EF00FEA3D7 /* UpcomingKontestsWidgetCache.swift */,
			);
			path = WidgetCache;
			sourceTree = "<group>";
		};
		07CFEBA22AB02DCB00291484 /* Frameworks */ = {
			isa = PBXGroup;
			children = (
				07CFEBA32AB02DCB00291484 /* WidgetKit.framework */,
				07CFEBA52AB02DCB00291484 /* SwiftUI.framework */,
			);
			name = Frameworks;
			sourceTree = "<group>";
		};
		07CFEC032AB042E400291484 /* WidgetScreens */ = {
			isa = PBXGroup;
			children = (
				07CFEC042AB042F500291484 /* UpcomingWidgetView.swift */,
			);
			path = WidgetScreens;
			sourceTree = "<group>";
		};
		07ECFB362AA58259008513C6 /* Kontest */ = {
			isa = PBXGroup;
			children = (
				07EA6F482AB6405A00CD932E /* Kontest.entitlements */,
				0784292C2AB5EF520078D836 /* Intents */,
				07710E842AB46220008DE1D6 /* Info.plist */,
				07ECFB6E2AA58259008513C6 /* DTOs */,
				07ECFB4C2AA58259008513C6 /* Models */,
				07ECFB372AA58259008513C6 /* ViewModels */,
				07ECFB3F2AA58259008513C6 /* KontestApp.swift */,
				07ECFB402AA58259008513C6 /* Assets.xcassets */,
				07ECFB412AA58259008513C6 /* Repositories */,
				07ECFB532AA58259008513C6 /* Preview Content */,
				07ECFB552AA58259008513C6 /* Screens */,
				07ECFB642AA58259008513C6 /* Utilities */,
				07ECFB752AA58259008513C6 /* GraphQL */,
				07ECFB782AA58259008513C6 /* Protocols */,
			);
			path = Kontest;
			sourceTree = "<group>";
		};
		07ECFB372AA58259008513C6 /* ViewModels */ = {
			isa = PBXGroup;
			children = (
				07183EB02AB8586F006C92AD /* MockViewModels */,
				07ECFB382AA58259008513C6 /* ChangeUsernameViewModel.swift */,
				07ECFB392AA58259008513C6 /* LeetCodeGraphQLViewModel.swift */,
				07ECFB3A2AA58259008513C6 /* AllKontestsViewModel.swift */,
				07ECFB3B2AA58259008513C6 /* CodeChefViewModel.swift */,
				07ECFB3C2AA58259008513C6 /* CodeForcesViewModel.swift */,
				07ECFB3D2AA58259008513C6 /* NotificationsViewModel.swift */,
				076134CE2AA86AC300946B02 /* KontestDetailViewModel.swift */,
				07A31F012AAC831300EBC296 /* FilterWebsitesViewModel.swift */,
			);
			path = ViewModels;
			sourceTree = "<group>";
		};
		07ECFB412AA58259008513C6 /* Repositories */ = {
			isa = PBXGroup;
			children = (
				07ECFB422AA58259008513C6 /* CodeChefRepository */,
				07ECFB442AA58259008513C6 /* KontestRepository */,
				07ECFB472AA58259008513C6 /* LeetcodeRepository */,
				07ECFB4A2AA58259008513C6 /* CodeForcesRepository */,
			);
			path = Repositories;
			sourceTree = "<group>";
		};
		07ECFB422AA58259008513C6 /* CodeChefRepository */ = {
			isa = PBXGroup;
			children = (
				07ECFB432AA58259008513C6 /* CodeChefAPIRepository.swift */,
			);
			path = CodeChefRepository;
			sourceTree = "<group>";
		};
		07ECFB442AA58259008513C6 /* KontestRepository */ = {
			isa = PBXGroup;
			children = (
				07ECFB452AA58259008513C6 /* AllKontestsFakeRepository.swift */,
				07ECFB462AA58259008513C6 /* KontestRepository.swift */,
			);
			path = KontestRepository;
			sourceTree = "<group>";
		};
		07ECFB472AA58259008513C6 /* LeetcodeRepository */ = {
			isa = PBXGroup;
			children = (
				07ECFB482AA58259008513C6 /* LeetCodeAPIGraphQLRepository.swift */,
			);
			path = LeetcodeRepository;
			sourceTree = "<group>";
		};
		07ECFB4A2AA58259008513C6 /* CodeForcesRepository */ = {
			isa = PBXGroup;
			children = (
				07ECFB4B2AA58259008513C6 /* CodeForcesAPIRepository.swift */,
			);
			path = CodeForcesRepository;
			sourceTree = "<group>";
		};
		07ECFB4C2AA58259008513C6 /* Models */ = {
			isa = PBXGroup;
			children = (
				07ECFB4D2AA58259008513C6 /* KontestStatus.swift */,
				07ECFB4E2AA58259008513C6 /* CodeForcesUserRatingAPIModel.swift */,
				07ECFB4F2AA58259008513C6 /* CodeForcesUserInfoAPIModel.swift */,
				07ECFB512AA58259008513C6 /* CodeChefAPIModel.swift */,
				07ECFB522AA58259008513C6 /* KontestModel.swift */,
				07ECFBC32AA583A8008513C6 /* LeetCodeUserProfileGraphQLAPIModel.swift */,
				07ECFBC52AA59349008513C6 /* LeetCodeUserRankingsGraphQLAPIModel.swift */,
				078429312AB603FB0078D836 /* KontestWidgetModel.swift */,
			);
			path = Models;
			sourceTree = "<group>";
		};
		07ECFB532AA58259008513C6 /* Preview Content */ = {
			isa = PBXGroup;
			children = (
				07ECFB542AA58259008513C6 /* Preview Assets.xcassets */,
			);
			path = "Preview Content";
			sourceTree = "<group>";
		};
		07ECFB552AA58259008513C6 /* Screens */ = {
			isa = PBXGroup;
			children = (
				073B78AD2ABC6A2400BA1CF2 /* NotificationsScreens */,
				073B78AC2ABC69FF00BA1CF2 /* RatingsScreens */,
				073B78AB2ABC686800BA1CF2 /* SettingsScreens */,
				07CFEC032AB042E400291484 /* WidgetScreens */,
				07ECFB5A2AA58259008513C6 /* NoKontestsDownloadedScreen.swift */,
				07ECFB5B2AA58259008513C6 /* AllKontestsScreen.swift */,
				07ECFB5D2AA58259008513C6 /* BlinkingDotView.swift */,
				07ECFB5F2AA58259008513C6 /* KontestDetailsScreen.swift */,
				07ECFB612AA58259008513C6 /* SingleKontestView.swift */,
				071915662AB169D300E1CB56 /* NoInternetScreen.swift */,
				07A7501F2AB23CA000FC72A5 /* NoKontestsDueToFiltersScreen.swift */,
				077E6EAE2AB4B2120003E897 /* ErrorView.swift */,
			);
			path = Screens;
			sourceTree = "<group>";
		};
		07ECFB642AA58259008513C6 /* Utilities */ = {
			isa = PBXGroup;
			children = (
				07C6EE922ABAE4D700FEA3D7 /* WidgetCache */,
				07A31EFF2AAC818D00EBC296 /* FilterWebsiteKey.swift */,
				07ECFB652AA58259008513C6 /* Constants.swift */,
				07ECFB662AA58259008513C6 /* CalendarUtility.swift */,
				07ECFB672AA58259008513C6 /* ClipboardUtility.swift */,
				07FD85A82AB78D5600D26C4C /* Dependencies.swift */,
				07ECFB682AA58259008513C6 /* LocalNotificationManager.swift */,
				07ECFB692AA58259008513C6 /* Screen.swift */,
				07ECFB6A2AA58259008513C6 /* Router.swift */,
				07ECFB6B2AA58259008513C6 /* DownloadData.swift */,
				07ECFB6C2AA58259008513C6 /* FontUtility.swift */,
				07ECFB6D2AA58259008513C6 /* MyMenu.swift */,
				074DD4512AA61570005C16A5 /* AppError.swift */,
				07CFEC0C2AB0435200291484 /* GetKontests.swift */,
				071915632AB1695E00E1CB56 /* NetworkMonitor.swift */,
				077E6EAC2AB4B1D10003E897 /* ErrorWrapper.swift */,
				077E6EB02AB4B3220003E897 /* ErrorState.swift */,
			);
			path = Utilities;
			sourceTree = "<group>";
		};
		07ECFB6E2AA58259008513C6 /* DTOs */ = {
			isa = PBXGroup;
			children = (
				07ECFB6F2AA58259008513C6 /* CodeForcesUserInfoAPIDTO.swift */,
				07ECFB702AA58259008513C6 /* CodeChefAPIDTO.swift */,
				07ECFB712AA58259008513C6 /* CodeForcesUserRatingAPIDTO.swift */,
				07ECFB732AA58259008513C6 /* LeetCodeUserProfileGraphQLAPIDTO.swift */,
				07ECFB742AA58259008513C6 /* KontestDTO.swift */,
				07ECFBC72AA5D93B008513C6 /* LeetCodeUserRankingsGraphQLAPIDTO.swift */,
			);
			path = DTOs;
			sourceTree = "<group>";
		};
		07ECFB752AA58259008513C6 /* GraphQL */ = {
			isa = PBXGroup;
			children = (
				07ECFB762AA58259008513C6 /* schema.graphqls */,
				07ECFB772AA58259008513C6 /* queries.graphql */,
			);
			path = GraphQL;
			sourceTree = "<group>";
		};
		07ECFB782AA58259008513C6 /* Protocols */ = {
			isa = PBXGroup;
			children = (
				07FD85AE2AB80AD000D26C4C /* ViewModelProtocols */,
				07ECFB792AA58259008513C6 /* KontestFetcher.swift */,
				07ECFB7A2AA58259008513C6 /* CodeChefFetcher.swift */,
				07ECFB7B2AA58259008513C6 /* CodeForcesFetcher.swift */,
				07ECFB7D2AA58259008513C6 /* LeetCodeGraphQLAPIFetcher.swift */,
			);
			path = Protocols;
			sourceTree = "<group>";
		};
		07FD85AE2AB80AD000D26C4C /* ViewModelProtocols */ = {
			isa = PBXGroup;
			children = (
				07FD85AA2AB804FA00D26C4C /* NotificationsViewModelProtocol.swift */,
				07FD85AC2AB809BC00D26C4C /* FilterWebsitesViewModelProtocol.swift */,
			);
			path = ViewModelProtocols;
			sourceTree = "<group>";
		};
/* End PBXGroup section */

/* Begin PBXNativeTarget section */
		07183EA12AB85633006C92AD /* KontestTests */ = {
			isa = PBXNativeTarget;
			buildConfigurationList = 07183EAA2AB85633006C92AD /* Build configuration list for PBXNativeTarget "KontestTests" */;
			buildPhases = (
				07183E9E2AB85633006C92AD /* Sources */,
				07183E9F2AB85633006C92AD /* Frameworks */,
				07183EA02AB85633006C92AD /* Resources */,
			);
			buildRules = (
			);
			dependencies = (
				07183EA72AB85633006C92AD /* PBXTargetDependency */,
			);
			name = KontestTests;
			productName = KontestTests;
			productReference = 07183EA22AB85633006C92AD /* KontestTests.xctest */;
			productType = "com.apple.product-type.bundle.unit-test";
		};
		076016542A87CD52007CE9F5 /* Kontest */ = {
			isa = PBXNativeTarget;
			buildConfigurationList = 076016632A87CD55007CE9F5 /* Build configuration list for PBXNativeTarget "Kontest" */;
			buildPhases = (
				076016512A87CD52007CE9F5 /* Sources */,
				076016522A87CD52007CE9F5 /* Frameworks */,
				076016532A87CD52007CE9F5 /* Resources */,
				07CFEBB22AB02DCC00291484 /* Embed Foundation Extensions */,
			);
			buildRules = (
			);
			dependencies = (
				0764FF882ABC717F0060AC1F /* PBXTargetDependency */,
				079F68132ABC80C2001B0EFE /* PBXTargetDependency */,
			);
			name = Kontest;
			packageProductDependencies = (
				07ECFBBE2AA582D2008513C6 /* Apollo */,
				07ECFBC12AA582E3008513C6 /* LeetCodeSchema */,
			);
			productName = "Coding Kontest";
			productReference = 076016552A87CD52007CE9F5 /* Kontest.app */;
			productType = "com.apple.product-type.application";
		};
		0764FF7B2ABC717E0060AC1F /* Upcoming Kontest iOS WidgetExtension */ = {
			isa = PBXNativeTarget;
			buildConfigurationList = 0764FF8C2ABC717F0060AC1F /* Build configuration list for PBXNativeTarget "Upcoming Kontest iOS WidgetExtension" */;
			buildPhases = (
				0764FF782ABC717E0060AC1F /* Sources */,
				0764FF792ABC717E0060AC1F /* Frameworks */,
				0764FF7A2ABC717E0060AC1F /* Resources */,
			);
			buildRules = (
			);
			dependencies = (
			);
			name = "Upcoming Kontest iOS WidgetExtension";
			packageProductDependencies = (
				0764FF9F2ABC72870060AC1F /* Apollo */,
			);
			productName = "Upcoming Kontest iOS WidgetExtension";
			productReference = 0764FF7C2ABC717E0060AC1F /* Upcoming Kontest iOS WidgetExtension.appex */;
			productType = "com.apple.product-type.app-extension";
		};
		079F68052ABC80C2001B0EFE /* Upcoming Kontest macOS WidgetExtension */ = {
			isa = PBXNativeTarget;
			buildConfigurationList = 079F68152ABC80C2001B0EFE /* Build configuration list for PBXNativeTarget "Upcoming Kontest macOS WidgetExtension" */;
			buildPhases = (
				079F68022ABC80C2001B0EFE /* Sources */,
				079F68032ABC80C2001B0EFE /* Frameworks */,
				079F68042ABC80C2001B0EFE /* Resources */,
			);
			buildRules = (
			);
			dependencies = (
			);
			name = "Upcoming Kontest macOS WidgetExtension";
			packageProductDependencies = (
				079F68282ABC819A001B0EFE /* Apollo */,
			);
			productName = "Upcoming Kontest macOS WidgetExtension";
			productReference = 079F68062ABC80C2001B0EFE /* Upcoming Kontest macOS WidgetExtension.appex */;
			productType = "com.apple.product-type.app-extension";
		};
/* End PBXNativeTarget section */

/* Begin PBXProject section */
		0760164D2A87CD52007CE9F5 /* Project object */ = {
			isa = PBXProject;
			attributes = {
				BuildIndependentTargetsInParallel = 1;
				LastSwiftUpdateCheck = 1500;
				LastUpgradeCheck = 1500;
				TargetAttributes = {
					07183EA12AB85633006C92AD = {
						CreatedOnToolsVersion = 15.0;
						TestTargetID = 076016542A87CD52007CE9F5;
					};
					076016542A87CD52007CE9F5 = {
						CreatedOnToolsVersion = 15.0;
					};
					0764FF7B2ABC717E0060AC1F = {
						CreatedOnToolsVersion = 15.0;
					};
					079F68052ABC80C2001B0EFE = {
						CreatedOnToolsVersion = 15.0;
					};
				};
			};
			buildConfigurationList = 076016502A87CD52007CE9F5 /* Build configuration list for PBXProject "Kontest" */;
			compatibilityVersion = "Xcode 14.0";
			developmentRegion = en;
			hasScannedForEncodings = 0;
			knownRegions = (
				en,
				Base,
			);
			mainGroup = 0760164C2A87CD52007CE9F5;
			packageReferences = (
				07ECFBBD2AA582D2008513C6 /* XCRemoteSwiftPackageReference "apollo-ios" */,
				07ECFBC02AA582E3008513C6 /* XCLocalSwiftPackageReference "LeetCodeSchema" */,
			);
			productRefGroup = 076016562A87CD52007CE9F5 /* Products */;
			projectDirPath = "";
			projectRoot = "";
			targets = (
				076016542A87CD52007CE9F5 /* Kontest */,
				07183EA12AB85633006C92AD /* KontestTests */,
				0764FF7B2ABC717E0060AC1F /* Upcoming Kontest iOS WidgetExtension */,
				079F68052ABC80C2001B0EFE /* Upcoming Kontest macOS WidgetExtension */,
			);
		};
/* End PBXProject section */

/* Begin PBXResourcesBuildPhase section */
		07183EA02AB85633006C92AD /* Resources */ = {
			isa = PBXResourcesBuildPhase;
			buildActionMask = 2147483647;
			files = (
			);
			runOnlyForDeploymentPostprocessing = 0;
		};
		076016532A87CD52007CE9F5 /* Resources */ = {
			isa = PBXResourcesBuildPhase;
			buildActionMask = 2147483647;
			files = (
				07ECFBB52AA58259008513C6 /* queries.graphql in Resources */,
				07ECFBB42AA58259008513C6 /* schema.graphqls in Resources */,
				07ECFBBC2AA58259008513C6 /* apollo-codegen-config.json in Resources */,
				07ECFB892AA58259008513C6 /* Assets.xcassets in Resources */,
				07ECFB962AA58259008513C6 /* Preview Assets.xcassets in Resources */,
				07ECFB802AA58259008513C6 /* README.md in Resources */,
			);
			runOnlyForDeploymentPostprocessing = 0;
		};
		0764FF7A2ABC717E0060AC1F /* Resources */ = {
			isa = PBXResourcesBuildPhase;
			buildActionMask = 2147483647;
			files = (
				0764FFA22ABC72BF0060AC1F /* Assets.xcassets in Resources */,
				0764FF852ABC717F0060AC1F /* Assets.xcassets in Resources */,
			);
			runOnlyForDeploymentPostprocessing = 0;
		};
		079F68042ABC80C2001B0EFE /* Resources */ = {
			isa = PBXResourcesBuildPhase;
			buildActionMask = 2147483647;
			files = (
				079F68182ABC812B001B0EFE /* Assets.xcassets in Resources */,
				079F680F2ABC80C2001B0EFE /* Assets.xcassets in Resources */,
			);
			runOnlyForDeploymentPostprocessing = 0;
		};
/* End PBXResourcesBuildPhase section */

/* Begin PBXSourcesBuildPhase section */
		07183E9E2AB85633006C92AD /* Sources */ = {
			isa = PBXSourcesBuildPhase;
			buildActionMask = 2147483647;
			files = (
				07183EB72AB8752D006C92AD /* CalendarUtilityTests.swift in Sources */,
				07183EAC2AB857C6006C92AD /* AllKontestsViewModelTests.swift in Sources */,
			);
			runOnlyForDeploymentPostprocessing = 0;
		};
		076016512A87CD52007CE9F5 /* Sources */ = {
			isa = PBXSourcesBuildPhase;
			buildActionMask = 2147483647;
			files = (
				07183EB42AB858AE006C92AD /* MockFilterWebsitesViewModel.swift in Sources */,
				07ECFBB32AA58259008513C6 /* KontestDTO.swift in Sources */,
				07ECFB832AA58259008513C6 /* AllKontestsViewModel.swift in Sources */,
				07ECFBC82AA5D93B008513C6 /* LeetCodeUserRankingsGraphQLAPIDTO.swift in Sources */,
				07ECFB952AA58259008513C6 /* KontestModel.swift in Sources */,
				07ECFB812AA58259008513C6 /* ChangeUsernameViewModel.swift in Sources */,
				07ECFBB02AA58259008513C6 /* CodeForcesUserRatingAPIDTO.swift in Sources */,
				07FD85A92AB78D5600D26C4C /* Dependencies.swift in Sources */,
				071915642AB1695E00E1CB56 /* NetworkMonitor.swift in Sources */,
				07ECFB822AA58259008513C6 /* LeetCodeGraphQLViewModel.swift in Sources */,
				07ECFB882AA58259008513C6 /* KontestApp.swift in Sources */,
				07ECFBB72AA58259008513C6 /* CodeChefFetcher.swift in Sources */,
				07ECFBA12AA58259008513C6 /* SingleNotificationMenu.swift in Sources */,
				073269EF2AAC4B0C0028476D /* ChangeUsernameScreen.swift in Sources */,
				07ECFB9E2AA58259008513C6 /* BlinkingDotView.swift in Sources */,
				07ECFBA62AA58259008513C6 /* CalendarUtility.swift in Sources */,
				07ECFBC62AA59349008513C6 /* LeetCodeUserRankingsGraphQLAPIModel.swift in Sources */,
				076134CF2AA86AC300946B02 /* KontestDetailViewModel.swift in Sources */,
				07ECFB9A2AA58259008513C6 /* RatingsView.swift in Sources */,
				07ECFB842AA58259008513C6 /* CodeChefViewModel.swift in Sources */,
				07ECFB852AA58259008513C6 /* CodeForcesViewModel.swift in Sources */,
				07FD85AB2AB804FA00D26C4C /* NotificationsViewModelProtocol.swift in Sources */,
				073269EC2AAC451B0028476D /* FilterWebsitesScreen.swift in Sources */,
				07ECFBB62AA58259008513C6 /* KontestFetcher.swift in Sources */,
				07ECFB8D2AA58259008513C6 /* LeetCodeAPIGraphQLRepository.swift in Sources */,
				07ECFBA72AA58259008513C6 /* ClipboardUtility.swift in Sources */,
				07ECFBBA2AA58259008513C6 /* LeetCodeGraphQLAPIFetcher.swift in Sources */,
				07ECFB8F2AA58259008513C6 /* CodeForcesAPIRepository.swift in Sources */,
				07183EB22AB8587A006C92AD /* MockNotificationsViewModel.swift in Sources */,
				077E6EAF2AB4B2120003E897 /* ErrorView.swift in Sources */,
				07ECFBA42AA58259008513C6 /* AllNotificationMenu.swift in Sources */,
				07ECFBAF2AA58259008513C6 /* CodeChefAPIDTO.swift in Sources */,
				07FD85AD2AB809BC00D26C4C /* FilterWebsitesViewModelProtocol.swift in Sources */,
				07ECFB8C2AA58259008513C6 /* KontestRepository.swift in Sources */,
				077E6EAD2AB4B1D10003E897 /* ErrorWrapper.swift in Sources */,
				074DD4522AA61570005C16A5 /* AppError.swift in Sources */,
				07ECFBAC2AA58259008513C6 /* FontUtility.swift in Sources */,
				07ECFB922AA58259008513C6 /* CodeForcesUserInfoAPIModel.swift in Sources */,
				07ECFBA32AA58259008513C6 /* PendingNotificationsScreen.swift in Sources */,
				07ECFB9C2AA58259008513C6 /* AllKontestsScreen.swift in Sources */,
				07ECFB972AA58259008513C6 /* CodeChefView.swift in Sources */,
				07ECFBAD2AA58259008513C6 /* MyMenu.swift in Sources */,
				07ECFB902AA58259008513C6 /* KontestStatus.swift in Sources */,
				07ECFBB82AA58259008513C6 /* CodeForcesFetcher.swift in Sources */,
				07A31F022AAC831300EBC296 /* FilterWebsitesViewModel.swift in Sources */,
				07ECFB8B2AA58259008513C6 /* AllKontestsFakeRepository.swift in Sources */,
				071915672AB169D300E1CB56 /* NoInternetScreen.swift in Sources */,
				07ECFB912AA58259008513C6 /* CodeForcesUserRatingAPIModel.swift in Sources */,
				07ECFB8A2AA58259008513C6 /* CodeChefAPIRepository.swift in Sources */,
				07ECFBA52AA58259008513C6 /* Constants.swift in Sources */,
				07ECFBAE2AA58259008513C6 /* CodeForcesUserInfoAPIDTO.swift in Sources */,
				07A750202AB23CA000FC72A5 /* NoKontestsDueToFiltersScreen.swift in Sources */,
				07A31F002AAC818D00EBC296 /* FilterWebsiteKey.swift in Sources */,
				07ECFBC42AA583A8008513C6 /* LeetCodeUserProfileGraphQLAPIModel.swift in Sources */,
				07ECFBA22AA58259008513C6 /* SingleKontestView.swift in Sources */,
				07ECFBA92AA58259008513C6 /* Screen.swift in Sources */,
				07ECFB9F2AA58259008513C6 /* CodeForcesView.swift in Sources */,
				07ECFBAB2AA58259008513C6 /* DownloadData.swift in Sources */,
				07ECFBA02AA58259008513C6 /* KontestDetailsScreen.swift in Sources */,
				077E6EB12AB4B3220003E897 /* ErrorState.swift in Sources */,
				07ECFBAA2AA58259008513C6 /* Router.swift in Sources */,
				073269E82AAC42350028476D /* FilterWebsitesView.swift in Sources */,
				07ECFB982AA58259008513C6 /* SettingsScreen.swift in Sources */,
				07ECFB862AA58259008513C6 /* NotificationsViewModel.swift in Sources */,
				07ECFB942AA58259008513C6 /* CodeChefAPIModel.swift in Sources */,
				07567EA52AB645E9007EFEE1 /* AddToCalendarIntent.swift in Sources */,
				07ECFBB22AA58259008513C6 /* LeetCodeUserProfileGraphQLAPIDTO.swift in Sources */,
				07ECFBA82AA58259008513C6 /* LocalNotificationManager.swift in Sources */,
				07ECFB992AA58259008513C6 /* LeetCodeGraphQLView.swift in Sources */,
				07ECFB9B2AA58259008513C6 /* NoKontestsDownloadedScreen.swift in Sources */,
			);
			runOnlyForDeploymentPostprocessing = 0;
		};
		0764FF782ABC717E0060AC1F /* Sources */ = {
			isa = PBXSourcesBuildPhase;
			buildActionMask = 2147483647;
			files = (
				0764FF902ABC720E0060AC1F /* Constants.swift in Sources */,
				0764FF9D2ABC72650060AC1F /* UpcomingWidgetView.swift in Sources */,
				0764FF9E2ABC726F0060AC1F /* AddToCalendarIntent.swift in Sources */,
				0764FF992ABC724E0060AC1F /* FilterWebsiteKey.swift in Sources */,
				0764FF9A2ABC72540060AC1F /* KontestRepository.swift in Sources */,
				0764FF8E2ABC71FE0060AC1F /* KontestModel.swift in Sources */,
				0764FF972ABC72460060AC1F /* FilterWebsitesViewModel.swift in Sources */,
				0764FF832ABC717E0060AC1F /* Upcoming_Kontest_iOS_Widget.swift in Sources */,
				0764FF962ABC72400060AC1F /* GetKontests.swift in Sources */,
				0764FF8F2ABC72070060AC1F /* KontestDTO.swift in Sources */,
				0764FF9C2ABC725B0060AC1F /* KontestFetcher.swift in Sources */,
				0764FF982ABC724A0060AC1F /* FilterWebsitesViewModelProtocol.swift in Sources */,
				0764FF932ABC72230060AC1F /* AppError.swift in Sources */,
				0764FF912ABC72180060AC1F /* CalendarUtility.swift in Sources */,
				0764FF9B2ABC72590060AC1F /* DownloadData.swift in Sources */,
				0764FF812ABC717E0060AC1F /* Upcoming_Kontest_iOS_WidgetBundle.swift in Sources */,
				0764FF952ABC72360060AC1F /* NetworkMonitor.swift in Sources */,
				0764FF922ABC721E0060AC1F /* KontestStatus.swift in Sources */,
			);
			runOnlyForDeploymentPostprocessing = 0;
		};
		079F68022ABC80C2001B0EFE /* Sources */ = {
			isa = PBXSourcesBuildPhase;
			buildActionMask = 2147483647;
			files = (
				079F681A2ABC813B001B0EFE /* UpcomingWidgetView.swift in Sources */,
				079F68202ABC815D001B0EFE /* GetKontests.swift in Sources */,
				079F68222ABC8168001B0EFE /* FilterWebsitesViewModel.swift in Sources */,
				079F681F2ABC8158001B0EFE /* NetworkMonitor.swift in Sources */,
				079F680D2ABC80C2001B0EFE /* Upcoming_Kontest_macOS_Widget.swift in Sources */,
				079F681D2ABC814C001B0EFE /* KontestStatus.swift in Sources */,
				079F68232ABC816B001B0EFE /* FilterWebsitesViewModelProtocol.swift in Sources */,
				079F68242ABC8172001B0EFE /* Constants.swift in Sources */,
				079F68252ABC817A001B0EFE /* KontestDTO.swift in Sources */,
				079F681C2ABC8140001B0EFE /* KontestModel.swift in Sources */,
				079F68192ABC8135001B0EFE /* CalendarUtility.swift in Sources */,
				079F682B2ABC81AD001B0EFE /* DownloadData.swift in Sources */,
				079F682A2ABC81A5001B0EFE /* KontestFetcher.swift in Sources */,
				079F680B2ABC80C2001B0EFE /* Upcoming_Kontest_macOS_WidgetBundle.swift in Sources */,
				079F68272ABC818E001B0EFE /* AddToCalendarIntent.swift in Sources */,
				079F681E2ABC8150001B0EFE /* AppError.swift in Sources */,
				079F68212ABC8161001B0EFE /* FilterWebsiteKey.swift in Sources */,
				079F68262ABC818A001B0EFE /* KontestRepository.swift in Sources */,
			);
			runOnlyForDeploymentPostprocessing = 0;
		};
/* End PBXSourcesBuildPhase section */

/* Begin PBXTargetDependency section */
		07183EA72AB85633006C92AD /* PBXTargetDependency */ = {
			isa = PBXTargetDependency;
			target = 076016542A87CD52007CE9F5 /* Kontest */;
			targetProxy = 07183EA62AB85633006C92AD /* PBXContainerItemProxy */;
		};
		0764FF882ABC717F0060AC1F /* PBXTargetDependency */ = {
			isa = PBXTargetDependency;
			platformFilter = ios;
			target = 0764FF7B2ABC717E0060AC1F /* Upcoming Kontest iOS WidgetExtension */;
			targetProxy = 0764FF872ABC717F0060AC1F /* PBXContainerItemProxy */;
		};
		079F68132ABC80C2001B0EFE /* PBXTargetDependency */ = {
			isa = PBXTargetDependency;
			platformFilters = (
				macos,
			);
			target = 079F68052ABC80C2001B0EFE /* Upcoming Kontest macOS WidgetExtension */;
			targetProxy = 079F68122ABC80C2001B0EFE /* PBXContainerItemProxy */;
		};
/* End PBXTargetDependency section */

/* Begin XCBuildConfiguration section */
		07183EA82AB85633006C92AD /* Debug */ = {
			isa = XCBuildConfiguration;
			buildSettings = {
				BUNDLE_LOADER = "$(TEST_HOST)";
				CODE_SIGN_STYLE = Automatic;
				CURRENT_PROJECT_VERSION = 1;
				DEVELOPMENT_TEAM = R2Z9FDM5M6;
				GENERATE_INFOPLIST_FILE = YES;
				MARKETING_VERSION = 1.0;
				PRODUCT_BUNDLE_IDENTIFIER = com.ayushsinghal.KontestTests;
				PRODUCT_NAME = "$(TARGET_NAME)";
				SWIFT_EMIT_LOC_STRINGS = NO;
				SWIFT_VERSION = 5.0;
				TARGETED_DEVICE_FAMILY = "1,2";
				TEST_HOST = "$(BUILT_PRODUCTS_DIR)/Kontest.app/$(BUNDLE_EXECUTABLE_FOLDER_PATH)/Kontest";
			};
			name = Debug;
		};
		07183EA92AB85633006C92AD /* Release */ = {
			isa = XCBuildConfiguration;
			buildSettings = {
				BUNDLE_LOADER = "$(TEST_HOST)";
				CODE_SIGN_STYLE = Automatic;
				CURRENT_PROJECT_VERSION = 1;
				DEVELOPMENT_TEAM = R2Z9FDM5M6;
				GENERATE_INFOPLIST_FILE = YES;
				MARKETING_VERSION = 1.0;
				PRODUCT_BUNDLE_IDENTIFIER = com.ayushsinghal.KontestTests;
				PRODUCT_NAME = "$(TARGET_NAME)";
				SWIFT_EMIT_LOC_STRINGS = NO;
				SWIFT_VERSION = 5.0;
				TARGETED_DEVICE_FAMILY = "1,2";
				TEST_HOST = "$(BUILT_PRODUCTS_DIR)/Kontest.app/$(BUNDLE_EXECUTABLE_FOLDER_PATH)/Kontest";
			};
			name = Release;
		};
		076016612A87CD55007CE9F5 /* Debug */ = {
			isa = XCBuildConfiguration;
			buildSettings = {
				ALWAYS_SEARCH_USER_PATHS = NO;
				ASSETCATALOG_COMPILER_GENERATE_SWIFT_ASSET_SYMBOL_EXTENSIONS = YES;
				CLANG_ANALYZER_NONNULL = YES;
				CLANG_ANALYZER_NUMBER_OBJECT_CONVERSION = YES_AGGRESSIVE;
				CLANG_CXX_LANGUAGE_STANDARD = "gnu++20";
				CLANG_ENABLE_MODULES = YES;
				CLANG_ENABLE_OBJC_ARC = YES;
				CLANG_ENABLE_OBJC_WEAK = YES;
				CLANG_WARN_BLOCK_CAPTURE_AUTORELEASING = YES;
				CLANG_WARN_BOOL_CONVERSION = YES;
				CLANG_WARN_COMMA = YES;
				CLANG_WARN_CONSTANT_CONVERSION = YES;
				CLANG_WARN_DEPRECATED_OBJC_IMPLEMENTATIONS = YES;
				CLANG_WARN_DIRECT_OBJC_ISA_USAGE = YES_ERROR;
				CLANG_WARN_DOCUMENTATION_COMMENTS = YES;
				CLANG_WARN_EMPTY_BODY = YES;
				CLANG_WARN_ENUM_CONVERSION = YES;
				CLANG_WARN_INFINITE_RECURSION = YES;
				CLANG_WARN_INT_CONVERSION = YES;
				CLANG_WARN_NON_LITERAL_NULL_CONVERSION = YES;
				CLANG_WARN_OBJC_IMPLICIT_RETAIN_SELF = YES;
				CLANG_WARN_OBJC_LITERAL_CONVERSION = YES;
				CLANG_WARN_OBJC_ROOT_CLASS = YES_ERROR;
				CLANG_WARN_QUOTED_INCLUDE_IN_FRAMEWORK_HEADER = YES;
				CLANG_WARN_RANGE_LOOP_ANALYSIS = YES;
				CLANG_WARN_STRICT_PROTOTYPES = YES;
				CLANG_WARN_SUSPICIOUS_MOVE = YES;
				CLANG_WARN_UNGUARDED_AVAILABILITY = YES_AGGRESSIVE;
				CLANG_WARN_UNREACHABLE_CODE = YES;
				CLANG_WARN__DUPLICATE_METHOD_MATCH = YES;
				COPY_PHASE_STRIP = NO;
				DEBUG_INFORMATION_FORMAT = dwarf;
				ENABLE_STRICT_OBJC_MSGSEND = YES;
				ENABLE_TESTABILITY = YES;
				ENABLE_USER_SCRIPT_SANDBOXING = YES;
				GCC_C_LANGUAGE_STANDARD = gnu17;
				GCC_DYNAMIC_NO_PIC = NO;
				GCC_NO_COMMON_BLOCKS = YES;
				GCC_OPTIMIZATION_LEVEL = 0;
				GCC_PREPROCESSOR_DEFINITIONS = (
					"DEBUG=1",
					"$(inherited)",
				);
				GCC_WARN_64_TO_32_BIT_CONVERSION = YES;
				GCC_WARN_ABOUT_RETURN_TYPE = YES_ERROR;
				GCC_WARN_UNDECLARED_SELECTOR = YES;
				GCC_WARN_UNINITIALIZED_AUTOS = YES_AGGRESSIVE;
				GCC_WARN_UNUSED_FUNCTION = YES;
				GCC_WARN_UNUSED_VARIABLE = YES;
				IPHONEOS_DEPLOYMENT_TARGET = 17.0;
				LOCALIZATION_PREFERS_STRING_CATALOGS = YES;
				MTL_ENABLE_DEBUG_INFO = INCLUDE_SOURCE;
				MTL_FAST_MATH = YES;
				ONLY_ACTIVE_ARCH = YES;
				SDKROOT = iphoneos;
				SWIFT_ACTIVE_COMPILATION_CONDITIONS = "DEBUG $(inherited)";
				SWIFT_OPTIMIZATION_LEVEL = "-Onone";
			};
			name = Debug;
		};
		076016622A87CD55007CE9F5 /* Release */ = {
			isa = XCBuildConfiguration;
			buildSettings = {
				ALWAYS_SEARCH_USER_PATHS = NO;
				ASSETCATALOG_COMPILER_GENERATE_SWIFT_ASSET_SYMBOL_EXTENSIONS = YES;
				CLANG_ANALYZER_NONNULL = YES;
				CLANG_ANALYZER_NUMBER_OBJECT_CONVERSION = YES_AGGRESSIVE;
				CLANG_CXX_LANGUAGE_STANDARD = "gnu++20";
				CLANG_ENABLE_MODULES = YES;
				CLANG_ENABLE_OBJC_ARC = YES;
				CLANG_ENABLE_OBJC_WEAK = YES;
				CLANG_WARN_BLOCK_CAPTURE_AUTORELEASING = YES;
				CLANG_WARN_BOOL_CONVERSION = YES;
				CLANG_WARN_COMMA = YES;
				CLANG_WARN_CONSTANT_CONVERSION = YES;
				CLANG_WARN_DEPRECATED_OBJC_IMPLEMENTATIONS = YES;
				CLANG_WARN_DIRECT_OBJC_ISA_USAGE = YES_ERROR;
				CLANG_WARN_DOCUMENTATION_COMMENTS = YES;
				CLANG_WARN_EMPTY_BODY = YES;
				CLANG_WARN_ENUM_CONVERSION = YES;
				CLANG_WARN_INFINITE_RECURSION = YES;
				CLANG_WARN_INT_CONVERSION = YES;
				CLANG_WARN_NON_LITERAL_NULL_CONVERSION = YES;
				CLANG_WARN_OBJC_IMPLICIT_RETAIN_SELF = YES;
				CLANG_WARN_OBJC_LITERAL_CONVERSION = YES;
				CLANG_WARN_OBJC_ROOT_CLASS = YES_ERROR;
				CLANG_WARN_QUOTED_INCLUDE_IN_FRAMEWORK_HEADER = YES;
				CLANG_WARN_RANGE_LOOP_ANALYSIS = YES;
				CLANG_WARN_STRICT_PROTOTYPES = YES;
				CLANG_WARN_SUSPICIOUS_MOVE = YES;
				CLANG_WARN_UNGUARDED_AVAILABILITY = YES_AGGRESSIVE;
				CLANG_WARN_UNREACHABLE_CODE = YES;
				CLANG_WARN__DUPLICATE_METHOD_MATCH = YES;
				COPY_PHASE_STRIP = NO;
				DEBUG_INFORMATION_FORMAT = "dwarf-with-dsym";
				ENABLE_NS_ASSERTIONS = NO;
				ENABLE_STRICT_OBJC_MSGSEND = YES;
				ENABLE_USER_SCRIPT_SANDBOXING = YES;
				GCC_C_LANGUAGE_STANDARD = gnu17;
				GCC_NO_COMMON_BLOCKS = YES;
				GCC_WARN_64_TO_32_BIT_CONVERSION = YES;
				GCC_WARN_ABOUT_RETURN_TYPE = YES_ERROR;
				GCC_WARN_UNDECLARED_SELECTOR = YES;
				GCC_WARN_UNINITIALIZED_AUTOS = YES_AGGRESSIVE;
				GCC_WARN_UNUSED_FUNCTION = YES;
				GCC_WARN_UNUSED_VARIABLE = YES;
				IPHONEOS_DEPLOYMENT_TARGET = 17.0;
				LOCALIZATION_PREFERS_STRING_CATALOGS = YES;
				MTL_ENABLE_DEBUG_INFO = NO;
				MTL_FAST_MATH = YES;
				SDKROOT = iphoneos;
				SWIFT_COMPILATION_MODE = wholemodule;
				VALIDATE_PRODUCT = YES;
			};
			name = Release;
		};
		076016642A87CD55007CE9F5 /* Debug */ = {
			isa = XCBuildConfiguration;
			buildSettings = {
				ALWAYS_EMBED_SWIFT_STANDARD_LIBRARIES = YES;
				ASSETCATALOG_COMPILER_APPICON_NAME = AppIcon;
				ASSETCATALOG_COMPILER_GLOBAL_ACCENT_COLOR_NAME = AccentColor;
				CODE_SIGN_ENTITLEMENTS = Kontest/Kontest.entitlements;
				CODE_SIGN_STYLE = Automatic;
				CURRENT_PROJECT_VERSION = 1;
				DEVELOPMENT_ASSET_PATHS = "\"Kontest/Preview Content\"";
				DEVELOPMENT_TEAM = R2Z9FDM5M6;
				ENABLE_PREVIEWS = YES;
				GENERATE_INFOPLIST_FILE = YES;
				INFOPLIST_FILE = Kontest/Info.plist;
				INFOPLIST_KEY_LSApplicationCategoryType = "public.app-category.developer-tools";
				INFOPLIST_KEY_UIApplicationSceneManifest_Generation = YES;
				INFOPLIST_KEY_UIApplicationSupportsIndirectInputEvents = YES;
				INFOPLIST_KEY_UILaunchScreen_Generation = YES;
				INFOPLIST_KEY_UISupportedInterfaceOrientations = UIInterfaceOrientationPortrait;
				INFOPLIST_KEY_UISupportedInterfaceOrientations_iPad = "UIInterfaceOrientationLandscapeLeft UIInterfaceOrientationLandscapeRight UIInterfaceOrientationPortrait UIInterfaceOrientationPortraitUpsideDown";
				LD_RUNPATH_SEARCH_PATHS = (
					"$(inherited)",
					"@executable_path/Frameworks",
				);
				MARKETING_VERSION = 1.0;
				PRODUCT_BUNDLE_IDENTIFIER = com.ayushsinghal.Kontest;
				PRODUCT_NAME = "$(TARGET_NAME)";
				SUPPORTED_PLATFORMS = "iphoneos iphonesimulator macosx";
				SUPPORTS_MACCATALYST = NO;
				SUPPORTS_MAC_DESIGNED_FOR_IPHONE_IPAD = NO;
				SWIFT_EMIT_LOC_STRINGS = YES;
				SWIFT_VERSION = 5.0;
				TARGETED_DEVICE_FAMILY = "1,2";
			};
			name = Debug;
		};
		076016652A87CD55007CE9F5 /* Release */ = {
			isa = XCBuildConfiguration;
			buildSettings = {
				ALWAYS_EMBED_SWIFT_STANDARD_LIBRARIES = YES;
				ASSETCATALOG_COMPILER_APPICON_NAME = AppIcon;
				ASSETCATALOG_COMPILER_GLOBAL_ACCENT_COLOR_NAME = AccentColor;
				CODE_SIGN_ENTITLEMENTS = Kontest/Kontest.entitlements;
				CODE_SIGN_STYLE = Automatic;
				CURRENT_PROJECT_VERSION = 1;
				DEVELOPMENT_ASSET_PATHS = "\"Kontest/Preview Content\"";
				DEVELOPMENT_TEAM = R2Z9FDM5M6;
				ENABLE_PREVIEWS = YES;
				GENERATE_INFOPLIST_FILE = YES;
				INFOPLIST_FILE = Kontest/Info.plist;
				INFOPLIST_KEY_LSApplicationCategoryType = "public.app-category.developer-tools";
				INFOPLIST_KEY_UIApplicationSceneManifest_Generation = YES;
				INFOPLIST_KEY_UIApplicationSupportsIndirectInputEvents = YES;
				INFOPLIST_KEY_UILaunchScreen_Generation = YES;
				INFOPLIST_KEY_UISupportedInterfaceOrientations = UIInterfaceOrientationPortrait;
				INFOPLIST_KEY_UISupportedInterfaceOrientations_iPad = "UIInterfaceOrientationLandscapeLeft UIInterfaceOrientationLandscapeRight UIInterfaceOrientationPortrait UIInterfaceOrientationPortraitUpsideDown";
				LD_RUNPATH_SEARCH_PATHS = (
					"$(inherited)",
					"@executable_path/Frameworks",
				);
				MARKETING_VERSION = 1.0;
				PRODUCT_BUNDLE_IDENTIFIER = com.ayushsinghal.Kontest;
				PRODUCT_NAME = "$(TARGET_NAME)";
				SUPPORTED_PLATFORMS = "iphoneos iphonesimulator macosx";
				SUPPORTS_MACCATALYST = NO;
				SUPPORTS_MAC_DESIGNED_FOR_IPHONE_IPAD = NO;
				SWIFT_EMIT_LOC_STRINGS = YES;
				SWIFT_VERSION = 5.0;
				TARGETED_DEVICE_FAMILY = "1,2";
			};
			name = Release;
		};
		0764FF8A2ABC717F0060AC1F /* Debug */ = {
			isa = XCBuildConfiguration;
			buildSettings = {
				ASSETCATALOG_COMPILER_GLOBAL_ACCENT_COLOR_NAME = AccentColor;
				ASSETCATALOG_COMPILER_WIDGET_BACKGROUND_COLOR_NAME = WidgetBackground;
				CODE_SIGN_ENTITLEMENTS = "Upcoming Kontest iOS WidgetExtension.entitlements";
				CODE_SIGN_STYLE = Automatic;
				CURRENT_PROJECT_VERSION = 1;
				DEVELOPMENT_TEAM = R2Z9FDM5M6;
				GENERATE_INFOPLIST_FILE = YES;
				INFOPLIST_FILE = "Upcoming Kontest iOS Widget/Info.plist";
				INFOPLIST_KEY_CFBundleDisplayName = "Upcoming Kontest iOS Widget";
				INFOPLIST_KEY_NSHumanReadableCopyright = "";
				LD_RUNPATH_SEARCH_PATHS = (
					"$(inherited)",
					"@executable_path/Frameworks",
					"@executable_path/../../Frameworks",
				);
				MARKETING_VERSION = 1.0;
				PRODUCT_BUNDLE_IDENTIFIER = "com.ayushsinghal.Kontest.Upcoming-Kontest-iOS-Widget";
				PRODUCT_NAME = "$(TARGET_NAME)";
				SKIP_INSTALL = YES;
				SUPPORTED_PLATFORMS = "iphoneos iphonesimulator";
				SUPPORTS_MACCATALYST = NO;
				SUPPORTS_MAC_DESIGNED_FOR_IPHONE_IPAD = NO;
				SWIFT_EMIT_LOC_STRINGS = YES;
				SWIFT_VERSION = 5.0;
				TARGETED_DEVICE_FAMILY = "1,2";
			};
			name = Debug;
		};
		0764FF8B2ABC717F0060AC1F /* Release */ = {
			isa = XCBuildConfiguration;
			buildSettings = {
				ASSETCATALOG_COMPILER_GLOBAL_ACCENT_COLOR_NAME = AccentColor;
				ASSETCATALOG_COMPILER_WIDGET_BACKGROUND_COLOR_NAME = WidgetBackground;
				CODE_SIGN_ENTITLEMENTS = "Upcoming Kontest iOS WidgetExtension.entitlements";
				CODE_SIGN_STYLE = Automatic;
				CURRENT_PROJECT_VERSION = 1;
				DEVELOPMENT_TEAM = R2Z9FDM5M6;
				GENERATE_INFOPLIST_FILE = YES;
				INFOPLIST_FILE = "Upcoming Kontest iOS Widget/Info.plist";
				INFOPLIST_KEY_CFBundleDisplayName = "Upcoming Kontest iOS Widget";
				INFOPLIST_KEY_NSHumanReadableCopyright = "";
				LD_RUNPATH_SEARCH_PATHS = (
					"$(inherited)",
					"@executable_path/Frameworks",
					"@executable_path/../../Frameworks",
				);
				MARKETING_VERSION = 1.0;
				PRODUCT_BUNDLE_IDENTIFIER = "com.ayushsinghal.Kontest.Upcoming-Kontest-iOS-Widget";
				PRODUCT_NAME = "$(TARGET_NAME)";
				SKIP_INSTALL = YES;
				SUPPORTED_PLATFORMS = "iphoneos iphonesimulator";
				SUPPORTS_MACCATALYST = NO;
				SUPPORTS_MAC_DESIGNED_FOR_IPHONE_IPAD = NO;
				SWIFT_EMIT_LOC_STRINGS = YES;
				SWIFT_VERSION = 5.0;
				TARGETED_DEVICE_FAMILY = "1,2";
			};
			name = Release;
		};
		079F68162ABC80C2001B0EFE /* Debug */ = {
			isa = XCBuildConfiguration;
			buildSettings = {
				ASSETCATALOG_COMPILER_GLOBAL_ACCENT_COLOR_NAME = AccentColor;
				ASSETCATALOG_COMPILER_WIDGET_BACKGROUND_COLOR_NAME = WidgetBackground;
				CODE_SIGN_ENTITLEMENTS = "Upcoming Kontest macOS Widget/Upcoming_Kontest_macOS_Widget.entitlements";
				CODE_SIGN_STYLE = Automatic;
				CURRENT_PROJECT_VERSION = 1;
				DEVELOPMENT_TEAM = R2Z9FDM5M6;
				ENABLE_HARDENED_RUNTIME = YES;
				GENERATE_INFOPLIST_FILE = YES;
				INFOPLIST_FILE = "Upcoming Kontest macOS Widget/Info.plist";
				INFOPLIST_KEY_CFBundleDisplayName = "Upcoming Kontest macOS Widget";
				INFOPLIST_KEY_NSHumanReadableCopyright = "";
				LD_RUNPATH_SEARCH_PATHS = (
					"$(inherited)",
					"@executable_path/../Frameworks",
					"@executable_path/../../../../Frameworks",
				);
				MACOSX_DEPLOYMENT_TARGET = 14.0;
				MARKETING_VERSION = 1.0;
				PRODUCT_BUNDLE_IDENTIFIER = "com.ayushsinghal.Kontest.Upcoming-Kontest-macOS-Widget";
				PRODUCT_NAME = "$(TARGET_NAME)";
				SDKROOT = macosx;
				SKIP_INSTALL = YES;
				SWIFT_EMIT_LOC_STRINGS = YES;
				SWIFT_VERSION = 5.0;
			};
			name = Debug;
		};
		079F68172ABC80C2001B0EFE /* Release */ = {
			isa = XCBuildConfiguration;
			buildSettings = {
				ASSETCATALOG_COMPILER_GLOBAL_ACCENT_COLOR_NAME = AccentColor;
				ASSETCATALOG_COMPILER_WIDGET_BACKGROUND_COLOR_NAME = WidgetBackground;
				CODE_SIGN_ENTITLEMENTS = "Upcoming Kontest macOS Widget/Upcoming_Kontest_macOS_Widget.entitlements";
				CODE_SIGN_STYLE = Automatic;
				CURRENT_PROJECT_VERSION = 1;
				DEVELOPMENT_TEAM = R2Z9FDM5M6;
				ENABLE_HARDENED_RUNTIME = YES;
				GENERATE_INFOPLIST_FILE = YES;
				INFOPLIST_FILE = "Upcoming Kontest macOS Widget/Info.plist";
				INFOPLIST_KEY_CFBundleDisplayName = "Upcoming Kontest macOS Widget";
				INFOPLIST_KEY_NSHumanReadableCopyright = "";
				LD_RUNPATH_SEARCH_PATHS = (
					"$(inherited)",
					"@executable_path/../Frameworks",
					"@executable_path/../../../../Frameworks",
				);
				MACOSX_DEPLOYMENT_TARGET = 14.0;
				MARKETING_VERSION = 1.0;
				PRODUCT_BUNDLE_IDENTIFIER = "com.ayushsinghal.Kontest.Upcoming-Kontest-macOS-Widget";
				PRODUCT_NAME = "$(TARGET_NAME)";
				SDKROOT = macosx;
				SKIP_INSTALL = YES;
				SWIFT_EMIT_LOC_STRINGS = YES;
				SWIFT_VERSION = 5.0;
			};
			name = Release;
		};
/* End XCBuildConfiguration section */

/* Begin XCConfigurationList section */
		07183EAA2AB85633006C92AD /* Build configuration list for PBXNativeTarget "KontestTests" */ = {
			isa = XCConfigurationList;
			buildConfigurations = (
				07183EA82AB85633006C92AD /* Debug */,
				07183EA92AB85633006C92AD /* Release */,
			);
			defaultConfigurationIsVisible = 0;
			defaultConfigurationName = Release;
		};
		076016502A87CD52007CE9F5 /* Build configuration list for PBXProject "Kontest" */ = {
			isa = XCConfigurationList;
			buildConfigurations = (
				076016612A87CD55007CE9F5 /* Debug */,
				076016622A87CD55007CE9F5 /* Release */,
			);
			defaultConfigurationIsVisible = 0;
			defaultConfigurationName = Release;
		};
		076016632A87CD55007CE9F5 /* Build configuration list for PBXNativeTarget "Kontest" */ = {
			isa = XCConfigurationList;
			buildConfigurations = (
				076016642A87CD55007CE9F5 /* Debug */,
				076016652A87CD55007CE9F5 /* Release */,
			);
			defaultConfigurationIsVisible = 0;
			defaultConfigurationName = Release;
		};
		0764FF8C2ABC717F0060AC1F /* Build configuration list for PBXNativeTarget "Upcoming Kontest iOS WidgetExtension" */ = {
			isa = XCConfigurationList;
			buildConfigurations = (
				0764FF8A2ABC717F0060AC1F /* Debug */,
				0764FF8B2ABC717F0060AC1F /* Release */,
			);
			defaultConfigurationIsVisible = 0;
			defaultConfigurationName = Release;
		};
		079F68152ABC80C2001B0EFE /* Build configuration list for PBXNativeTarget "Upcoming Kontest macOS WidgetExtension" */ = {
			isa = XCConfigurationList;
			buildConfigurations = (
				079F68162ABC80C2001B0EFE /* Debug */,
				079F68172ABC80C2001B0EFE /* Release */,
			);
			defaultConfigurationIsVisible = 0;
			defaultConfigurationName = Release;
		};
/* End XCConfigurationList section */

/* Begin XCLocalSwiftPackageReference section */
		07ECFBC02AA582E3008513C6 /* XCLocalSwiftPackageReference "LeetCodeSchema" */ = {
			isa = XCLocalSwiftPackageReference;
			relativePath = LeetCodeSchema;
		};
/* End XCLocalSwiftPackageReference section */

/* Begin XCRemoteSwiftPackageReference section */
		07ECFBBD2AA582D2008513C6 /* XCRemoteSwiftPackageReference "apollo-ios" */ = {
			isa = XCRemoteSwiftPackageReference;
			repositoryURL = "https://github.com/apollographql/apollo-ios.git";
			requirement = {
				kind = upToNextMajorVersion;
				minimumVersion = 1.4.0;
			};
		};
/* End XCRemoteSwiftPackageReference section */

/* Begin XCSwiftPackageProductDependency section */
		0764FF9F2ABC72870060AC1F /* Apollo */ = {
			isa = XCSwiftPackageProductDependency;
			package = 07ECFBBD2AA582D2008513C6 /* XCRemoteSwiftPackageReference "apollo-ios" */;
			productName = Apollo;
		};
		079F68282ABC819A001B0EFE /* Apollo */ = {
			isa = XCSwiftPackageProductDependency;
			package = 07ECFBBD2AA582D2008513C6 /* XCRemoteSwiftPackageReference "apollo-ios" */;
			productName = Apollo;
		};
		07ECFBBE2AA582D2008513C6 /* Apollo */ = {
			isa = XCSwiftPackageProductDependency;
			package = 07ECFBBD2AA582D2008513C6 /* XCRemoteSwiftPackageReference "apollo-ios" */;
			productName = Apollo;
		};
		07ECFBC12AA582E3008513C6 /* LeetCodeSchema */ = {
			isa = XCSwiftPackageProductDependency;
			productName = LeetCodeSchema;
		};
/* End XCSwiftPackageProductDependency section */
	};
	rootObject = 0760164D2A87CD52007CE9F5 /* Project object */;
}
