// !$*UTF8*$!
{
	archiveVersion = 1;
	classes = {
	};
	objectVersion = 56;
	objects = {

/* Begin PBXBuildFile section */
		070029752A95C313006E6B2F /* AllNotificationMenu.swift in Sources */ = {isa = PBXBuildFile; fileRef = 070029742A95C313006E6B2F /* AllNotificationMenu.swift */; };
		070029772A95CB5A006E6B2F /* SingleNotificationMenu.swift in Sources */ = {isa = PBXBuildFile; fileRef = 070029762A95CB5A006E6B2F /* SingleNotificationMenu.swift */; };
		0705F8DE2A8DD45100594C3D /* PendingNotificationsScreen.swift in Sources */ = {isa = PBXBuildFile; fileRef = 0705F8DD2A8DD45100594C3D /* PendingNotificationsScreen.swift */; };
		0705F8E02A8DD45E00594C3D /* PendingNotificationsViewModel.swift in Sources */ = {isa = PBXBuildFile; fileRef = 0705F8DF2A8DD45E00594C3D /* PendingNotificationsViewModel.swift */; };
		071916952A8CDDBA00172270 /* CodeForcesUserRatingAPIDTO.swift in Sources */ = {isa = PBXBuildFile; fileRef = 071916942A8CDDBA00172270 /* CodeForcesUserRatingAPIDTO.swift */; };
		072A0F752A8D378C0038C8CE /* SettingsViewModel.swift in Sources */ = {isa = PBXBuildFile; fileRef = 072A0F742A8D378C0038C8CE /* SettingsViewModel.swift */; };
		072A0F772A8D38390038C8CE /* SettingsScreen.swift in Sources */ = {isa = PBXBuildFile; fileRef = 072A0F762A8D38390038C8CE /* SettingsScreen.swift */; };
		072A0F792A8D3D3C0038C8CE /* Screens.swift in Sources */ = {isa = PBXBuildFile; fileRef = 072A0F782A8D3D3C0038C8CE /* Screens.swift */; };
		073145022A9AFE9300150EE5 /* CodeChefAPIDTO.swift in Sources */ = {isa = PBXBuildFile; fileRef = 073145012A9AFE9300150EE5 /* CodeChefAPIDTO.swift */; };
		073145042A9AFEF200150EE5 /* CodeChefAPIModel.swift in Sources */ = {isa = PBXBuildFile; fileRef = 073145032A9AFEF200150EE5 /* CodeChefAPIModel.swift */; };
		073145062A9AFFAD00150EE5 /* CodeChefFetcher.swift in Sources */ = {isa = PBXBuildFile; fileRef = 073145052A9AFFAD00150EE5 /* CodeChefFetcher.swift */; };
		073145092A9B002200150EE5 /* CodeChefAPIRepository.swift in Sources */ = {isa = PBXBuildFile; fileRef = 073145082A9B002200150EE5 /* CodeChefAPIRepository.swift */; };
		0731450B2A9B00DE00150EE5 /* CodeChefViewModel.swift in Sources */ = {isa = PBXBuildFile; fileRef = 0731450A2A9B00DE00150EE5 /* CodeChefViewModel.swift */; };
		0731450F2A9B025300150EE5 /* CodeChefView.swift in Sources */ = {isa = PBXBuildFile; fileRef = 0731450E2A9B025300150EE5 /* CodeChefView.swift */; };
		074083932A890572009443B7 /* ClipboardUtility.swift in Sources */ = {isa = PBXBuildFile; fileRef = 074083922A890572009443B7 /* ClipboardUtility.swift */; };
		074083972A89066F009443B7 /* CalendarUtility.swift in Sources */ = {isa = PBXBuildFile; fileRef = 074083962A89066F009443B7 /* CalendarUtility.swift */; };
		074083992A8906B8009443B7 /* FontUtility.swift in Sources */ = {isa = PBXBuildFile; fileRef = 074083982A8906B8009443B7 /* FontUtility.swift */; };
		0740839B2A890754009443B7 /* LocalNotificationManager.swift in Sources */ = {isa = PBXBuildFile; fileRef = 0740839A2A890754009443B7 /* LocalNotificationManager.swift */; };
		0740839E2A890C40009443B7 /* KontestFetcher.swift in Sources */ = {isa = PBXBuildFile; fileRef = 0740839D2A890C40009443B7 /* KontestFetcher.swift */; };
		074083A22A890C79009443B7 /* KontestRepository.swift in Sources */ = {isa = PBXBuildFile; fileRef = 074083A12A890C79009443B7 /* KontestRepository.swift */; };
		074083A42A890DB3009443B7 /* AllKontestsFakeRepository.swift in Sources */ = {isa = PBXBuildFile; fileRef = 074083A32A890DB3009443B7 /* AllKontestsFakeRepository.swift */; };
		074518702A99046900FB7560 /* Router.swift in Sources */ = {isa = PBXBuildFile; fileRef = 0745186F2A99046900FB7560 /* Router.swift */; };
		074774DD2A8A748800B44A29 /* KontestDetailsScreen.swift in Sources */ = {isa = PBXBuildFile; fileRef = 074774DC2A8A748800B44A29 /* KontestDetailsScreen.swift */; };
		0748108B2A9A0C7A00A1CF55 /* CodeForcesUserInfoAPIDTO.swift in Sources */ = {isa = PBXBuildFile; fileRef = 0748108A2A9A0C7A00A1CF55 /* CodeForcesUserInfoAPIDTO.swift */; };
		0748108D2A9A0E7000A1CF55 /* CodeForcesUserInfoAPIModel.swift in Sources */ = {isa = PBXBuildFile; fileRef = 0748108C2A9A0E7000A1CF55 /* CodeForcesUserInfoAPIModel.swift */; };
		074EC8252A8BC5F300C51514 /* Constants.swift in Sources */ = {isa = PBXBuildFile; fileRef = 074EC8242A8BC5F300C51514 /* Constants.swift */; };
		0753BA1E2A8C99EA00C69AD6 /* LeetcodeAPIModel.swift in Sources */ = {isa = PBXBuildFile; fileRef = 0753BA1D2A8C99EA00C69AD6 /* LeetcodeAPIModel.swift */; };
		0753BA202A8C9A2400C69AD6 /* LeetcodeAPIRepository.swift in Sources */ = {isa = PBXBuildFile; fileRef = 0753BA1F2A8C9A2400C69AD6 /* LeetcodeAPIRepository.swift */; };
		0753BA242A8C9A7A00C69AD6 /* LeetcodeFetcher.swift in Sources */ = {isa = PBXBuildFile; fileRef = 0753BA232A8C9A7A00C69AD6 /* LeetcodeFetcher.swift */; };
		0753BA282A8C9B8800C69AD6 /* LeetcodeViewModel.swift in Sources */ = {isa = PBXBuildFile; fileRef = 0753BA272A8C9B8800C69AD6 /* LeetcodeViewModel.swift */; };
		0753BA2A2A8C9D0600C69AD6 /* LeetcodeScreen.swift in Sources */ = {isa = PBXBuildFile; fileRef = 0753BA292A8C9D0600C69AD6 /* LeetcodeScreen.swift */; };
		0753BA2C2A8CA24B00C69AD6 /* RatingsView.swift in Sources */ = {isa = PBXBuildFile; fileRef = 0753BA2B2A8CA24B00C69AD6 /* RatingsView.swift */; };
		0753BA3D2A8CC78A00C69AD6 /* CodeForcesUserRatingAPIModel.swift in Sources */ = {isa = PBXBuildFile; fileRef = 0753BA3C2A8CC78A00C69AD6 /* CodeForcesUserRatingAPIModel.swift */; };
		0753BA3F2A8CC86F00C69AD6 /* CodeForcesFetcher.swift in Sources */ = {isa = PBXBuildFile; fileRef = 0753BA3E2A8CC86F00C69AD6 /* CodeForcesFetcher.swift */; };
		0753BA422A8CC8BA00C69AD6 /* CodeForcesAPIRepository.swift in Sources */ = {isa = PBXBuildFile; fileRef = 0753BA412A8CC8BA00C69AD6 /* CodeForcesAPIRepository.swift */; };
		0753BA442A8CC92300C69AD6 /* CodeForcesViewModel.swift in Sources */ = {isa = PBXBuildFile; fileRef = 0753BA432A8CC92300C69AD6 /* CodeForcesViewModel.swift */; };
		0753BA482A8CCA6800C69AD6 /* CodeForcesScreen.swift in Sources */ = {isa = PBXBuildFile; fileRef = 0753BA472A8CCA6800C69AD6 /* CodeForcesScreen.swift */; };
		0753BA4C2A8CDC2F00C69AD6 /* LeetcodeAPIDTO.swift in Sources */ = {isa = PBXBuildFile; fileRef = 0753BA4B2A8CDC2F00C69AD6 /* LeetcodeAPIDTO.swift */; };
		076013B72A89650E008F4085 /* KontestModel.swift in Sources */ = {isa = PBXBuildFile; fileRef = 076013B62A89650E008F4085 /* KontestModel.swift */; };
		076013B92A8A1A78008F4085 /* KontestStatus.swift in Sources */ = {isa = PBXBuildFile; fileRef = 076013B82A8A1A78008F4085 /* KontestStatus.swift */; };
		076013BB2A8A2376008F4085 /* NoKontestsScreen.swift in Sources */ = {isa = PBXBuildFile; fileRef = 076013BA2A8A2376008F4085 /* NoKontestsScreen.swift */; };
		076016592A87CD52007CE9F5 /* KontestApp.swift in Sources */ = {isa = PBXBuildFile; fileRef = 076016582A87CD52007CE9F5 /* KontestApp.swift */; };
		0760165D2A87CD55007CE9F5 /* Assets.xcassets in Resources */ = {isa = PBXBuildFile; fileRef = 0760165C2A87CD55007CE9F5 /* Assets.xcassets */; };
		076016602A87CD55007CE9F5 /* Preview Assets.xcassets in Resources */ = {isa = PBXBuildFile; fileRef = 0760165F2A87CD55007CE9F5 /* Preview Assets.xcassets */; };
		0760166E2A87CD72007CE9F5 /* KontestDTO.swift in Sources */ = {isa = PBXBuildFile; fileRef = 076016672A87CD72007CE9F5 /* KontestDTO.swift */; };
		0760166F2A87CD72007CE9F5 /* AllKontestsScreen.swift in Sources */ = {isa = PBXBuildFile; fileRef = 076016692A87CD72007CE9F5 /* AllKontestsScreen.swift */; };
		076016702A87CD72007CE9F5 /* DownloadData.swift in Sources */ = {isa = PBXBuildFile; fileRef = 0760166B2A87CD72007CE9F5 /* DownloadData.swift */; };
		076016712A87CD72007CE9F5 /* AllKontestsViewModel.swift in Sources */ = {isa = PBXBuildFile; fileRef = 0760166D2A87CD72007CE9F5 /* AllKontestsViewModel.swift */; };
		076A1E7F2A8A8F7B00FBBB4C /* SingleKontestView.swift in Sources */ = {isa = PBXBuildFile; fileRef = 076A1E7E2A8A8F7B00FBBB4C /* SingleKontestView.swift */; };
		076A1E812A8AA36300FBBB4C /* BlinkingDotView.swift in Sources */ = {isa = PBXBuildFile; fileRef = 076A1E802A8AA36300FBBB4C /* BlinkingDotView.swift */; };
/* End PBXBuildFile section */

/* Begin PBXFileReference section */
		070029742A95C313006E6B2F /* AllNotificationMenu.swift */ = {isa = PBXFileReference; lastKnownFileType = sourcecode.swift; path = AllNotificationMenu.swift; sourceTree = "<group>"; };
		070029762A95CB5A006E6B2F /* SingleNotificationMenu.swift */ = {isa = PBXFileReference; lastKnownFileType = sourcecode.swift; path = SingleNotificationMenu.swift; sourceTree = "<group>"; };
		0705F8DD2A8DD45100594C3D /* PendingNotificationsScreen.swift */ = {isa = PBXFileReference; lastKnownFileType = sourcecode.swift; path = PendingNotificationsScreen.swift; sourceTree = "<group>"; };
		0705F8DF2A8DD45E00594C3D /* PendingNotificationsViewModel.swift */ = {isa = PBXFileReference; lastKnownFileType = sourcecode.swift; path = PendingNotificationsViewModel.swift; sourceTree = "<group>"; };
		071916942A8CDDBA00172270 /* CodeForcesUserRatingAPIDTO.swift */ = {isa = PBXFileReference; lastKnownFileType = sourcecode.swift; path = CodeForcesUserRatingAPIDTO.swift; sourceTree = "<group>"; };
		072A0F742A8D378C0038C8CE /* SettingsViewModel.swift */ = {isa = PBXFileReference; lastKnownFileType = sourcecode.swift; path = SettingsViewModel.swift; sourceTree = "<group>"; };
		072A0F762A8D38390038C8CE /* SettingsScreen.swift */ = {isa = PBXFileReference; lastKnownFileType = sourcecode.swift; path = SettingsScreen.swift; sourceTree = "<group>"; };
		072A0F782A8D3D3C0038C8CE /* Screens.swift */ = {isa = PBXFileReference; lastKnownFileType = sourcecode.swift; path = Screens.swift; sourceTree = "<group>"; };
		073145012A9AFE9300150EE5 /* CodeChefAPIDTO.swift */ = {isa = PBXFileReference; lastKnownFileType = sourcecode.swift; path = CodeChefAPIDTO.swift; sourceTree = "<group>"; };
		073145032A9AFEF200150EE5 /* CodeChefAPIModel.swift */ = {isa = PBXFileReference; lastKnownFileType = sourcecode.swift; path = CodeChefAPIModel.swift; sourceTree = "<group>"; };
		073145052A9AFFAD00150EE5 /* CodeChefFetcher.swift */ = {isa = PBXFileReference; lastKnownFileType = sourcecode.swift; path = CodeChefFetcher.swift; sourceTree = "<group>"; };
		073145082A9B002200150EE5 /* CodeChefAPIRepository.swift */ = {isa = PBXFileReference; lastKnownFileType = sourcecode.swift; path = CodeChefAPIRepository.swift; sourceTree = "<group>"; };
		0731450A2A9B00DE00150EE5 /* CodeChefViewModel.swift */ = {isa = PBXFileReference; lastKnownFileType = sourcecode.swift; path = CodeChefViewModel.swift; sourceTree = "<group>"; };
		0731450E2A9B025300150EE5 /* CodeChefView.swift */ = {isa = PBXFileReference; lastKnownFileType = sourcecode.swift; path = CodeChefView.swift; sourceTree = "<group>"; };
		074083922A890572009443B7 /* ClipboardUtility.swift */ = {isa = PBXFileReference; lastKnownFileType = sourcecode.swift; path = ClipboardUtility.swift; sourceTree = "<group>"; };
		074083962A89066F009443B7 /* CalendarUtility.swift */ = {isa = PBXFileReference; lastKnownFileType = sourcecode.swift; path = CalendarUtility.swift; sourceTree = "<group>"; };
		074083982A8906B8009443B7 /* FontUtility.swift */ = {isa = PBXFileReference; lastKnownFileType = sourcecode.swift; path = FontUtility.swift; sourceTree = "<group>"; };
		0740839A2A890754009443B7 /* LocalNotificationManager.swift */ = {isa = PBXFileReference; lastKnownFileType = sourcecode.swift; path = LocalNotificationManager.swift; sourceTree = "<group>"; };
		0740839D2A890C40009443B7 /* KontestFetcher.swift */ = {isa = PBXFileReference; lastKnownFileType = sourcecode.swift; path = KontestFetcher.swift; sourceTree = "<group>"; };
		074083A12A890C79009443B7 /* KontestRepository.swift */ = {isa = PBXFileReference; lastKnownFileType = sourcecode.swift; path = KontestRepository.swift; sourceTree = "<group>"; };
		074083A32A890DB3009443B7 /* AllKontestsFakeRepository.swift */ = {isa = PBXFileReference; lastKnownFileType = sourcecode.swift; path = AllKontestsFakeRepository.swift; sourceTree = "<group>"; };
		0745186F2A99046900FB7560 /* Router.swift */ = {isa = PBXFileReference; lastKnownFileType = sourcecode.swift; path = Router.swift; sourceTree = "<group>"; };
		074774DC2A8A748800B44A29 /* KontestDetailsScreen.swift */ = {isa = PBXFileReference; lastKnownFileType = sourcecode.swift; path = KontestDetailsScreen.swift; sourceTree = "<group>"; };
		0748108A2A9A0C7A00A1CF55 /* CodeForcesUserInfoAPIDTO.swift */ = {isa = PBXFileReference; lastKnownFileType = sourcecode.swift; path = CodeForcesUserInfoAPIDTO.swift; sourceTree = "<group>"; };
		0748108C2A9A0E7000A1CF55 /* CodeForcesUserInfoAPIModel.swift */ = {isa = PBXFileReference; lastKnownFileType = sourcecode.swift; path = CodeForcesUserInfoAPIModel.swift; sourceTree = "<group>"; };
		074EC8242A8BC5F300C51514 /* Constants.swift */ = {isa = PBXFileReference; lastKnownFileType = sourcecode.swift; path = Constants.swift; sourceTree = "<group>"; };
		0753BA1D2A8C99EA00C69AD6 /* LeetcodeAPIModel.swift */ = {isa = PBXFileReference; lastKnownFileType = sourcecode.swift; path = LeetcodeAPIModel.swift; sourceTree = "<group>"; };
		0753BA1F2A8C9A2400C69AD6 /* LeetcodeAPIRepository.swift */ = {isa = PBXFileReference; lastKnownFileType = sourcecode.swift; path = LeetcodeAPIRepository.swift; sourceTree = "<group>"; };
		0753BA232A8C9A7A00C69AD6 /* LeetcodeFetcher.swift */ = {isa = PBXFileReference; lastKnownFileType = sourcecode.swift; path = LeetcodeFetcher.swift; sourceTree = "<group>"; };
		0753BA272A8C9B8800C69AD6 /* LeetcodeViewModel.swift */ = {isa = PBXFileReference; lastKnownFileType = sourcecode.swift; path = LeetcodeViewModel.swift; sourceTree = "<group>"; };
		0753BA292A8C9D0600C69AD6 /* LeetcodeScreen.swift */ = {isa = PBXFileReference; lastKnownFileType = sourcecode.swift; path = LeetcodeScreen.swift; sourceTree = "<group>"; };
		0753BA2B2A8CA24B00C69AD6 /* RatingsView.swift */ = {isa = PBXFileReference; lastKnownFileType = sourcecode.swift; path = RatingsView.swift; sourceTree = "<group>"; };
		0753BA3C2A8CC78A00C69AD6 /* CodeForcesUserRatingAPIModel.swift */ = {isa = PBXFileReference; lastKnownFileType = sourcecode.swift; path = CodeForcesUserRatingAPIModel.swift; sourceTree = "<group>"; };
		0753BA3E2A8CC86F00C69AD6 /* CodeForcesFetcher.swift */ = {isa = PBXFileReference; lastKnownFileType = sourcecode.swift; path = CodeForcesFetcher.swift; sourceTree = "<group>"; };
		0753BA412A8CC8BA00C69AD6 /* CodeForcesAPIRepository.swift */ = {isa = PBXFileReference; lastKnownFileType = sourcecode.swift; path = CodeForcesAPIRepository.swift; sourceTree = "<group>"; };
		0753BA432A8CC92300C69AD6 /* CodeForcesViewModel.swift */ = {isa = PBXFileReference; lastKnownFileType = sourcecode.swift; path = CodeForcesViewModel.swift; sourceTree = "<group>"; };
		0753BA472A8CCA6800C69AD6 /* CodeForcesScreen.swift */ = {isa = PBXFileReference; lastKnownFileType = sourcecode.swift; path = CodeForcesScreen.swift; sourceTree = "<group>"; };
		0753BA4B2A8CDC2F00C69AD6 /* LeetcodeAPIDTO.swift */ = {isa = PBXFileReference; lastKnownFileType = sourcecode.swift; path = LeetcodeAPIDTO.swift; sourceTree = "<group>"; };
		076013B62A89650E008F4085 /* KontestModel.swift */ = {isa = PBXFileReference; lastKnownFileType = sourcecode.swift; path = KontestModel.swift; sourceTree = "<group>"; };
		076013B82A8A1A78008F4085 /* KontestStatus.swift */ = {isa = PBXFileReference; lastKnownFileType = sourcecode.swift; path = KontestStatus.swift; sourceTree = "<group>"; };
		076013BA2A8A2376008F4085 /* NoKontestsScreen.swift */ = {isa = PBXFileReference; lastKnownFileType = sourcecode.swift; path = NoKontestsScreen.swift; sourceTree = "<group>"; };
		076016552A87CD52007CE9F5 /* Kontest.app */ = {isa = PBXFileReference; explicitFileType = wrapper.application; includeInIndex = 0; path = Kontest.app; sourceTree = BUILT_PRODUCTS_DIR; };
		076016582A87CD52007CE9F5 /* KontestApp.swift */ = {isa = PBXFileReference; lastKnownFileType = sourcecode.swift; path = KontestApp.swift; sourceTree = "<group>"; };
		0760165C2A87CD55007CE9F5 /* Assets.xcassets */ = {isa = PBXFileReference; lastKnownFileType = folder.assetcatalog; path = Assets.xcassets; sourceTree = "<group>"; };
		0760165F2A87CD55007CE9F5 /* Preview Assets.xcassets */ = {isa = PBXFileReference; lastKnownFileType = folder.assetcatalog; path = "Preview Assets.xcassets"; sourceTree = "<group>"; };
		076016672A87CD72007CE9F5 /* KontestDTO.swift */ = {isa = PBXFileReference; fileEncoding = 4; lastKnownFileType = sourcecode.swift; path = KontestDTO.swift; sourceTree = "<group>"; };
		076016692A87CD72007CE9F5 /* AllKontestsScreen.swift */ = {isa = PBXFileReference; fileEncoding = 4; lastKnownFileType = sourcecode.swift; path = AllKontestsScreen.swift; sourceTree = "<group>"; };
		0760166B2A87CD72007CE9F5 /* DownloadData.swift */ = {isa = PBXFileReference; fileEncoding = 4; lastKnownFileType = sourcecode.swift; path = DownloadData.swift; sourceTree = "<group>"; };
		0760166D2A87CD72007CE9F5 /* AllKontestsViewModel.swift */ = {isa = PBXFileReference; fileEncoding = 4; lastKnownFileType = sourcecode.swift; path = AllKontestsViewModel.swift; sourceTree = "<group>"; };
		076A1E7E2A8A8F7B00FBBB4C /* SingleKontestView.swift */ = {isa = PBXFileReference; lastKnownFileType = sourcecode.swift; path = SingleKontestView.swift; sourceTree = "<group>"; };
		076A1E802A8AA36300FBBB4C /* BlinkingDotView.swift */ = {isa = PBXFileReference; lastKnownFileType = sourcecode.swift; path = BlinkingDotView.swift; sourceTree = "<group>"; };
/* End PBXFileReference section */

/* Begin PBXFrameworksBuildPhase section */
		076016522A87CD52007CE9F5 /* Frameworks */ = {
			isa = PBXFrameworksBuildPhase;
			buildActionMask = 2147483647;
			files = (
			);
			runOnlyForDeploymentPostprocessing = 0;
		};
/* End PBXFrameworksBuildPhase section */

/* Begin PBXGroup section */
		073145072A9B000F00150EE5 /* CodeChefRepository */ = {
			isa = PBXGroup;
			children = (
				073145082A9B002200150EE5 /* CodeChefAPIRepository.swift */,
			);
			path = CodeChefRepository;
			sourceTree = "<group>";
		};
		0740839C2A890C34009443B7 /* Protocols */ = {
			isa = PBXGroup;
			children = (
				0740839D2A890C40009443B7 /* KontestFetcher.swift */,
				0753BA232A8C9A7A00C69AD6 /* LeetcodeFetcher.swift */,
				0753BA3E2A8CC86F00C69AD6 /* CodeForcesFetcher.swift */,
				073145052A9AFFAD00150EE5 /* CodeChefFetcher.swift */,
			);
			path = Protocols;
			sourceTree = "<group>";
		};
		074083A02A890C68009443B7 /* Repositories */ = {
			isa = PBXGroup;
			children = (
				073145072A9B000F00150EE5 /* CodeChefRepository */,
				0753BA402A8CC8AA00C69AD6 /* CodeForcesRepository */,
				0753BA222A8C9A4000C69AD6 /* LeetcodeRepository */,
				0753BA212A8C9A2E00C69AD6 /* KontestRepository */,
			);
			path = Repositories;
			sourceTree = "<group>";
		};
		0753BA212A8C9A2E00C69AD6 /* KontestRepository */ = {
			isa = PBXGroup;
			children = (
				074083A12A890C79009443B7 /* KontestRepository.swift */,
				074083A32A890DB3009443B7 /* AllKontestsFakeRepository.swift */,
			);
			path = KontestRepository;
			sourceTree = "<group>";
		};
		0753BA222A8C9A4000C69AD6 /* LeetcodeRepository */ = {
			isa = PBXGroup;
			children = (
				0753BA1F2A8C9A2400C69AD6 /* LeetcodeAPIRepository.swift */,
			);
			path = LeetcodeRepository;
			sourceTree = "<group>";
		};
		0753BA402A8CC8AA00C69AD6 /* CodeForcesRepository */ = {
			isa = PBXGroup;
			children = (
				0753BA412A8CC8BA00C69AD6 /* CodeForcesAPIRepository.swift */,
			);
			path = CodeForcesRepository;
			sourceTree = "<group>";
		};
		076013B52A896501008F4085 /* Models */ = {
			isa = PBXGroup;
			children = (
				076013B62A89650E008F4085 /* KontestModel.swift */,
				076013B82A8A1A78008F4085 /* KontestStatus.swift */,
				0753BA1D2A8C99EA00C69AD6 /* LeetcodeAPIModel.swift */,
				0753BA3C2A8CC78A00C69AD6 /* CodeForcesUserRatingAPIModel.swift */,
				0748108C2A9A0E7000A1CF55 /* CodeForcesUserInfoAPIModel.swift */,
				073145032A9AFEF200150EE5 /* CodeChefAPIModel.swift */,
			);
			path = Models;
			sourceTree = "<group>";
		};
		0760164C2A87CD52007CE9F5 = {
			isa = PBXGroup;
			children = (
				076016572A87CD52007CE9F5 /* Kontest */,
				076016562A87CD52007CE9F5 /* Products */,
			);
			sourceTree = "<group>";
		};
		076016562A87CD52007CE9F5 /* Products */ = {
			isa = PBXGroup;
			children = (
				076016552A87CD52007CE9F5 /* Kontest.app */,
			);
			name = Products;
			sourceTree = "<group>";
		};
		076016572A87CD52007CE9F5 /* Kontest */ = {
			isa = PBXGroup;
			children = (
				076016582A87CD52007CE9F5 /* KontestApp.swift */,
				076016662A87CD72007CE9F5 /* DTOs */,
				076013B52A896501008F4085 /* Models */,
				076016682A87CD72007CE9F5 /* Screens */,
				0740839C2A890C34009443B7 /* Protocols */,
				074083A02A890C68009443B7 /* Repositories */,
				0760166C2A87CD72007CE9F5 /* ViewModels */,
				0760166A2A87CD72007CE9F5 /* Utilities */,
				0760165C2A87CD55007CE9F5 /* Assets.xcassets */,
				0760165E2A87CD55007CE9F5 /* Preview Content */,
			);
			path = Kontest;
			sourceTree = "<group>";
		};
		0760165E2A87CD55007CE9F5 /* Preview Content */ = {
			isa = PBXGroup;
			children = (
				0760165F2A87CD55007CE9F5 /* Preview Assets.xcassets */,
			);
			path = "Preview Content";
			sourceTree = "<group>";
		};
		076016662A87CD72007CE9F5 /* DTOs */ = {
			isa = PBXGroup;
			children = (
				076016672A87CD72007CE9F5 /* KontestDTO.swift */,
				0753BA4B2A8CDC2F00C69AD6 /* LeetcodeAPIDTO.swift */,
				071916942A8CDDBA00172270 /* CodeForcesUserRatingAPIDTO.swift */,
				0748108A2A9A0C7A00A1CF55 /* CodeForcesUserInfoAPIDTO.swift */,
				073145012A9AFE9300150EE5 /* CodeChefAPIDTO.swift */,
			);
			path = DTOs;
			sourceTree = "<group>";
		};
		076016682A87CD72007CE9F5 /* Screens */ = {
			isa = PBXGroup;
			children = (
				076016692A87CD72007CE9F5 /* AllKontestsScreen.swift */,
				076013BA2A8A2376008F4085 /* NoKontestsScreen.swift */,
				074774DC2A8A748800B44A29 /* KontestDetailsScreen.swift */,
				076A1E7E2A8A8F7B00FBBB4C /* SingleKontestView.swift */,
				076A1E802A8AA36300FBBB4C /* BlinkingDotView.swift */,
				0753BA292A8C9D0600C69AD6 /* LeetcodeScreen.swift */,
				0753BA2B2A8CA24B00C69AD6 /* RatingsView.swift */,
				0753BA472A8CCA6800C69AD6 /* CodeForcesScreen.swift */,
				072A0F762A8D38390038C8CE /* SettingsScreen.swift */,
				0705F8DD2A8DD45100594C3D /* PendingNotificationsScreen.swift */,
				070029742A95C313006E6B2F /* AllNotificationMenu.swift */,
				070029762A95CB5A006E6B2F /* SingleNotificationMenu.swift */,
				0731450E2A9B025300150EE5 /* CodeChefView.swift */,
			);
			path = Screens;
			sourceTree = "<group>";
		};
		0760166A2A87CD72007CE9F5 /* Utilities */ = {
			isa = PBXGroup;
			children = (
				0760166B2A87CD72007CE9F5 /* DownloadData.swift */,
				074083922A890572009443B7 /* ClipboardUtility.swift */,
				074083962A89066F009443B7 /* CalendarUtility.swift */,
				074083982A8906B8009443B7 /* FontUtility.swift */,
				0740839A2A890754009443B7 /* LocalNotificationManager.swift */,
				074EC8242A8BC5F300C51514 /* Constants.swift */,
				072A0F782A8D3D3C0038C8CE /* Screens.swift */,
				0745186F2A99046900FB7560 /* Router.swift */,
			);
			path = Utilities;
			sourceTree = "<group>";
		};
		0760166C2A87CD72007CE9F5 /* ViewModels */ = {
			isa = PBXGroup;
			children = (
				0760166D2A87CD72007CE9F5 /* AllKontestsViewModel.swift */,
				0753BA272A8C9B8800C69AD6 /* LeetcodeViewModel.swift */,
				0753BA432A8CC92300C69AD6 /* CodeForcesViewModel.swift */,
				0731450A2A9B00DE00150EE5 /* CodeChefViewModel.swift */,
				072A0F742A8D378C0038C8CE /* SettingsViewModel.swift */,
				0705F8DF2A8DD45E00594C3D /* PendingNotificationsViewModel.swift */,
			);
			path = ViewModels;
			sourceTree = "<group>";
		};
/* End PBXGroup section */

/* Begin PBXNativeTarget section */
		076016542A87CD52007CE9F5 /* Kontest */ = {
			isa = PBXNativeTarget;
			buildConfigurationList = 076016632A87CD55007CE9F5 /* Build configuration list for PBXNativeTarget "Kontest" */;
			buildPhases = (
				076016512A87CD52007CE9F5 /* Sources */,
				076016522A87CD52007CE9F5 /* Frameworks */,
				076016532A87CD52007CE9F5 /* Resources */,
			);
			buildRules = (
			);
			dependencies = (
			);
			name = Kontest;
			productName = "Coding Kontest";
			productReference = 076016552A87CD52007CE9F5 /* Kontest.app */;
			productType = "com.apple.product-type.application";
		};
/* End PBXNativeTarget section */

/* Begin PBXProject section */
		0760164D2A87CD52007CE9F5 /* Project object */ = {
			isa = PBXProject;
			attributes = {
				BuildIndependentTargetsInParallel = 1;
				LastSwiftUpdateCheck = 1500;
				LastUpgradeCheck = 1500;
				TargetAttributes = {
					076016542A87CD52007CE9F5 = {
						CreatedOnToolsVersion = 15.0;
					};
				};
			};
			buildConfigurationList = 076016502A87CD52007CE9F5 /* Build configuration list for PBXProject "Kontest" */;
			compatibilityVersion = "Xcode 14.0";
			developmentRegion = en;
			hasScannedForEncodings = 0;
			knownRegions = (
				en,
				Base,
			);
			mainGroup = 0760164C2A87CD52007CE9F5;
			productRefGroup = 076016562A87CD52007CE9F5 /* Products */;
			projectDirPath = "";
			projectRoot = "";
			targets = (
				076016542A87CD52007CE9F5 /* Kontest */,
			);
		};
/* End PBXProject section */

/* Begin PBXResourcesBuildPhase section */
		076016532A87CD52007CE9F5 /* Resources */ = {
			isa = PBXResourcesBuildPhase;
			buildActionMask = 2147483647;
			files = (
				076016602A87CD55007CE9F5 /* Preview Assets.xcassets in Resources */,
				0760165D2A87CD55007CE9F5 /* Assets.xcassets in Resources */,
			);
			runOnlyForDeploymentPostprocessing = 0;
		};
/* End PBXResourcesBuildPhase section */

/* Begin PBXSourcesBuildPhase section */
		076016512A87CD52007CE9F5 /* Sources */ = {
			isa = PBXSourcesBuildPhase;
			buildActionMask = 2147483647;
			files = (
				0740839E2A890C40009443B7 /* KontestFetcher.swift in Sources */,
				0753BA442A8CC92300C69AD6 /* CodeForcesViewModel.swift in Sources */,
				0753BA422A8CC8BA00C69AD6 /* CodeForcesAPIRepository.swift in Sources */,
				0753BA202A8C9A2400C69AD6 /* LeetcodeAPIRepository.swift in Sources */,
				0753BA2C2A8CA24B00C69AD6 /* RatingsView.swift in Sources */,
				074EC8252A8BC5F300C51514 /* Constants.swift in Sources */,
				0753BA282A8C9B8800C69AD6 /* LeetcodeViewModel.swift in Sources */,
				074083A42A890DB3009443B7 /* AllKontestsFakeRepository.swift in Sources */,
				072A0F752A8D378C0038C8CE /* SettingsViewModel.swift in Sources */,
				0753BA242A8C9A7A00C69AD6 /* LeetcodeFetcher.swift in Sources */,
				074083932A890572009443B7 /* ClipboardUtility.swift in Sources */,
				0705F8E02A8DD45E00594C3D /* PendingNotificationsViewModel.swift in Sources */,
				072A0F792A8D3D3C0038C8CE /* Screens.swift in Sources */,
				070029752A95C313006E6B2F /* AllNotificationMenu.swift in Sources */,
				074083972A89066F009443B7 /* CalendarUtility.swift in Sources */,
				0753BA1E2A8C99EA00C69AD6 /* LeetcodeAPIModel.swift in Sources */,
				073145062A9AFFAD00150EE5 /* CodeChefFetcher.swift in Sources */,
				074774DD2A8A748800B44A29 /* KontestDetailsScreen.swift in Sources */,
				074083A22A890C79009443B7 /* KontestRepository.swift in Sources */,
				0740839B2A890754009443B7 /* LocalNotificationManager.swift in Sources */,
				071916952A8CDDBA00172270 /* CodeForcesUserRatingAPIDTO.swift in Sources */,
				073145092A9B002200150EE5 /* CodeChefAPIRepository.swift in Sources */,
				076016702A87CD72007CE9F5 /* DownloadData.swift in Sources */,
				0753BA3F2A8CC86F00C69AD6 /* CodeForcesFetcher.swift in Sources */,
				0705F8DE2A8DD45100594C3D /* PendingNotificationsScreen.swift in Sources */,
				0731450F2A9B025300150EE5 /* CodeChefView.swift in Sources */,
				076016592A87CD52007CE9F5 /* KontestApp.swift in Sources */,
				0748108D2A9A0E7000A1CF55 /* CodeForcesUserInfoAPIModel.swift in Sources */,
				0753BA4C2A8CDC2F00C69AD6 /* LeetcodeAPIDTO.swift in Sources */,
				076013BB2A8A2376008F4085 /* NoKontestsScreen.swift in Sources */,
				076016712A87CD72007CE9F5 /* AllKontestsViewModel.swift in Sources */,
				076A1E7F2A8A8F7B00FBBB4C /* SingleKontestView.swift in Sources */,
				0760166F2A87CD72007CE9F5 /* AllKontestsScreen.swift in Sources */,
				0748108B2A9A0C7A00A1CF55 /* CodeForcesUserInfoAPIDTO.swift in Sources */,
				0753BA482A8CCA6800C69AD6 /* CodeForcesScreen.swift in Sources */,
				076A1E812A8AA36300FBBB4C /* BlinkingDotView.swift in Sources */,
				073145042A9AFEF200150EE5 /* CodeChefAPIModel.swift in Sources */,
				076013B72A89650E008F4085 /* KontestModel.swift in Sources */,
				074518702A99046900FB7560 /* Router.swift in Sources */,
				072A0F772A8D38390038C8CE /* SettingsScreen.swift in Sources */,
				0753BA2A2A8C9D0600C69AD6 /* LeetcodeScreen.swift in Sources */,
				076013B92A8A1A78008F4085 /* KontestStatus.swift in Sources */,
				0731450B2A9B00DE00150EE5 /* CodeChefViewModel.swift in Sources */,
				0753BA3D2A8CC78A00C69AD6 /* CodeForcesUserRatingAPIModel.swift in Sources */,
				073145022A9AFE9300150EE5 /* CodeChefAPIDTO.swift in Sources */,
				0760166E2A87CD72007CE9F5 /* KontestDTO.swift in Sources */,
				070029772A95CB5A006E6B2F /* SingleNotificationMenu.swift in Sources */,
				074083992A8906B8009443B7 /* FontUtility.swift in Sources */,
			);
			runOnlyForDeploymentPostprocessing = 0;
		};
/* End PBXSourcesBuildPhase section */

/* Begin XCBuildConfiguration section */
		076016612A87CD55007CE9F5 /* Debug */ = {
			isa = XCBuildConfiguration;
			buildSettings = {
				ALWAYS_SEARCH_USER_PATHS = NO;
				ASSETCATALOG_COMPILER_GENERATE_SWIFT_ASSET_SYMBOL_EXTENSIONS = YES;
				CLANG_ANALYZER_NONNULL = YES;
				CLANG_ANALYZER_NUMBER_OBJECT_CONVERSION = YES_AGGRESSIVE;
				CLANG_CXX_LANGUAGE_STANDARD = "gnu++20";
				CLANG_ENABLE_MODULES = YES;
				CLANG_ENABLE_OBJC_ARC = YES;
				CLANG_ENABLE_OBJC_WEAK = YES;
				CLANG_WARN_BLOCK_CAPTURE_AUTORELEASING = YES;
				CLANG_WARN_BOOL_CONVERSION = YES;
				CLANG_WARN_COMMA = YES;
				CLANG_WARN_CONSTANT_CONVERSION = YES;
				CLANG_WARN_DEPRECATED_OBJC_IMPLEMENTATIONS = YES;
				CLANG_WARN_DIRECT_OBJC_ISA_USAGE = YES_ERROR;
				CLANG_WARN_DOCUMENTATION_COMMENTS = YES;
				CLANG_WARN_EMPTY_BODY = YES;
				CLANG_WARN_ENUM_CONVERSION = YES;
				CLANG_WARN_INFINITE_RECURSION = YES;
				CLANG_WARN_INT_CONVERSION = YES;
				CLANG_WARN_NON_LITERAL_NULL_CONVERSION = YES;
				CLANG_WARN_OBJC_IMPLICIT_RETAIN_SELF = YES;
				CLANG_WARN_OBJC_LITERAL_CONVERSION = YES;
				CLANG_WARN_OBJC_ROOT_CLASS = YES_ERROR;
				CLANG_WARN_QUOTED_INCLUDE_IN_FRAMEWORK_HEADER = YES;
				CLANG_WARN_RANGE_LOOP_ANALYSIS = YES;
				CLANG_WARN_STRICT_PROTOTYPES = YES;
				CLANG_WARN_SUSPICIOUS_MOVE = YES;
				CLANG_WARN_UNGUARDED_AVAILABILITY = YES_AGGRESSIVE;
				CLANG_WARN_UNREACHABLE_CODE = YES;
				CLANG_WARN__DUPLICATE_METHOD_MATCH = YES;
				COPY_PHASE_STRIP = NO;
				DEBUG_INFORMATION_FORMAT = dwarf;
				ENABLE_STRICT_OBJC_MSGSEND = YES;
				ENABLE_TESTABILITY = YES;
				ENABLE_USER_SCRIPT_SANDBOXING = YES;
				GCC_C_LANGUAGE_STANDARD = gnu17;
				GCC_DYNAMIC_NO_PIC = NO;
				GCC_NO_COMMON_BLOCKS = YES;
				GCC_OPTIMIZATION_LEVEL = 0;
				GCC_PREPROCESSOR_DEFINITIONS = (
					"DEBUG=1",
					"$(inherited)",
				);
				GCC_WARN_64_TO_32_BIT_CONVERSION = YES;
				GCC_WARN_ABOUT_RETURN_TYPE = YES_ERROR;
				GCC_WARN_UNDECLARED_SELECTOR = YES;
				GCC_WARN_UNINITIALIZED_AUTOS = YES_AGGRESSIVE;
				GCC_WARN_UNUSED_FUNCTION = YES;
				GCC_WARN_UNUSED_VARIABLE = YES;
				IPHONEOS_DEPLOYMENT_TARGET = 17.0;
				LOCALIZATION_PREFERS_STRING_CATALOGS = YES;
				MTL_ENABLE_DEBUG_INFO = INCLUDE_SOURCE;
				MTL_FAST_MATH = YES;
				ONLY_ACTIVE_ARCH = YES;
				SDKROOT = iphoneos;
				SWIFT_ACTIVE_COMPILATION_CONDITIONS = "DEBUG $(inherited)";
				SWIFT_OPTIMIZATION_LEVEL = "-Onone";
			};
			name = Debug;
		};
		076016622A87CD55007CE9F5 /* Release */ = {
			isa = XCBuildConfiguration;
			buildSettings = {
				ALWAYS_SEARCH_USER_PATHS = NO;
				ASSETCATALOG_COMPILER_GENERATE_SWIFT_ASSET_SYMBOL_EXTENSIONS = YES;
				CLANG_ANALYZER_NONNULL = YES;
				CLANG_ANALYZER_NUMBER_OBJECT_CONVERSION = YES_AGGRESSIVE;
				CLANG_CXX_LANGUAGE_STANDARD = "gnu++20";
				CLANG_ENABLE_MODULES = YES;
				CLANG_ENABLE_OBJC_ARC = YES;
				CLANG_ENABLE_OBJC_WEAK = YES;
				CLANG_WARN_BLOCK_CAPTURE_AUTORELEASING = YES;
				CLANG_WARN_BOOL_CONVERSION = YES;
				CLANG_WARN_COMMA = YES;
				CLANG_WARN_CONSTANT_CONVERSION = YES;
				CLANG_WARN_DEPRECATED_OBJC_IMPLEMENTATIONS = YES;
				CLANG_WARN_DIRECT_OBJC_ISA_USAGE = YES_ERROR;
				CLANG_WARN_DOCUMENTATION_COMMENTS = YES;
				CLANG_WARN_EMPTY_BODY = YES;
				CLANG_WARN_ENUM_CONVERSION = YES;
				CLANG_WARN_INFINITE_RECURSION = YES;
				CLANG_WARN_INT_CONVERSION = YES;
				CLANG_WARN_NON_LITERAL_NULL_CONVERSION = YES;
				CLANG_WARN_OBJC_IMPLICIT_RETAIN_SELF = YES;
				CLANG_WARN_OBJC_LITERAL_CONVERSION = YES;
				CLANG_WARN_OBJC_ROOT_CLASS = YES_ERROR;
				CLANG_WARN_QUOTED_INCLUDE_IN_FRAMEWORK_HEADER = YES;
				CLANG_WARN_RANGE_LOOP_ANALYSIS = YES;
				CLANG_WARN_STRICT_PROTOTYPES = YES;
				CLANG_WARN_SUSPICIOUS_MOVE = YES;
				CLANG_WARN_UNGUARDED_AVAILABILITY = YES_AGGRESSIVE;
				CLANG_WARN_UNREACHABLE_CODE = YES;
				CLANG_WARN__DUPLICATE_METHOD_MATCH = YES;
				COPY_PHASE_STRIP = NO;
				DEBUG_INFORMATION_FORMAT = "dwarf-with-dsym";
				ENABLE_NS_ASSERTIONS = NO;
				ENABLE_STRICT_OBJC_MSGSEND = YES;
				ENABLE_USER_SCRIPT_SANDBOXING = YES;
				GCC_C_LANGUAGE_STANDARD = gnu17;
				GCC_NO_COMMON_BLOCKS = YES;
				GCC_WARN_64_TO_32_BIT_CONVERSION = YES;
				GCC_WARN_ABOUT_RETURN_TYPE = YES_ERROR;
				GCC_WARN_UNDECLARED_SELECTOR = YES;
				GCC_WARN_UNINITIALIZED_AUTOS = YES_AGGRESSIVE;
				GCC_WARN_UNUSED_FUNCTION = YES;
				GCC_WARN_UNUSED_VARIABLE = YES;
				IPHONEOS_DEPLOYMENT_TARGET = 17.0;
				LOCALIZATION_PREFERS_STRING_CATALOGS = YES;
				MTL_ENABLE_DEBUG_INFO = NO;
				MTL_FAST_MATH = YES;
				SDKROOT = iphoneos;
				SWIFT_COMPILATION_MODE = wholemodule;
				VALIDATE_PRODUCT = YES;
			};
			name = Release;
		};
		076016642A87CD55007CE9F5 /* Debug */ = {
			isa = XCBuildConfiguration;
			buildSettings = {
				ASSETCATALOG_COMPILER_APPICON_NAME = AppIcon;
				ASSETCATALOG_COMPILER_GLOBAL_ACCENT_COLOR_NAME = AccentColor;
				CODE_SIGN_STYLE = Automatic;
				CURRENT_PROJECT_VERSION = 1;
				DEVELOPMENT_ASSET_PATHS = "\"Kontest/Preview Content\"";
				DEVELOPMENT_TEAM = R2Z9FDM5M6;
				ENABLE_PREVIEWS = YES;
				GENERATE_INFOPLIST_FILE = YES;
				INFOPLIST_KEY_LSApplicationCategoryType = "public.app-category.developer-tools";
				INFOPLIST_KEY_UIApplicationSceneManifest_Generation = YES;
				INFOPLIST_KEY_UIApplicationSupportsIndirectInputEvents = YES;
				INFOPLIST_KEY_UILaunchScreen_Generation = YES;
				INFOPLIST_KEY_UISupportedInterfaceOrientations_iPad = "UIInterfaceOrientationPortrait UIInterfaceOrientationPortraitUpsideDown UIInterfaceOrientationLandscapeLeft UIInterfaceOrientationLandscapeRight";
				INFOPLIST_KEY_UISupportedInterfaceOrientations_iPhone = "UIInterfaceOrientationPortrait UIInterfaceOrientationLandscapeLeft UIInterfaceOrientationLandscapeRight";
				LD_RUNPATH_SEARCH_PATHS = (
					"$(inherited)",
					"@executable_path/Frameworks",
				);
				MARKETING_VERSION = 1.0;
				PRODUCT_BUNDLE_IDENTIFIER = com.ayushsinghal.Kontest;
				PRODUCT_NAME = "$(TARGET_NAME)";
				SUPPORTED_PLATFORMS = "iphoneos iphonesimulator macosx";
				SUPPORTS_MACCATALYST = NO;
				SUPPORTS_MAC_DESIGNED_FOR_IPHONE_IPAD = NO;
				SWIFT_EMIT_LOC_STRINGS = YES;
				SWIFT_VERSION = 5.0;
				TARGETED_DEVICE_FAMILY = "1,2";
			};
			name = Debug;
		};
		076016652A87CD55007CE9F5 /* Release */ = {
			isa = XCBuildConfiguration;
			buildSettings = {
				ASSETCATALOG_COMPILER_APPICON_NAME = AppIcon;
				ASSETCATALOG_COMPILER_GLOBAL_ACCENT_COLOR_NAME = AccentColor;
				CODE_SIGN_STYLE = Automatic;
				CURRENT_PROJECT_VERSION = 1;
				DEVELOPMENT_ASSET_PATHS = "\"Kontest/Preview Content\"";
				DEVELOPMENT_TEAM = R2Z9FDM5M6;
				ENABLE_PREVIEWS = YES;
				GENERATE_INFOPLIST_FILE = YES;
				INFOPLIST_KEY_LSApplicationCategoryType = "public.app-category.developer-tools";
				INFOPLIST_KEY_UIApplicationSceneManifest_Generation = YES;
				INFOPLIST_KEY_UIApplicationSupportsIndirectInputEvents = YES;
				INFOPLIST_KEY_UILaunchScreen_Generation = YES;
				INFOPLIST_KEY_UISupportedInterfaceOrientations_iPad = "UIInterfaceOrientationPortrait UIInterfaceOrientationPortraitUpsideDown UIInterfaceOrientationLandscapeLeft UIInterfaceOrientationLandscapeRight";
				INFOPLIST_KEY_UISupportedInterfaceOrientations_iPhone = "UIInterfaceOrientationPortrait UIInterfaceOrientationLandscapeLeft UIInterfaceOrientationLandscapeRight";
				LD_RUNPATH_SEARCH_PATHS = (
					"$(inherited)",
					"@executable_path/Frameworks",
				);
				MARKETING_VERSION = 1.0;
				PRODUCT_BUNDLE_IDENTIFIER = com.ayushsinghal.Kontest;
				PRODUCT_NAME = "$(TARGET_NAME)";
				SUPPORTED_PLATFORMS = "iphoneos iphonesimulator macosx";
				SUPPORTS_MACCATALYST = NO;
				SUPPORTS_MAC_DESIGNED_FOR_IPHONE_IPAD = NO;
				SWIFT_EMIT_LOC_STRINGS = YES;
				SWIFT_VERSION = 5.0;
				TARGETED_DEVICE_FAMILY = "1,2";
			};
			name = Release;
		};
/* End XCBuildConfiguration section */

/* Begin XCConfigurationList section */
		076016502A87CD52007CE9F5 /* Build configuration list for PBXProject "Kontest" */ = {
			isa = XCConfigurationList;
			buildConfigurations = (
				076016612A87CD55007CE9F5 /* Debug */,
				076016622A87CD55007CE9F5 /* Release */,
			);
			defaultConfigurationIsVisible = 0;
			defaultConfigurationName = Release;
		};
		076016632A87CD55007CE9F5 /* Build configuration list for PBXNativeTarget "Kontest" */ = {
			isa = XCConfigurationList;
			buildConfigurations = (
				076016642A87CD55007CE9F5 /* Debug */,
				076016652A87CD55007CE9F5 /* Release */,
			);
			defaultConfigurationIsVisible = 0;
			defaultConfigurationName = Release;
		};
/* End XCConfigurationList section */
	};
	rootObject = 0760164D2A87CD52007CE9F5 /* Project object */;
}
