// !$*UTF8*$!
{
	archiveVersion = 1;
	classes = {
	};
	objectVersion = 60;
	objects = {

/* Begin PBXBuildFile section */
		073269E82AAC42350028476D /* FilterWebsitesView.swift in Sources */ = {isa = PBXBuildFile; fileRef = 073269E72AAC42350028476D /* FilterWebsitesView.swift */; };
		073269EC2AAC451B0028476D /* FilterWebsitesScreen.swift in Sources */ = {isa = PBXBuildFile; fileRef = 073269EB2AAC451B0028476D /* FilterWebsitesScreen.swift */; };
		073269EF2AAC4B0C0028476D /* ChangeUsernameScreen.swift in Sources */ = {isa = PBXBuildFile; fileRef = 073269EE2AAC4B0C0028476D /* ChangeUsernameScreen.swift */; };
		074DD4522AA61570005C16A5 /* AppError.swift in Sources */ = {isa = PBXBuildFile; fileRef = 074DD4512AA61570005C16A5 /* AppError.swift */; };
		076134CF2AA86AC300946B02 /* KontestDetailViewModel.swift in Sources */ = {isa = PBXBuildFile; fileRef = 076134CE2AA86AC300946B02 /* KontestDetailViewModel.swift */; };
		07A31F002AAC818D00EBC296 /* FilterWebsiteKey.swift in Sources */ = {isa = PBXBuildFile; fileRef = 07A31EFF2AAC818D00EBC296 /* FilterWebsiteKey.swift */; };
		07A31F022AAC831300EBC296 /* FilterWebsitesViewModel.swift in Sources */ = {isa = PBXBuildFile; fileRef = 07A31F012AAC831300EBC296 /* FilterWebsitesViewModel.swift */; };
		07ECFB802AA58259008513C6 /* README.md in Resources */ = {isa = PBXBuildFile; fileRef = 07ECFB352AA58259008513C6 /* README.md */; };
		07ECFB812AA58259008513C6 /* ChangeUsernameViewModel.swift in Sources */ = {isa = PBXBuildFile; fileRef = 07ECFB382AA58259008513C6 /* ChangeUsernameViewModel.swift */; };
		07ECFB822AA58259008513C6 /* LeetCodeGraphQLViewModel.swift in Sources */ = {isa = PBXBuildFile; fileRef = 07ECFB392AA58259008513C6 /* LeetCodeGraphQLViewModel.swift */; };
		07ECFB832AA58259008513C6 /* AllKontestsViewModel.swift in Sources */ = {isa = PBXBuildFile; fileRef = 07ECFB3A2AA58259008513C6 /* AllKontestsViewModel.swift */; };
		07ECFB842AA58259008513C6 /* CodeChefViewModel.swift in Sources */ = {isa = PBXBuildFile; fileRef = 07ECFB3B2AA58259008513C6 /* CodeChefViewModel.swift */; };
		07ECFB852AA58259008513C6 /* CodeForcesViewModel.swift in Sources */ = {isa = PBXBuildFile; fileRef = 07ECFB3C2AA58259008513C6 /* CodeForcesViewModel.swift */; };
		07ECFB862AA58259008513C6 /* NotificationsViewModel.swift in Sources */ = {isa = PBXBuildFile; fileRef = 07ECFB3D2AA58259008513C6 /* NotificationsViewModel.swift */; };
		07ECFB882AA58259008513C6 /* KontestApp.swift in Sources */ = {isa = PBXBuildFile; fileRef = 07ECFB3F2AA58259008513C6 /* KontestApp.swift */; };
		07ECFB892AA58259008513C6 /* Assets.xcassets in Resources */ = {isa = PBXBuildFile; fileRef = 07ECFB402AA58259008513C6 /* Assets.xcassets */; };
		07ECFB8A2AA58259008513C6 /* CodeChefAPIRepository.swift in Sources */ = {isa = PBXBuildFile; fileRef = 07ECFB432AA58259008513C6 /* CodeChefAPIRepository.swift */; };
		07ECFB8B2AA58259008513C6 /* AllKontestsFakeRepository.swift in Sources */ = {isa = PBXBuildFile; fileRef = 07ECFB452AA58259008513C6 /* AllKontestsFakeRepository.swift */; };
		07ECFB8C2AA58259008513C6 /* KontestRepository.swift in Sources */ = {isa = PBXBuildFile; fileRef = 07ECFB462AA58259008513C6 /* KontestRepository.swift */; };
		07ECFB8D2AA58259008513C6 /* LeetCodeAPIGraphQLRepository.swift in Sources */ = {isa = PBXBuildFile; fileRef = 07ECFB482AA58259008513C6 /* LeetCodeAPIGraphQLRepository.swift */; };
		07ECFB8F2AA58259008513C6 /* CodeForcesAPIRepository.swift in Sources */ = {isa = PBXBuildFile; fileRef = 07ECFB4B2AA58259008513C6 /* CodeForcesAPIRepository.swift */; };
		07ECFB902AA58259008513C6 /* KontestStatus.swift in Sources */ = {isa = PBXBuildFile; fileRef = 07ECFB4D2AA58259008513C6 /* KontestStatus.swift */; };
		07ECFB912AA58259008513C6 /* CodeForcesUserRatingAPIModel.swift in Sources */ = {isa = PBXBuildFile; fileRef = 07ECFB4E2AA58259008513C6 /* CodeForcesUserRatingAPIModel.swift */; };
		07ECFB922AA58259008513C6 /* CodeForcesUserInfoAPIModel.swift in Sources */ = {isa = PBXBuildFile; fileRef = 07ECFB4F2AA58259008513C6 /* CodeForcesUserInfoAPIModel.swift */; };
		07ECFB942AA58259008513C6 /* CodeChefAPIModel.swift in Sources */ = {isa = PBXBuildFile; fileRef = 07ECFB512AA58259008513C6 /* CodeChefAPIModel.swift */; };
		07ECFB952AA58259008513C6 /* KontestModel.swift in Sources */ = {isa = PBXBuildFile; fileRef = 07ECFB522AA58259008513C6 /* KontestModel.swift */; };
		07ECFB962AA58259008513C6 /* Preview Assets.xcassets in Resources */ = {isa = PBXBuildFile; fileRef = 07ECFB542AA58259008513C6 /* Preview Assets.xcassets */; };
		07ECFB972AA58259008513C6 /* CodeChefView.swift in Sources */ = {isa = PBXBuildFile; fileRef = 07ECFB562AA58259008513C6 /* CodeChefView.swift */; };
		07ECFB982AA58259008513C6 /* SettingsScreen.swift in Sources */ = {isa = PBXBuildFile; fileRef = 07ECFB572AA58259008513C6 /* SettingsScreen.swift */; };
		07ECFB992AA58259008513C6 /* LeetCodeGraphQLView.swift in Sources */ = {isa = PBXBuildFile; fileRef = 07ECFB582AA58259008513C6 /* LeetCodeGraphQLView.swift */; };
		07ECFB9A2AA58259008513C6 /* RatingsView.swift in Sources */ = {isa = PBXBuildFile; fileRef = 07ECFB592AA58259008513C6 /* RatingsView.swift */; };
		07ECFB9B2AA58259008513C6 /* NoKontestsScreen.swift in Sources */ = {isa = PBXBuildFile; fileRef = 07ECFB5A2AA58259008513C6 /* NoKontestsScreen.swift */; };
		07ECFB9C2AA58259008513C6 /* AllKontestsScreen.swift in Sources */ = {isa = PBXBuildFile; fileRef = 07ECFB5B2AA58259008513C6 /* AllKontestsScreen.swift */; };
		07ECFB9E2AA58259008513C6 /* BlinkingDotView.swift in Sources */ = {isa = PBXBuildFile; fileRef = 07ECFB5D2AA58259008513C6 /* BlinkingDotView.swift */; };
		07ECFB9F2AA58259008513C6 /* CodeForcesView.swift in Sources */ = {isa = PBXBuildFile; fileRef = 07ECFB5E2AA58259008513C6 /* CodeForcesView.swift */; };
		07ECFBA02AA58259008513C6 /* KontestDetailsScreen.swift in Sources */ = {isa = PBXBuildFile; fileRef = 07ECFB5F2AA58259008513C6 /* KontestDetailsScreen.swift */; };
		07ECFBA12AA58259008513C6 /* SingleNotificationMenu.swift in Sources */ = {isa = PBXBuildFile; fileRef = 07ECFB602AA58259008513C6 /* SingleNotificationMenu.swift */; };
		07ECFBA22AA58259008513C6 /* SingleKontestView.swift in Sources */ = {isa = PBXBuildFile; fileRef = 07ECFB612AA58259008513C6 /* SingleKontestView.swift */; };
		07ECFBA32AA58259008513C6 /* PendingNotificationsScreen.swift in Sources */ = {isa = PBXBuildFile; fileRef = 07ECFB622AA58259008513C6 /* PendingNotificationsScreen.swift */; };
		07ECFBA42AA58259008513C6 /* AllNotificationMenu.swift in Sources */ = {isa = PBXBuildFile; fileRef = 07ECFB632AA58259008513C6 /* AllNotificationMenu.swift */; };
		07ECFBA52AA58259008513C6 /* Constants.swift in Sources */ = {isa = PBXBuildFile; fileRef = 07ECFB652AA58259008513C6 /* Constants.swift */; };
		07ECFBA62AA58259008513C6 /* CalendarUtility.swift in Sources */ = {isa = PBXBuildFile; fileRef = 07ECFB662AA58259008513C6 /* CalendarUtility.swift */; };
		07ECFBA72AA58259008513C6 /* ClipboardUtility.swift in Sources */ = {isa = PBXBuildFile; fileRef = 07ECFB672AA58259008513C6 /* ClipboardUtility.swift */; };
		07ECFBA82AA58259008513C6 /* LocalNotificationManager.swift in Sources */ = {isa = PBXBuildFile; fileRef = 07ECFB682AA58259008513C6 /* LocalNotificationManager.swift */; };
		07ECFBA92AA58259008513C6 /* Screen.swift in Sources */ = {isa = PBXBuildFile; fileRef = 07ECFB692AA58259008513C6 /* Screen.swift */; };
		07ECFBAA2AA58259008513C6 /* Router.swift in Sources */ = {isa = PBXBuildFile; fileRef = 07ECFB6A2AA58259008513C6 /* Router.swift */; };
		07ECFBAB2AA58259008513C6 /* DownloadData.swift in Sources */ = {isa = PBXBuildFile; fileRef = 07ECFB6B2AA58259008513C6 /* DownloadData.swift */; };
		07ECFBAC2AA58259008513C6 /* FontUtility.swift in Sources */ = {isa = PBXBuildFile; fileRef = 07ECFB6C2AA58259008513C6 /* FontUtility.swift */; };
		07ECFBAD2AA58259008513C6 /* MyMenu.swift in Sources */ = {isa = PBXBuildFile; fileRef = 07ECFB6D2AA58259008513C6 /* MyMenu.swift */; };
		07ECFBAE2AA58259008513C6 /* CodeForcesUserInfoAPIDTO.swift in Sources */ = {isa = PBXBuildFile; fileRef = 07ECFB6F2AA58259008513C6 /* CodeForcesUserInfoAPIDTO.swift */; };
		07ECFBAF2AA58259008513C6 /* CodeChefAPIDTO.swift in Sources */ = {isa = PBXBuildFile; fileRef = 07ECFB702AA58259008513C6 /* CodeChefAPIDTO.swift */; };
		07ECFBB02AA58259008513C6 /* CodeForcesUserRatingAPIDTO.swift in Sources */ = {isa = PBXBuildFile; fileRef = 07ECFB712AA58259008513C6 /* CodeForcesUserRatingAPIDTO.swift */; };
		07ECFBB22AA58259008513C6 /* LeetCodeUserProfileGraphQLAPIDTO.swift in Sources */ = {isa = PBXBuildFile; fileRef = 07ECFB732AA58259008513C6 /* LeetCodeUserProfileGraphQLAPIDTO.swift */; };
		07ECFBB32AA58259008513C6 /* KontestDTO.swift in Sources */ = {isa = PBXBuildFile; fileRef = 07ECFB742AA58259008513C6 /* KontestDTO.swift */; };
		07ECFBB42AA58259008513C6 /* schema.graphqls in Resources */ = {isa = PBXBuildFile; fileRef = 07ECFB762AA58259008513C6 /* schema.graphqls */; };
		07ECFBB52AA58259008513C6 /* queries.graphql in Resources */ = {isa = PBXBuildFile; fileRef = 07ECFB772AA58259008513C6 /* queries.graphql */; };
		07ECFBB62AA58259008513C6 /* KontestFetcher.swift in Sources */ = {isa = PBXBuildFile; fileRef = 07ECFB792AA58259008513C6 /* KontestFetcher.swift */; };
		07ECFBB72AA58259008513C6 /* CodeChefFetcher.swift in Sources */ = {isa = PBXBuildFile; fileRef = 07ECFB7A2AA58259008513C6 /* CodeChefFetcher.swift */; };
		07ECFBB82AA58259008513C6 /* CodeForcesFetcher.swift in Sources */ = {isa = PBXBuildFile; fileRef = 07ECFB7B2AA58259008513C6 /* CodeForcesFetcher.swift */; };
		07ECFBBA2AA58259008513C6 /* LeetCodeGraphQLAPIFetcher.swift in Sources */ = {isa = PBXBuildFile; fileRef = 07ECFB7D2AA58259008513C6 /* LeetCodeGraphQLAPIFetcher.swift */; };
		07ECFBBC2AA58259008513C6 /* apollo-codegen-config.json in Resources */ = {isa = PBXBuildFile; fileRef = 07ECFB7F2AA58259008513C6 /* apollo-codegen-config.json */; };
		07ECFBBF2AA582D2008513C6 /* Apollo in Frameworks */ = {isa = PBXBuildFile; productRef = 07ECFBBE2AA582D2008513C6 /* Apollo */; };
		07ECFBC22AA582E3008513C6 /* LeetCodeSchema in Frameworks */ = {isa = PBXBuildFile; productRef = 07ECFBC12AA582E3008513C6 /* LeetCodeSchema */; };
		07ECFBC42AA583A8008513C6 /* LeetCodeUserProfileGraphQLAPIModel.swift in Sources */ = {isa = PBXBuildFile; fileRef = 07ECFBC32AA583A8008513C6 /* LeetCodeUserProfileGraphQLAPIModel.swift */; };
		07ECFBC62AA59349008513C6 /* LeetCodeUserRankingsGraphQLAPIModel.swift in Sources */ = {isa = PBXBuildFile; fileRef = 07ECFBC52AA59349008513C6 /* LeetCodeUserRankingsGraphQLAPIModel.swift */; };
		07ECFBC82AA5D93B008513C6 /* LeetCodeUserRankingsGraphQLAPIDTO.swift in Sources */ = {isa = PBXBuildFile; fileRef = 07ECFBC72AA5D93B008513C6 /* LeetCodeUserRankingsGraphQLAPIDTO.swift */; };
/* End PBXBuildFile section */

/* Begin PBXFileReference section */
		073269E72AAC42350028476D /* FilterWebsitesView.swift */ = {isa = PBXFileReference; lastKnownFileType = sourcecode.swift; path = FilterWebsitesView.swift; sourceTree = "<group>"; };
		073269EB2AAC451B0028476D /* FilterWebsitesScreen.swift */ = {isa = PBXFileReference; lastKnownFileType = sourcecode.swift; path = FilterWebsitesScreen.swift; sourceTree = "<group>"; };
		073269EE2AAC4B0C0028476D /* ChangeUsernameScreen.swift */ = {isa = PBXFileReference; lastKnownFileType = sourcecode.swift; path = ChangeUsernameScreen.swift; sourceTree = "<group>"; };
		074DD4512AA61570005C16A5 /* AppError.swift */ = {isa = PBXFileReference; lastKnownFileType = sourcecode.swift; path = AppError.swift; sourceTree = "<group>"; };
		076016552A87CD52007CE9F5 /* Kontest.app */ = {isa = PBXFileReference; explicitFileType = wrapper.application; includeInIndex = 0; path = Kontest.app; sourceTree = BUILT_PRODUCTS_DIR; };
		076134CE2AA86AC300946B02 /* KontestDetailViewModel.swift */ = {isa = PBXFileReference; lastKnownFileType = sourcecode.swift; path = KontestDetailViewModel.swift; sourceTree = "<group>"; };
		07A31EFF2AAC818D00EBC296 /* FilterWebsiteKey.swift */ = {isa = PBXFileReference; lastKnownFileType = sourcecode.swift; path = FilterWebsiteKey.swift; sourceTree = "<group>"; };
		07A31F012AAC831300EBC296 /* FilterWebsitesViewModel.swift */ = {isa = PBXFileReference; lastKnownFileType = sourcecode.swift; path = FilterWebsitesViewModel.swift; sourceTree = "<group>"; };
		07ECFB352AA58259008513C6 /* README.md */ = {isa = PBXFileReference; fileEncoding = 4; lastKnownFileType = net.daringfireball.markdown; path = README.md; sourceTree = "<group>"; };
		07ECFB382AA58259008513C6 /* ChangeUsernameViewModel.swift */ = {isa = PBXFileReference; fileEncoding = 4; lastKnownFileType = sourcecode.swift; path = ChangeUsernameViewModel.swift; sourceTree = "<group>"; };
		07ECFB392AA58259008513C6 /* LeetCodeGraphQLViewModel.swift */ = {isa = PBXFileReference; fileEncoding = 4; lastKnownFileType = sourcecode.swift; path = LeetCodeGraphQLViewModel.swift; sourceTree = "<group>"; };
		07ECFB3A2AA58259008513C6 /* AllKontestsViewModel.swift */ = {isa = PBXFileReference; fileEncoding = 4; lastKnownFileType = sourcecode.swift; path = AllKontestsViewModel.swift; sourceTree = "<group>"; };
		07ECFB3B2AA58259008513C6 /* CodeChefViewModel.swift */ = {isa = PBXFileReference; fileEncoding = 4; lastKnownFileType = sourcecode.swift; path = CodeChefViewModel.swift; sourceTree = "<group>"; };
		07ECFB3C2AA58259008513C6 /* CodeForcesViewModel.swift */ = {isa = PBXFileReference; fileEncoding = 4; lastKnownFileType = sourcecode.swift; path = CodeForcesViewModel.swift; sourceTree = "<group>"; };
		07ECFB3D2AA58259008513C6 /* NotificationsViewModel.swift */ = {isa = PBXFileReference; fileEncoding = 4; lastKnownFileType = sourcecode.swift; path = NotificationsViewModel.swift; sourceTree = "<group>"; };
		07ECFB3F2AA58259008513C6 /* KontestApp.swift */ = {isa = PBXFileReference; fileEncoding = 4; lastKnownFileType = sourcecode.swift; path = KontestApp.swift; sourceTree = "<group>"; };
		07ECFB402AA58259008513C6 /* Assets.xcassets */ = {isa = PBXFileReference; lastKnownFileType = folder.assetcatalog; path = Assets.xcassets; sourceTree = "<group>"; };
		07ECFB432AA58259008513C6 /* CodeChefAPIRepository.swift */ = {isa = PBXFileReference; fileEncoding = 4; lastKnownFileType = sourcecode.swift; path = CodeChefAPIRepository.swift; sourceTree = "<group>"; };
		07ECFB452AA58259008513C6 /* AllKontestsFakeRepository.swift */ = {isa = PBXFileReference; fileEncoding = 4; lastKnownFileType = sourcecode.swift; path = AllKontestsFakeRepository.swift; sourceTree = "<group>"; };
		07ECFB462AA58259008513C6 /* KontestRepository.swift */ = {isa = PBXFileReference; fileEncoding = 4; lastKnownFileType = sourcecode.swift; path = KontestRepository.swift; sourceTree = "<group>"; };
		07ECFB482AA58259008513C6 /* LeetCodeAPIGraphQLRepository.swift */ = {isa = PBXFileReference; fileEncoding = 4; lastKnownFileType = sourcecode.swift; path = LeetCodeAPIGraphQLRepository.swift; sourceTree = "<group>"; };
		07ECFB4B2AA58259008513C6 /* CodeForcesAPIRepository.swift */ = {isa = PBXFileReference; fileEncoding = 4; lastKnownFileType = sourcecode.swift; path = CodeForcesAPIRepository.swift; sourceTree = "<group>"; };
		07ECFB4D2AA58259008513C6 /* KontestStatus.swift */ = {isa = PBXFileReference; fileEncoding = 4; lastKnownFileType = sourcecode.swift; path = KontestStatus.swift; sourceTree = "<group>"; };
		07ECFB4E2AA58259008513C6 /* CodeForcesUserRatingAPIModel.swift */ = {isa = PBXFileReference; fileEncoding = 4; lastKnownFileType = sourcecode.swift; path = CodeForcesUserRatingAPIModel.swift; sourceTree = "<group>"; };
		07ECFB4F2AA58259008513C6 /* CodeForcesUserInfoAPIModel.swift */ = {isa = PBXFileReference; fileEncoding = 4; lastKnownFileType = sourcecode.swift; path = CodeForcesUserInfoAPIModel.swift; sourceTree = "<group>"; };
		07ECFB512AA58259008513C6 /* CodeChefAPIModel.swift */ = {isa = PBXFileReference; fileEncoding = 4; lastKnownFileType = sourcecode.swift; path = CodeChefAPIModel.swift; sourceTree = "<group>"; };
		07ECFB522AA58259008513C6 /* KontestModel.swift */ = {isa = PBXFileReference; fileEncoding = 4; lastKnownFileType = sourcecode.swift; path = KontestModel.swift; sourceTree = "<group>"; };
		07ECFB542AA58259008513C6 /* Preview Assets.xcassets */ = {isa = PBXFileReference; lastKnownFileType = folder.assetcatalog; path = "Preview Assets.xcassets"; sourceTree = "<group>"; };
		07ECFB562AA58259008513C6 /* CodeChefView.swift */ = {isa = PBXFileReference; fileEncoding = 4; lastKnownFileType = sourcecode.swift; path = CodeChefView.swift; sourceTree = "<group>"; };
		07ECFB572AA58259008513C6 /* SettingsScreen.swift */ = {isa = PBXFileReference; fileEncoding = 4; lastKnownFileType = sourcecode.swift; path = SettingsScreen.swift; sourceTree = "<group>"; };
		07ECFB582AA58259008513C6 /* LeetCodeGraphQLView.swift */ = {isa = PBXFileReference; fileEncoding = 4; lastKnownFileType = sourcecode.swift; path = LeetCodeGraphQLView.swift; sourceTree = "<group>"; };
		07ECFB592AA58259008513C6 /* RatingsView.swift */ = {isa = PBXFileReference; fileEncoding = 4; lastKnownFileType = sourcecode.swift; path = RatingsView.swift; sourceTree = "<group>"; };
		07ECFB5A2AA58259008513C6 /* NoKontestsScreen.swift */ = {isa = PBXFileReference; fileEncoding = 4; lastKnownFileType = sourcecode.swift; path = NoKontestsScreen.swift; sourceTree = "<group>"; };
		07ECFB5B2AA58259008513C6 /* AllKontestsScreen.swift */ = {isa = PBXFileReference; fileEncoding = 4; lastKnownFileType = sourcecode.swift; path = AllKontestsScreen.swift; sourceTree = "<group>"; };
		07ECFB5D2AA58259008513C6 /* BlinkingDotView.swift */ = {isa = PBXFileReference; fileEncoding = 4; lastKnownFileType = sourcecode.swift; path = BlinkingDotView.swift; sourceTree = "<group>"; };
		07ECFB5E2AA58259008513C6 /* CodeForcesView.swift */ = {isa = PBXFileReference; fileEncoding = 4; lastKnownFileType = sourcecode.swift; path = CodeForcesView.swift; sourceTree = "<group>"; };
		07ECFB5F2AA58259008513C6 /* KontestDetailsScreen.swift */ = {isa = PBXFileReference; fileEncoding = 4; lastKnownFileType = sourcecode.swift; path = KontestDetailsScreen.swift; sourceTree = "<group>"; };
		07ECFB602AA58259008513C6 /* SingleNotificationMenu.swift */ = {isa = PBXFileReference; fileEncoding = 4; lastKnownFileType = sourcecode.swift; path = SingleNotificationMenu.swift; sourceTree = "<group>"; };
		07ECFB612AA58259008513C6 /* SingleKontestView.swift */ = {isa = PBXFileReference; fileEncoding = 4; lastKnownFileType = sourcecode.swift; path = SingleKontestView.swift; sourceTree = "<group>"; };
		07ECFB622AA58259008513C6 /* PendingNotificationsScreen.swift */ = {isa = PBXFileReference; fileEncoding = 4; lastKnownFileType = sourcecode.swift; path = PendingNotificationsScreen.swift; sourceTree = "<group>"; };
		07ECFB632AA58259008513C6 /* AllNotificationMenu.swift */ = {isa = PBXFileReference; fileEncoding = 4; lastKnownFileType = sourcecode.swift; path = AllNotificationMenu.swift; sourceTree = "<group>"; };
		07ECFB652AA58259008513C6 /* Constants.swift */ = {isa = PBXFileReference; fileEncoding = 4; lastKnownFileType = sourcecode.swift; path = Constants.swift; sourceTree = "<group>"; };
		07ECFB662AA58259008513C6 /* CalendarUtility.swift */ = {isa = PBXFileReference; fileEncoding = 4; lastKnownFileType = sourcecode.swift; path = CalendarUtility.swift; sourceTree = "<group>"; };
		07ECFB672AA58259008513C6 /* ClipboardUtility.swift */ = {isa = PBXFileReference; fileEncoding = 4; lastKnownFileType = sourcecode.swift; path = ClipboardUtility.swift; sourceTree = "<group>"; };
		07ECFB682AA58259008513C6 /* LocalNotificationManager.swift */ = {isa = PBXFileReference; fileEncoding = 4; lastKnownFileType = sourcecode.swift; path = LocalNotificationManager.swift; sourceTree = "<group>"; };
		07ECFB692AA58259008513C6 /* Screen.swift */ = {isa = PBXFileReference; fileEncoding = 4; lastKnownFileType = sourcecode.swift; path = Screen.swift; sourceTree = "<group>"; };
		07ECFB6A2AA58259008513C6 /* Router.swift */ = {isa = PBXFileReference; fileEncoding = 4; lastKnownFileType = sourcecode.swift; path = Router.swift; sourceTree = "<group>"; };
		07ECFB6B2AA58259008513C6 /* DownloadData.swift */ = {isa = PBXFileReference; fileEncoding = 4; lastKnownFileType = sourcecode.swift; path = DownloadData.swift; sourceTree = "<group>"; };
		07ECFB6C2AA58259008513C6 /* FontUtility.swift */ = {isa = PBXFileReference; fileEncoding = 4; lastKnownFileType = sourcecode.swift; path = FontUtility.swift; sourceTree = "<group>"; };
		07ECFB6D2AA58259008513C6 /* MyMenu.swift */ = {isa = PBXFileReference; fileEncoding = 4; lastKnownFileType = sourcecode.swift; path = MyMenu.swift; sourceTree = "<group>"; };
		07ECFB6F2AA58259008513C6 /* CodeForcesUserInfoAPIDTO.swift */ = {isa = PBXFileReference; fileEncoding = 4; lastKnownFileType = sourcecode.swift; path = CodeForcesUserInfoAPIDTO.swift; sourceTree = "<group>"; };
		07ECFB702AA58259008513C6 /* CodeChefAPIDTO.swift */ = {isa = PBXFileReference; fileEncoding = 4; lastKnownFileType = sourcecode.swift; path = CodeChefAPIDTO.swift; sourceTree = "<group>"; };
		07ECFB712AA58259008513C6 /* CodeForcesUserRatingAPIDTO.swift */ = {isa = PBXFileReference; fileEncoding = 4; lastKnownFileType = sourcecode.swift; path = CodeForcesUserRatingAPIDTO.swift; sourceTree = "<group>"; };
		07ECFB732AA58259008513C6 /* LeetCodeUserProfileGraphQLAPIDTO.swift */ = {isa = PBXFileReference; fileEncoding = 4; lastKnownFileType = sourcecode.swift; path = LeetCodeUserProfileGraphQLAPIDTO.swift; sourceTree = "<group>"; };
		07ECFB742AA58259008513C6 /* KontestDTO.swift */ = {isa = PBXFileReference; fileEncoding = 4; lastKnownFileType = sourcecode.swift; path = KontestDTO.swift; sourceTree = "<group>"; };
		07ECFB762AA58259008513C6 /* schema.graphqls */ = {isa = PBXFileReference; fileEncoding = 4; lastKnownFileType = text; path = schema.graphqls; sourceTree = "<group>"; };
		07ECFB772AA58259008513C6 /* queries.graphql */ = {isa = PBXFileReference; fileEncoding = 4; lastKnownFileType = text; path = queries.graphql; sourceTree = "<group>"; };
		07ECFB792AA58259008513C6 /* KontestFetcher.swift */ = {isa = PBXFileReference; fileEncoding = 4; lastKnownFileType = sourcecode.swift; path = KontestFetcher.swift; sourceTree = "<group>"; };
		07ECFB7A2AA58259008513C6 /* CodeChefFetcher.swift */ = {isa = PBXFileReference; fileEncoding = 4; lastKnownFileType = sourcecode.swift; path = CodeChefFetcher.swift; sourceTree = "<group>"; };
		07ECFB7B2AA58259008513C6 /* CodeForcesFetcher.swift */ = {isa = PBXFileReference; fileEncoding = 4; lastKnownFileType = sourcecode.swift; path = CodeForcesFetcher.swift; sourceTree = "<group>"; };
		07ECFB7D2AA58259008513C6 /* LeetCodeGraphQLAPIFetcher.swift */ = {isa = PBXFileReference; fileEncoding = 4; lastKnownFileType = sourcecode.swift; path = LeetCodeGraphQLAPIFetcher.swift; sourceTree = "<group>"; };
		07ECFB7F2AA58259008513C6 /* apollo-codegen-config.json */ = {isa = PBXFileReference; fileEncoding = 4; lastKnownFileType = text.json; path = "apollo-codegen-config.json"; sourceTree = "<group>"; };
		07ECFBC32AA583A8008513C6 /* LeetCodeUserProfileGraphQLAPIModel.swift */ = {isa = PBXFileReference; lastKnownFileType = sourcecode.swift; path = LeetCodeUserProfileGraphQLAPIModel.swift; sourceTree = "<group>"; };
		07ECFBC52AA59349008513C6 /* LeetCodeUserRankingsGraphQLAPIModel.swift */ = {isa = PBXFileReference; lastKnownFileType = sourcecode.swift; path = LeetCodeUserRankingsGraphQLAPIModel.swift; sourceTree = "<group>"; };
		07ECFBC72AA5D93B008513C6 /* LeetCodeUserRankingsGraphQLAPIDTO.swift */ = {isa = PBXFileReference; lastKnownFileType = sourcecode.swift; path = LeetCodeUserRankingsGraphQLAPIDTO.swift; sourceTree = "<group>"; };
/* End PBXFileReference section */

/* Begin PBXFrameworksBuildPhase section */
		076016522A87CD52007CE9F5 /* Frameworks */ = {
			isa = PBXFrameworksBuildPhase;
			buildActionMask = 2147483647;
			files = (
				07ECFBC22AA582E3008513C6 /* LeetCodeSchema in Frameworks */,
				07ECFBBF2AA582D2008513C6 /* Apollo in Frameworks */,
			);
			runOnlyForDeploymentPostprocessing = 0;
		};
/* End PBXFrameworksBuildPhase section */

/* Begin PBXGroup section */
		0760164C2A87CD52007CE9F5 = {
			isa = PBXGroup;
			children = (
				07ECFB7F2AA58259008513C6 /* apollo-codegen-config.json */,
				07ECFB362AA58259008513C6 /* Kontest */,
				07ECFB352AA58259008513C6 /* README.md */,
				076016562A87CD52007CE9F5 /* Products */,
			);
			sourceTree = "<group>";
		};
		076016562A87CD52007CE9F5 /* Products */ = {
			isa = PBXGroup;
			children = (
				076016552A87CD52007CE9F5 /* Kontest.app */,
			);
			name = Products;
			sourceTree = "<group>";
		};
		07ECFB362AA58259008513C6 /* Kontest */ = {
			isa = PBXGroup;
			children = (
				07ECFB6E2AA58259008513C6 /* DTOs */,
				07ECFB4C2AA58259008513C6 /* Models */,
				07ECFB372AA58259008513C6 /* ViewModels */,
				07ECFB3F2AA58259008513C6 /* KontestApp.swift */,
				07ECFB402AA58259008513C6 /* Assets.xcassets */,
				07ECFB412AA58259008513C6 /* Repositories */,
				07ECFB532AA58259008513C6 /* Preview Content */,
				07ECFB552AA58259008513C6 /* Screens */,
				07ECFB642AA58259008513C6 /* Utilities */,
				07ECFB752AA58259008513C6 /* GraphQL */,
				07ECFB782AA58259008513C6 /* Protocols */,
			);
			path = Kontest;
			sourceTree = "<group>";
		};
		07ECFB372AA58259008513C6 /* ViewModels */ = {
			isa = PBXGroup;
			children = (
				07ECFB382AA58259008513C6 /* ChangeUsernameViewModel.swift */,
				07ECFB392AA58259008513C6 /* LeetCodeGraphQLViewModel.swift */,
				07ECFB3A2AA58259008513C6 /* AllKontestsViewModel.swift */,
				07ECFB3B2AA58259008513C6 /* CodeChefViewModel.swift */,
				07ECFB3C2AA58259008513C6 /* CodeForcesViewModel.swift */,
				07ECFB3D2AA58259008513C6 /* NotificationsViewModel.swift */,
				076134CE2AA86AC300946B02 /* KontestDetailViewModel.swift */,
				07A31F012AAC831300EBC296 /* FilterWebsitesViewModel.swift */,
			);
			path = ViewModels;
			sourceTree = "<group>";
		};
		07ECFB412AA58259008513C6 /* Repositories */ = {
			isa = PBXGroup;
			children = (
				07ECFB422AA58259008513C6 /* CodeChefRepository */,
				07ECFB442AA58259008513C6 /* KontestRepository */,
				07ECFB472AA58259008513C6 /* LeetcodeRepository */,
				07ECFB4A2AA58259008513C6 /* CodeForcesRepository */,
			);
			path = Repositories;
			sourceTree = "<group>";
		};
		07ECFB422AA58259008513C6 /* CodeChefRepository */ = {
			isa = PBXGroup;
			children = (
				07ECFB432AA58259008513C6 /* CodeChefAPIRepository.swift */,
			);
			path = CodeChefRepository;
			sourceTree = "<group>";
		};
		07ECFB442AA58259008513C6 /* KontestRepository */ = {
			isa = PBXGroup;
			children = (
				07ECFB452AA58259008513C6 /* AllKontestsFakeRepository.swift */,
				07ECFB462AA58259008513C6 /* KontestRepository.swift */,
			);
			path = KontestRepository;
			sourceTree = "<group>";
		};
		07ECFB472AA58259008513C6 /* LeetcodeRepository */ = {
			isa = PBXGroup;
			children = (
				07ECFB482AA58259008513C6 /* LeetCodeAPIGraphQLRepository.swift */,
			);
			path = LeetcodeRepository;
			sourceTree = "<group>";
		};
		07ECFB4A2AA58259008513C6 /* CodeForcesRepository */ = {
			isa = PBXGroup;
			children = (
				07ECFB4B2AA58259008513C6 /* CodeForcesAPIRepository.swift */,
			);
			path = CodeForcesRepository;
			sourceTree = "<group>";
		};
		07ECFB4C2AA58259008513C6 /* Models */ = {
			isa = PBXGroup;
			children = (
				07ECFB4D2AA58259008513C6 /* KontestStatus.swift */,
				07ECFB4E2AA58259008513C6 /* CodeForcesUserRatingAPIModel.swift */,
				07ECFB4F2AA58259008513C6 /* CodeForcesUserInfoAPIModel.swift */,
				07ECFB512AA58259008513C6 /* CodeChefAPIModel.swift */,
				07ECFB522AA58259008513C6 /* KontestModel.swift */,
				07ECFBC32AA583A8008513C6 /* LeetCodeUserProfileGraphQLAPIModel.swift */,
				07ECFBC52AA59349008513C6 /* LeetCodeUserRankingsGraphQLAPIModel.swift */,
			);
			path = Models;
			sourceTree = "<group>";
		};
		07ECFB532AA58259008513C6 /* Preview Content */ = {
			isa = PBXGroup;
			children = (
				07ECFB542AA58259008513C6 /* Preview Assets.xcassets */,
			);
			path = "Preview Content";
			sourceTree = "<group>";
		};
		07ECFB552AA58259008513C6 /* Screens */ = {
			isa = PBXGroup;
			children = (
				07ECFB562AA58259008513C6 /* CodeChefView.swift */,
				07ECFB572AA58259008513C6 /* SettingsScreen.swift */,
				07ECFB582AA58259008513C6 /* LeetCodeGraphQLView.swift */,
				07ECFB592AA58259008513C6 /* RatingsView.swift */,
				07ECFB5A2AA58259008513C6 /* NoKontestsScreen.swift */,
				07ECFB5B2AA58259008513C6 /* AllKontestsScreen.swift */,
				07ECFB5D2AA58259008513C6 /* BlinkingDotView.swift */,
				07ECFB5E2AA58259008513C6 /* CodeForcesView.swift */,
				07ECFB5F2AA58259008513C6 /* KontestDetailsScreen.swift */,
				07ECFB602AA58259008513C6 /* SingleNotificationMenu.swift */,
				07ECFB612AA58259008513C6 /* SingleKontestView.swift */,
				07ECFB622AA58259008513C6 /* PendingNotificationsScreen.swift */,
				07ECFB632AA58259008513C6 /* AllNotificationMenu.swift */,
				073269E72AAC42350028476D /* FilterWebsitesView.swift */,
				073269EB2AAC451B0028476D /* FilterWebsitesScreen.swift */,
				073269EE2AAC4B0C0028476D /* ChangeUsernameScreen.swift */,
			);
			path = Screens;
			sourceTree = "<group>";
		};
		07ECFB642AA58259008513C6 /* Utilities */ = {
			isa = PBXGroup;
			children = (
				07A31EFF2AAC818D00EBC296 /* FilterWebsiteKey.swift */,
				07ECFB652AA58259008513C6 /* Constants.swift */,
				07ECFB662AA58259008513C6 /* CalendarUtility.swift */,
				07ECFB672AA58259008513C6 /* ClipboardUtility.swift */,
				07ECFB682AA58259008513C6 /* LocalNotificationManager.swift */,
				07ECFB692AA58259008513C6 /* Screen.swift */,
				07ECFB6A2AA58259008513C6 /* Router.swift */,
				07ECFB6B2AA58259008513C6 /* DownloadData.swift */,
				07ECFB6C2AA58259008513C6 /* FontUtility.swift */,
				07ECFB6D2AA58259008513C6 /* MyMenu.swift */,
				074DD4512AA61570005C16A5 /* AppError.swift */,
			);
			path = Utilities;
			sourceTree = "<group>";
		};
		07ECFB6E2AA58259008513C6 /* DTOs */ = {
			isa = PBXGroup;
			children = (
				07ECFB6F2AA58259008513C6 /* CodeForcesUserInfoAPIDTO.swift */,
				07ECFB702AA58259008513C6 /* CodeChefAPIDTO.swift */,
				07ECFB712AA58259008513C6 /* CodeForcesUserRatingAPIDTO.swift */,
				07ECFB732AA58259008513C6 /* LeetCodeUserProfileGraphQLAPIDTO.swift */,
				07ECFB742AA58259008513C6 /* KontestDTO.swift */,
				07ECFBC72AA5D93B008513C6 /* LeetCodeUserRankingsGraphQLAPIDTO.swift */,
			);
			path = DTOs;
			sourceTree = "<group>";
		};
		07ECFB752AA58259008513C6 /* GraphQL */ = {
			isa = PBXGroup;
			children = (
				07ECFB762AA58259008513C6 /* schema.graphqls */,
				07ECFB772AA58259008513C6 /* queries.graphql */,
			);
			path = GraphQL;
			sourceTree = "<group>";
		};
		07ECFB782AA58259008513C6 /* Protocols */ = {
			isa = PBXGroup;
			children = (
				07ECFB792AA58259008513C6 /* KontestFetcher.swift */,
				07ECFB7A2AA58259008513C6 /* CodeChefFetcher.swift */,
				07ECFB7B2AA58259008513C6 /* CodeForcesFetcher.swift */,
				07ECFB7D2AA58259008513C6 /* LeetCodeGraphQLAPIFetcher.swift */,
			);
			path = Protocols;
			sourceTree = "<group>";
		};
/* End PBXGroup section */

/* Begin PBXNativeTarget section */
		076016542A87CD52007CE9F5 /* Kontest */ = {
			isa = PBXNativeTarget;
			buildConfigurationList = 076016632A87CD55007CE9F5 /* Build configuration list for PBXNativeTarget "Kontest" */;
			buildPhases = (
				076016512A87CD52007CE9F5 /* Sources */,
				076016522A87CD52007CE9F5 /* Frameworks */,
				076016532A87CD52007CE9F5 /* Resources */,
			);
			buildRules = (
			);
			dependencies = (
			);
			name = Kontest;
			packageProductDependencies = (
				07ECFBBE2AA582D2008513C6 /* Apollo */,
				07ECFBC12AA582E3008513C6 /* LeetCodeSchema */,
			);
			productName = "Coding Kontest";
			productReference = 076016552A87CD52007CE9F5 /* Kontest.app */;
			productType = "com.apple.product-type.application";
		};
/* End PBXNativeTarget section */

/* Begin PBXProject section */
		0760164D2A87CD52007CE9F5 /* Project object */ = {
			isa = PBXProject;
			attributes = {
				BuildIndependentTargetsInParallel = 1;
				LastSwiftUpdateCheck = 1500;
				LastUpgradeCheck = 1500;
				TargetAttributes = {
					076016542A87CD52007CE9F5 = {
						CreatedOnToolsVersion = 15.0;
					};
				};
			};
			buildConfigurationList = 076016502A87CD52007CE9F5 /* Build configuration list for PBXProject "Kontest" */;
			compatibilityVersion = "Xcode 14.0";
			developmentRegion = en;
			hasScannedForEncodings = 0;
			knownRegions = (
				en,
				Base,
			);
			mainGroup = 0760164C2A87CD52007CE9F5;
			packageReferences = (
				07ECFBBD2AA582D2008513C6 /* XCRemoteSwiftPackageReference "apollo-ios" */,
				07ECFBC02AA582E3008513C6 /* XCLocalSwiftPackageReference "LeetCodeSchema" */,
			);
			productRefGroup = 076016562A87CD52007CE9F5 /* Products */;
			projectDirPath = "";
			projectRoot = "";
			targets = (
				076016542A87CD52007CE9F5 /* Kontest */,
			);
		};
/* End PBXProject section */

/* Begin PBXResourcesBuildPhase section */
		076016532A87CD52007CE9F5 /* Resources */ = {
			isa = PBXResourcesBuildPhase;
			buildActionMask = 2147483647;
			files = (
				07ECFBB52AA58259008513C6 /* queries.graphql in Resources */,
				07ECFBB42AA58259008513C6 /* schema.graphqls in Resources */,
				07ECFBBC2AA58259008513C6 /* apollo-codegen-config.json in Resources */,
				07ECFB892AA58259008513C6 /* Assets.xcassets in Resources */,
				07ECFB962AA58259008513C6 /* Preview Assets.xcassets in Resources */,
				07ECFB802AA58259008513C6 /* README.md in Resources */,
			);
			runOnlyForDeploymentPostprocessing = 0;
		};
/* End PBXResourcesBuildPhase section */

/* Begin PBXSourcesBuildPhase section */
		076016512A87CD52007CE9F5 /* Sources */ = {
			isa = PBXSourcesBuildPhase;
			buildActionMask = 2147483647;
			files = (
				07ECFBB32AA58259008513C6 /* KontestDTO.swift in Sources */,
				07ECFB832AA58259008513C6 /* AllKontestsViewModel.swift in Sources */,
				07ECFBC82AA5D93B008513C6 /* LeetCodeUserRankingsGraphQLAPIDTO.swift in Sources */,
				07ECFB952AA58259008513C6 /* KontestModel.swift in Sources */,
				07ECFB812AA58259008513C6 /* ChangeUsernameViewModel.swift in Sources */,
				07ECFBB02AA58259008513C6 /* CodeForcesUserRatingAPIDTO.swift in Sources */,
				07ECFB822AA58259008513C6 /* LeetCodeGraphQLViewModel.swift in Sources */,
				07ECFB882AA58259008513C6 /* KontestApp.swift in Sources */,
				07ECFBB72AA58259008513C6 /* CodeChefFetcher.swift in Sources */,
				07ECFBA12AA58259008513C6 /* SingleNotificationMenu.swift in Sources */,
				073269EF2AAC4B0C0028476D /* ChangeUsernameScreen.swift in Sources */,
				07ECFB9E2AA58259008513C6 /* BlinkingDotView.swift in Sources */,
				07ECFBA62AA58259008513C6 /* CalendarUtility.swift in Sources */,
				07ECFBC62AA59349008513C6 /* LeetCodeUserRankingsGraphQLAPIModel.swift in Sources */,
				076134CF2AA86AC300946B02 /* KontestDetailViewModel.swift in Sources */,
				07ECFB9A2AA58259008513C6 /* RatingsView.swift in Sources */,
				07ECFB842AA58259008513C6 /* CodeChefViewModel.swift in Sources */,
				07ECFB852AA58259008513C6 /* CodeForcesViewModel.swift in Sources */,
				073269EC2AAC451B0028476D /* FilterWebsitesScreen.swift in Sources */,
				07ECFBB62AA58259008513C6 /* KontestFetcher.swift in Sources */,
				07ECFB8D2AA58259008513C6 /* LeetCodeAPIGraphQLRepository.swift in Sources */,
				07ECFBA72AA58259008513C6 /* ClipboardUtility.swift in Sources */,
				07ECFBBA2AA58259008513C6 /* LeetCodeGraphQLAPIFetcher.swift in Sources */,
				07ECFB8F2AA58259008513C6 /* CodeForcesAPIRepository.swift in Sources */,
				07ECFBA42AA58259008513C6 /* AllNotificationMenu.swift in Sources */,
				07ECFBAF2AA58259008513C6 /* CodeChefAPIDTO.swift in Sources */,
				07ECFB8C2AA58259008513C6 /* KontestRepository.swift in Sources */,
				074DD4522AA61570005C16A5 /* AppError.swift in Sources */,
				07ECFBAC2AA58259008513C6 /* FontUtility.swift in Sources */,
				07ECFB922AA58259008513C6 /* CodeForcesUserInfoAPIModel.swift in Sources */,
				07ECFBA32AA58259008513C6 /* PendingNotificationsScreen.swift in Sources */,
				07ECFB9C2AA58259008513C6 /* AllKontestsScreen.swift in Sources */,
				07ECFB972AA58259008513C6 /* CodeChefView.swift in Sources */,
				07ECFBAD2AA58259008513C6 /* MyMenu.swift in Sources */,
				07ECFB902AA58259008513C6 /* KontestStatus.swift in Sources */,
				07ECFBB82AA58259008513C6 /* CodeForcesFetcher.swift in Sources */,
				07A31F022AAC831300EBC296 /* FilterWebsitesViewModel.swift in Sources */,
				07ECFB8B2AA58259008513C6 /* AllKontestsFakeRepository.swift in Sources */,
				07ECFB912AA58259008513C6 /* CodeForcesUserRatingAPIModel.swift in Sources */,
				07ECFB8A2AA58259008513C6 /* CodeChefAPIRepository.swift in Sources */,
				07ECFBA52AA58259008513C6 /* Constants.swift in Sources */,
				07ECFBAE2AA58259008513C6 /* CodeForcesUserInfoAPIDTO.swift in Sources */,
				07A31F002AAC818D00EBC296 /* FilterWebsiteKey.swift in Sources */,
				07ECFBC42AA583A8008513C6 /* LeetCodeUserProfileGraphQLAPIModel.swift in Sources */,
				07ECFBA22AA58259008513C6 /* SingleKontestView.swift in Sources */,
				07ECFBA92AA58259008513C6 /* Screen.swift in Sources */,
				07ECFB9F2AA58259008513C6 /* CodeForcesView.swift in Sources */,
				07ECFBAB2AA58259008513C6 /* DownloadData.swift in Sources */,
				07ECFBA02AA58259008513C6 /* KontestDetailsScreen.swift in Sources */,
				07ECFBAA2AA58259008513C6 /* Router.swift in Sources */,
				073269E82AAC42350028476D /* FilterWebsitesView.swift in Sources */,
				07ECFB982AA58259008513C6 /* SettingsScreen.swift in Sources */,
				07ECFB862AA58259008513C6 /* NotificationsViewModel.swift in Sources */,
				07ECFB942AA58259008513C6 /* CodeChefAPIModel.swift in Sources */,
				07ECFBB22AA58259008513C6 /* LeetCodeUserProfileGraphQLAPIDTO.swift in Sources */,
				07ECFBA82AA58259008513C6 /* LocalNotificationManager.swift in Sources */,
				07ECFB992AA58259008513C6 /* LeetCodeGraphQLView.swift in Sources */,
				07ECFB9B2AA58259008513C6 /* NoKontestsScreen.swift in Sources */,
			);
			runOnlyForDeploymentPostprocessing = 0;
		};
/* End PBXSourcesBuildPhase section */

/* Begin XCBuildConfiguration section */
		076016612A87CD55007CE9F5 /* Debug */ = {
			isa = XCBuildConfiguration;
			buildSettings = {
				ALWAYS_SEARCH_USER_PATHS = NO;
				ASSETCATALOG_COMPILER_GENERATE_SWIFT_ASSET_SYMBOL_EXTENSIONS = YES;
				CLANG_ANALYZER_NONNULL = YES;
				CLANG_ANALYZER_NUMBER_OBJECT_CONVERSION = YES_AGGRESSIVE;
				CLANG_CXX_LANGUAGE_STANDARD = "gnu++20";
				CLANG_ENABLE_MODULES = YES;
				CLANG_ENABLE_OBJC_ARC = YES;
				CLANG_ENABLE_OBJC_WEAK = YES;
				CLANG_WARN_BLOCK_CAPTURE_AUTORELEASING = YES;
				CLANG_WARN_BOOL_CONVERSION = YES;
				CLANG_WARN_COMMA = YES;
				CLANG_WARN_CONSTANT_CONVERSION = YES;
				CLANG_WARN_DEPRECATED_OBJC_IMPLEMENTATIONS = YES;
				CLANG_WARN_DIRECT_OBJC_ISA_USAGE = YES_ERROR;
				CLANG_WARN_DOCUMENTATION_COMMENTS = YES;
				CLANG_WARN_EMPTY_BODY = YES;
				CLANG_WARN_ENUM_CONVERSION = YES;
				CLANG_WARN_INFINITE_RECURSION = YES;
				CLANG_WARN_INT_CONVERSION = YES;
				CLANG_WARN_NON_LITERAL_NULL_CONVERSION = YES;
				CLANG_WARN_OBJC_IMPLICIT_RETAIN_SELF = YES;
				CLANG_WARN_OBJC_LITERAL_CONVERSION = YES;
				CLANG_WARN_OBJC_ROOT_CLASS = YES_ERROR;
				CLANG_WARN_QUOTED_INCLUDE_IN_FRAMEWORK_HEADER = YES;
				CLANG_WARN_RANGE_LOOP_ANALYSIS = YES;
				CLANG_WARN_STRICT_PROTOTYPES = YES;
				CLANG_WARN_SUSPICIOUS_MOVE = YES;
				CLANG_WARN_UNGUARDED_AVAILABILITY = YES_AGGRESSIVE;
				CLANG_WARN_UNREACHABLE_CODE = YES;
				CLANG_WARN__DUPLICATE_METHOD_MATCH = YES;
				COPY_PHASE_STRIP = NO;
				DEBUG_INFORMATION_FORMAT = dwarf;
				ENABLE_STRICT_OBJC_MSGSEND = YES;
				ENABLE_TESTABILITY = YES;
				ENABLE_USER_SCRIPT_SANDBOXING = YES;
				GCC_C_LANGUAGE_STANDARD = gnu17;
				GCC_DYNAMIC_NO_PIC = NO;
				GCC_NO_COMMON_BLOCKS = YES;
				GCC_OPTIMIZATION_LEVEL = 0;
				GCC_PREPROCESSOR_DEFINITIONS = (
					"DEBUG=1",
					"$(inherited)",
				);
				GCC_WARN_64_TO_32_BIT_CONVERSION = YES;
				GCC_WARN_ABOUT_RETURN_TYPE = YES_ERROR;
				GCC_WARN_UNDECLARED_SELECTOR = YES;
				GCC_WARN_UNINITIALIZED_AUTOS = YES_AGGRESSIVE;
				GCC_WARN_UNUSED_FUNCTION = YES;
				GCC_WARN_UNUSED_VARIABLE = YES;
				IPHONEOS_DEPLOYMENT_TARGET = 17.0;
				LOCALIZATION_PREFERS_STRING_CATALOGS = YES;
				MTL_ENABLE_DEBUG_INFO = INCLUDE_SOURCE;
				MTL_FAST_MATH = YES;
				ONLY_ACTIVE_ARCH = YES;
				SDKROOT = iphoneos;
				SWIFT_ACTIVE_COMPILATION_CONDITIONS = "DEBUG $(inherited)";
				SWIFT_OPTIMIZATION_LEVEL = "-Onone";
			};
			name = Debug;
		};
		076016622A87CD55007CE9F5 /* Release */ = {
			isa = XCBuildConfiguration;
			buildSettings = {
				ALWAYS_SEARCH_USER_PATHS = NO;
				ASSETCATALOG_COMPILER_GENERATE_SWIFT_ASSET_SYMBOL_EXTENSIONS = YES;
				CLANG_ANALYZER_NONNULL = YES;
				CLANG_ANALYZER_NUMBER_OBJECT_CONVERSION = YES_AGGRESSIVE;
				CLANG_CXX_LANGUAGE_STANDARD = "gnu++20";
				CLANG_ENABLE_MODULES = YES;
				CLANG_ENABLE_OBJC_ARC = YES;
				CLANG_ENABLE_OBJC_WEAK = YES;
				CLANG_WARN_BLOCK_CAPTURE_AUTORELEASING = YES;
				CLANG_WARN_BOOL_CONVERSION = YES;
				CLANG_WARN_COMMA = YES;
				CLANG_WARN_CONSTANT_CONVERSION = YES;
				CLANG_WARN_DEPRECATED_OBJC_IMPLEMENTATIONS = YES;
				CLANG_WARN_DIRECT_OBJC_ISA_USAGE = YES_ERROR;
				CLANG_WARN_DOCUMENTATION_COMMENTS = YES;
				CLANG_WARN_EMPTY_BODY = YES;
				CLANG_WARN_ENUM_CONVERSION = YES;
				CLANG_WARN_INFINITE_RECURSION = YES;
				CLANG_WARN_INT_CONVERSION = YES;
				CLANG_WARN_NON_LITERAL_NULL_CONVERSION = YES;
				CLANG_WARN_OBJC_IMPLICIT_RETAIN_SELF = YES;
				CLANG_WARN_OBJC_LITERAL_CONVERSION = YES;
				CLANG_WARN_OBJC_ROOT_CLASS = YES_ERROR;
				CLANG_WARN_QUOTED_INCLUDE_IN_FRAMEWORK_HEADER = YES;
				CLANG_WARN_RANGE_LOOP_ANALYSIS = YES;
				CLANG_WARN_STRICT_PROTOTYPES = YES;
				CLANG_WARN_SUSPICIOUS_MOVE = YES;
				CLANG_WARN_UNGUARDED_AVAILABILITY = YES_AGGRESSIVE;
				CLANG_WARN_UNREACHABLE_CODE = YES;
				CLANG_WARN__DUPLICATE_METHOD_MATCH = YES;
				COPY_PHASE_STRIP = NO;
				DEBUG_INFORMATION_FORMAT = "dwarf-with-dsym";
				ENABLE_NS_ASSERTIONS = NO;
				ENABLE_STRICT_OBJC_MSGSEND = YES;
				ENABLE_USER_SCRIPT_SANDBOXING = YES;
				GCC_C_LANGUAGE_STANDARD = gnu17;
				GCC_NO_COMMON_BLOCKS = YES;
				GCC_WARN_64_TO_32_BIT_CONVERSION = YES;
				GCC_WARN_ABOUT_RETURN_TYPE = YES_ERROR;
				GCC_WARN_UNDECLARED_SELECTOR = YES;
				GCC_WARN_UNINITIALIZED_AUTOS = YES_AGGRESSIVE;
				GCC_WARN_UNUSED_FUNCTION = YES;
				GCC_WARN_UNUSED_VARIABLE = YES;
				IPHONEOS_DEPLOYMENT_TARGET = 17.0;
				LOCALIZATION_PREFERS_STRING_CATALOGS = YES;
				MTL_ENABLE_DEBUG_INFO = NO;
				MTL_FAST_MATH = YES;
				SDKROOT = iphoneos;
				SWIFT_COMPILATION_MODE = wholemodule;
				VALIDATE_PRODUCT = YES;
			};
			name = Release;
		};
		076016642A87CD55007CE9F5 /* Debug */ = {
			isa = XCBuildConfiguration;
			buildSettings = {
				ASSETCATALOG_COMPILER_APPICON_NAME = AppIcon;
				ASSETCATALOG_COMPILER_GLOBAL_ACCENT_COLOR_NAME = AccentColor;
				CODE_SIGN_STYLE = Automatic;
				CURRENT_PROJECT_VERSION = 1;
				DEVELOPMENT_ASSET_PATHS = "\"Kontest/Preview Content\"";
				DEVELOPMENT_TEAM = R2Z9FDM5M6;
				ENABLE_PREVIEWS = YES;
				GENERATE_INFOPLIST_FILE = YES;
				INFOPLIST_KEY_LSApplicationCategoryType = "public.app-category.developer-tools";
				INFOPLIST_KEY_UIApplicationSceneManifest_Generation = YES;
				INFOPLIST_KEY_UIApplicationSupportsIndirectInputEvents = YES;
				INFOPLIST_KEY_UILaunchScreen_Generation = YES;
				INFOPLIST_KEY_UISupportedInterfaceOrientations = UIInterfaceOrientationPortrait;
				INFOPLIST_KEY_UISupportedInterfaceOrientations_iPad = "UIInterfaceOrientationLandscapeLeft UIInterfaceOrientationLandscapeRight UIInterfaceOrientationPortrait UIInterfaceOrientationPortraitUpsideDown";
				LD_RUNPATH_SEARCH_PATHS = (
					"$(inherited)",
					"@executable_path/Frameworks",
				);
				MARKETING_VERSION = 1.0;
				PRODUCT_BUNDLE_IDENTIFIER = com.ayushsinghal.Kontest;
				PRODUCT_NAME = "$(TARGET_NAME)";
				SUPPORTED_PLATFORMS = "iphoneos iphonesimulator macosx";
				SUPPORTS_MACCATALYST = NO;
				SUPPORTS_MAC_DESIGNED_FOR_IPHONE_IPAD = NO;
				SWIFT_EMIT_LOC_STRINGS = YES;
				SWIFT_VERSION = 5.0;
				TARGETED_DEVICE_FAMILY = "1,2";
			};
			name = Debug;
		};
		076016652A87CD55007CE9F5 /* Release */ = {
			isa = XCBuildConfiguration;
			buildSettings = {
				ASSETCATALOG_COMPILER_APPICON_NAME = AppIcon;
				ASSETCATALOG_COMPILER_GLOBAL_ACCENT_COLOR_NAME = AccentColor;
				CODE_SIGN_STYLE = Automatic;
				CURRENT_PROJECT_VERSION = 1;
				DEVELOPMENT_ASSET_PATHS = "\"Kontest/Preview Content\"";
				DEVELOPMENT_TEAM = R2Z9FDM5M6;
				ENABLE_PREVIEWS = YES;
				GENERATE_INFOPLIST_FILE = YES;
				INFOPLIST_KEY_LSApplicationCategoryType = "public.app-category.developer-tools";
				INFOPLIST_KEY_UIApplicationSceneManifest_Generation = YES;
				INFOPLIST_KEY_UIApplicationSupportsIndirectInputEvents = YES;
				INFOPLIST_KEY_UILaunchScreen_Generation = YES;
				INFOPLIST_KEY_UISupportedInterfaceOrientations = UIInterfaceOrientationPortrait;
				INFOPLIST_KEY_UISupportedInterfaceOrientations_iPad = "UIInterfaceOrientationLandscapeLeft UIInterfaceOrientationLandscapeRight UIInterfaceOrientationPortrait UIInterfaceOrientationPortraitUpsideDown";
				LD_RUNPATH_SEARCH_PATHS = (
					"$(inherited)",
					"@executable_path/Frameworks",
				);
				MARKETING_VERSION = 1.0;
				PRODUCT_BUNDLE_IDENTIFIER = com.ayushsinghal.Kontest;
				PRODUCT_NAME = "$(TARGET_NAME)";
				SUPPORTED_PLATFORMS = "iphoneos iphonesimulator macosx";
				SUPPORTS_MACCATALYST = NO;
				SUPPORTS_MAC_DESIGNED_FOR_IPHONE_IPAD = NO;
				SWIFT_EMIT_LOC_STRINGS = YES;
				SWIFT_VERSION = 5.0;
				TARGETED_DEVICE_FAMILY = "1,2";
			};
			name = Release;
		};
/* End XCBuildConfiguration section */

/* Begin XCConfigurationList section */
		076016502A87CD52007CE9F5 /* Build configuration list for PBXProject "Kontest" */ = {
			isa = XCConfigurationList;
			buildConfigurations = (
				076016612A87CD55007CE9F5 /* Debug */,
				076016622A87CD55007CE9F5 /* Release */,
			);
			defaultConfigurationIsVisible = 0;
			defaultConfigurationName = Release;
		};
		076016632A87CD55007CE9F5 /* Build configuration list for PBXNativeTarget "Kontest" */ = {
			isa = XCConfigurationList;
			buildConfigurations = (
				076016642A87CD55007CE9F5 /* Debug */,
				076016652A87CD55007CE9F5 /* Release */,
			);
			defaultConfigurationIsVisible = 0;
			defaultConfigurationName = Release;
		};
/* End XCConfigurationList section */

/* Begin XCLocalSwiftPackageReference section */
		07ECFBC02AA582E3008513C6 /* XCLocalSwiftPackageReference "LeetCodeSchema" */ = {
			isa = XCLocalSwiftPackageReference;
			relativePath = LeetCodeSchema;
		};
/* End XCLocalSwiftPackageReference section */

/* Begin XCRemoteSwiftPackageReference section */
		07ECFBBD2AA582D2008513C6 /* XCRemoteSwiftPackageReference "apollo-ios" */ = {
			isa = XCRemoteSwiftPackageReference;
			repositoryURL = "https://github.com/apollographql/apollo-ios.git";
			requirement = {
				kind = upToNextMajorVersion;
				minimumVersion = 1.4.0;
			};
		};
/* End XCRemoteSwiftPackageReference section */

/* Begin XCSwiftPackageProductDependency section */
		07ECFBBE2AA582D2008513C6 /* Apollo */ = {
			isa = XCSwiftPackageProductDependency;
			package = 07ECFBBD2AA582D2008513C6 /* XCRemoteSwiftPackageReference "apollo-ios" */;
			productName = Apollo;
		};
		07ECFBC12AA582E3008513C6 /* LeetCodeSchema */ = {
			isa = XCSwiftPackageProductDependency;
			productName = LeetCodeSchema;
		};
/* End XCSwiftPackageProductDependency section */
	};
	rootObject = 0760164D2A87CD52007CE9F5 /* Project object */;
}
